// !$*UTF8*$!
{
	archiveVersion = 1;
	classes = {
	};
	objectVersion = 46;
	objects = {

/* Begin PBXBuildFile section */
		0815C0A218D6F48300DF9630 /* MenuCell.m in Sources */ = {isa = PBXBuildFile; fileRef = 0815C0A118D6F48300DF9630 /* MenuCell.m */; };
		08395E8518A9641400CDCDFC /* Icon-120.png in Resources */ = {isa = PBXBuildFile; fileRef = 08395E7818A9641400CDCDFC /* Icon-120.png */; };
		08395E8618A9641400CDCDFC /* Icon-144.png in Resources */ = {isa = PBXBuildFile; fileRef = 08395E7918A9641400CDCDFC /* Icon-144.png */; };
		08395E8718A9641400CDCDFC /* Icon-152.png in Resources */ = {isa = PBXBuildFile; fileRef = 08395E7A18A9641400CDCDFC /* Icon-152.png */; };
		08395E8818A9641400CDCDFC /* Icon-72.png in Resources */ = {isa = PBXBuildFile; fileRef = 08395E7B18A9641400CDCDFC /* Icon-72.png */; };
		08395E8918A9641400CDCDFC /* Icon-76.png in Resources */ = {isa = PBXBuildFile; fileRef = 08395E7C18A9641400CDCDFC /* Icon-76.png */; };
		08395E8A18A9641400CDCDFC /* Icon-Med-40.png in Resources */ = {isa = PBXBuildFile; fileRef = 08395E7D18A9641400CDCDFC /* Icon-Med-40.png */; };
		08395E8B18A9641400CDCDFC /* Icon-Med-40@2x.png in Resources */ = {isa = PBXBuildFile; fileRef = 08395E7E18A9641400CDCDFC /* Icon-Med-40@2x.png */; };
		08395E8C18A9641400CDCDFC /* Icon-Small-50.png in Resources */ = {isa = PBXBuildFile; fileRef = 08395E7F18A9641400CDCDFC /* Icon-Small-50.png */; };
		08395E8D18A9641400CDCDFC /* Icon-Small-50@2x.png in Resources */ = {isa = PBXBuildFile; fileRef = 08395E8018A9641400CDCDFC /* Icon-Small-50@2x.png */; };
		08395E8E18A9641400CDCDFC /* Icon-Small.png in Resources */ = {isa = PBXBuildFile; fileRef = 08395E8118A9641400CDCDFC /* Icon-Small.png */; };
		08395E8F18A9641400CDCDFC /* Icon-Small@2x.png in Resources */ = {isa = PBXBuildFile; fileRef = 08395E8218A9641400CDCDFC /* Icon-Small@2x.png */; };
		08395E9018A9641400CDCDFC /* Icon.png in Resources */ = {isa = PBXBuildFile; fileRef = 08395E8318A9641400CDCDFC /* Icon.png */; };
		08395E9118A9641400CDCDFC /* Icon@2x.png in Resources */ = {isa = PBXBuildFile; fileRef = 08395E8418A9641400CDCDFC /* Icon@2x.png */; };
		083DBB5C18F7E3A200C7C732 /* 6-480h.png in Resources */ = {isa = PBXBuildFile; fileRef = 083DBB5918F7E3A200C7C732 /* 6-480h.png */; };
		083DBB5D18F7E3A200C7C732 /* 6-480h@2x.png in Resources */ = {isa = PBXBuildFile; fileRef = 083DBB5A18F7E3A200C7C732 /* 6-480h@2x.png */; };
		083DBB5E18F7E3A200C7C732 /* 6-568h@2x.png in Resources */ = {isa = PBXBuildFile; fileRef = 083DBB5B18F7E3A200C7C732 /* 6-568h@2x.png */; };
		083DBB6018F7FEA800C7C732 /* ImageIO.framework in Frameworks */ = {isa = PBXBuildFile; fileRef = 083DBB5F18F7FEA800C7C732 /* ImageIO.framework */; };
		085FDF4B18D7066200F3465A /* Singleton.m in Sources */ = {isa = PBXBuildFile; fileRef = 085FDF4A18D7066200F3465A /* Singleton.m */; };
		085FDF4F18D7173900F3465A /* 480h@2x.png in Resources */ = {isa = PBXBuildFile; fileRef = 085FDF4D18D7173900F3465A /* 480h@2x.png */; };
		085FDF5018D7173900F3465A /* 568h@2x.png in Resources */ = {isa = PBXBuildFile; fileRef = 085FDF4E18D7173900F3465A /* 568h@2x.png */; };
		085FDF5218D717A600F3465A /* Images.xcassets in Resources */ = {isa = PBXBuildFile; fileRef = 085FDF5118D717A600F3465A /* Images.xcassets */; };
		0865993A18E9B8DC004500FD /* formulas.json in Resources */ = {isa = PBXBuildFile; fileRef = 0865993918E9B8DC004500FD /* formulas.json */; };
		08AD07CC18D6F5810037DC80 /* MenuCell.xib in Resources */ = {isa = PBXBuildFile; fileRef = 08AD07CB18D6F5810037DC80 /* MenuCell.xib */; };
		08FA780B18A28E4800097C6E /* Foundation.framework in Frameworks */ = {isa = PBXBuildFile; fileRef = 08FA780A18A28E4800097C6E /* Foundation.framework */; };
		08FA780D18A28E4800097C6E /* CoreGraphics.framework in Frameworks */ = {isa = PBXBuildFile; fileRef = 08FA780C18A28E4800097C6E /* CoreGraphics.framework */; };
		08FA780F18A28E4800097C6E /* UIKit.framework in Frameworks */ = {isa = PBXBuildFile; fileRef = 08FA780E18A28E4800097C6E /* UIKit.framework */; };
		08FA782A18A28E4900097C6E /* XCTest.framework in Frameworks */ = {isa = PBXBuildFile; fileRef = 08FA782918A28E4900097C6E /* XCTest.framework */; };
		08FA782B18A28E4900097C6E /* Foundation.framework in Frameworks */ = {isa = PBXBuildFile; fileRef = 08FA780A18A28E4800097C6E /* Foundation.framework */; };
		08FA782C18A28E4900097C6E /* UIKit.framework in Frameworks */ = {isa = PBXBuildFile; fileRef = 08FA780E18A28E4800097C6E /* UIKit.framework */; };
		08FA783418A28E4900097C6E /* InfoPlist.strings in Resources */ = {isa = PBXBuildFile; fileRef = 08FA783218A28E4900097C6E /* InfoPlist.strings */; };
		08FA783618A28E4900097C6E /* FysikkformlerTests.m in Sources */ = {isa = PBXBuildFile; fileRef = 08FA783518A28E4900097C6E /* FysikkformlerTests.m */; };
		08FA784418A28F6C00097C6E /* QuartzCore.framework in Frameworks */ = {isa = PBXBuildFile; fileRef = 08FA784318A28F6C00097C6E /* QuartzCore.framework */; };
		08FA784C18A28FC300097C6E /* AppDelegate.m in Sources */ = {isa = PBXBuildFile; fileRef = 08FA784718A28FC300097C6E /* AppDelegate.m */; };
		08FA784E18A28FC300097C6E /* InfoPlist.strings in Resources */ = {isa = PBXBuildFile; fileRef = 08FA784A18A28FC300097C6E /* InfoPlist.strings */; };
		08FA784F18A28FC300097C6E /* main.m in Sources */ = {isa = PBXBuildFile; fileRef = 08FA784B18A28FC300097C6E /* main.m */; };
		08FA78D518A2938400097C6E /* Formel.m in Sources */ = {isa = PBXBuildFile; fileRef = 08FA785418A2938300097C6E /* Formel.m */; };
		08FA78D618A2938400097C6E /* FormelCell.xib in Resources */ = {isa = PBXBuildFile; fileRef = 08FA785618A2938300097C6E /* FormelCell.xib */; };
		08FA78D718A2938400097C6E /* iPhone.storyboard in Resources */ = {isa = PBXBuildFile; fileRef = 08FA785718A2938300097C6E /* iPhone.storyboard */; };
		08FA78D818A2938400097C6E /* FormelCell.m in Sources */ = {isa = PBXBuildFile; fileRef = 08FA785A18A2938300097C6E /* FormelCell.m */; };
		08FA78D918A2938400097C6E /* FormelViewController.m in Sources */ = {isa = PBXBuildFile; fileRef = 08FA785C18A2938300097C6E /* FormelViewController.m */; };
		08FA78DA18A2938400097C6E /* InfoViewViewController.m in Sources */ = {isa = PBXBuildFile; fileRef = 08FA785E18A2938300097C6E /* InfoViewViewController.m */; };
		08FA78DB18A2938400097C6E /* StartViewController.m in Sources */ = {isa = PBXBuildFile; fileRef = 08FA786018A2938300097C6E /* StartViewController.m */; };
		08FA78DC18A2938400097C6E /* LICENSE.txt in Resources */ = {isa = PBXBuildFile; fileRef = 08FA786318A2938300097C6E /* LICENSE.txt */; };
		08FA78DD18A2938400097C6E /* NSData+MD5.m in Sources */ = {isa = PBXBuildFile; fileRef = 08FA786518A2938300097C6E /* NSData+MD5.m */; };
		08FA78DE18A2938400097C6E /* NSString+MD5.m in Sources */ = {isa = PBXBuildFile; fileRef = 08FA786718A2938300097C6E /* NSString+MD5.m */; };
		08FA78DF18A2938400097C6E /* PDFView.m in Sources */ = {isa = PBXBuildFile; fileRef = 08FA786918A2938300097C6E /* PDFView.m */; };
		08FA78E018A2938400097C6E /* UIImage+PDF.m in Sources */ = {isa = PBXBuildFile; fileRef = 08FA786B18A2938300097C6E /* UIImage+PDF.m */; };
		08FA78E118A2938400097C6E /* UIView+Image.m in Sources */ = {isa = PBXBuildFile; fileRef = 08FA786D18A2938300097C6E /* UIView+Image.m */; };
		08FA792818A2938400097C6E /* atomcloud-grey.png in Resources */ = {isa = PBXBuildFile; fileRef = 08FA78C618A2938400097C6E /* atomcloud-grey.png */; };
		FF2C494E190512CB00ECF147 /* s4.pdf in Resources */ = {isa = PBXBuildFile; fileRef = FF2C494D190512CB00ECF147 /* s4.pdf */; };
		FF3B6D1518FF22D100CE49DC /* a1.pdf in Resources */ = {isa = PBXBuildFile; fileRef = FF3B6C8C18FF22D100CE49DC /* a1.pdf */; };
		FF3B6D1618FF22D100CE49DC /* a1Snudd.pdf in Resources */ = {isa = PBXBuildFile; fileRef = FF3B6C8D18FF22D100CE49DC /* a1Snudd.pdf */; };
		FF3B6D1718FF22D100CE49DC /* a2.pdf in Resources */ = {isa = PBXBuildFile; fileRef = FF3B6C8E18FF22D100CE49DC /* a2.pdf */; };
		FF3B6D1818FF22D100CE49DC /* a2Snudd.pdf in Resources */ = {isa = PBXBuildFile; fileRef = FF3B6C8F18FF22D100CE49DC /* a2Snudd.pdf */; };
		FF3B6D1918FF22D100CE49DC /* a3.pdf in Resources */ = {isa = PBXBuildFile; fileRef = FF3B6C9018FF22D100CE49DC /* a3.pdf */; };
		FF3B6D1A18FF22D100CE49DC /* a3Snudd.pdf in Resources */ = {isa = PBXBuildFile; fileRef = FF3B6C9118FF22D100CE49DC /* a3Snudd.pdf */; };
		FF3B6D1B18FF22D100CE49DC /* a4.pdf in Resources */ = {isa = PBXBuildFile; fileRef = FF3B6C9218FF22D100CE49DC /* a4.pdf */; };
		FF3B6D1C18FF22D100CE49DC /* a4Snudd.pdf in Resources */ = {isa = PBXBuildFile; fileRef = FF3B6C9318FF22D100CE49DC /* a4Snudd.pdf */; };
		FF3B6D1D18FF22D100CE49DC /* a5.pdf in Resources */ = {isa = PBXBuildFile; fileRef = FF3B6C9418FF22D100CE49DC /* a5.pdf */; };
		FF3B6D1E18FF22D100CE49DC /* W1.pdf in Resources */ = {isa = PBXBuildFile; fileRef = FF3B6C9618FF22D100CE49DC /* W1.pdf */; };
		FF3B6D1F18FF22D100CE49DC /* W2.pdf in Resources */ = {isa = PBXBuildFile; fileRef = FF3B6C9718FF22D100CE49DC /* W2.pdf */; };
		FF3B6D2018FF22D100CE49DC /* W3.pdf in Resources */ = {isa = PBXBuildFile; fileRef = FF3B6C9818FF22D100CE49DC /* W3.pdf */; };
		FF3B6D2118FF22D100CE49DC /* W3Snudd.pdf in Resources */ = {isa = PBXBuildFile; fileRef = FF3B6C9918FF22D100CE49DC /* W3Snudd.pdf */; };
		FF3B6D2218FF22D100CE49DC /* W4.pdf in Resources */ = {isa = PBXBuildFile; fileRef = FF3B6C9A18FF22D100CE49DC /* W4.pdf */; };
		FF3B6D2318FF22D100CE49DC /* W5.pdf in Resources */ = {isa = PBXBuildFile; fileRef = FF3B6C9B18FF22D100CE49DC /* W5.pdf */; };
		FF3B6D2418FF22D100CE49DC /* W6.pdf in Resources */ = {isa = PBXBuildFile; fileRef = FF3B6C9C18FF22D100CE49DC /* W6.pdf */; };
		FF3B6D2518FF22D100CE49DC /* b1.pdf in Resources */ = {isa = PBXBuildFile; fileRef = FF3B6C9E18FF22D100CE49DC /* b1.pdf */; };
		FF3B6D2618FF22D100CE49DC /* b1Snudd.pdf in Resources */ = {isa = PBXBuildFile; fileRef = FF3B6C9F18FF22D100CE49DC /* b1Snudd.pdf */; };
		FF3B6D2718FF22D100CE49DC /* b2.pdf in Resources */ = {isa = PBXBuildFile; fileRef = FF3B6CA018FF22D100CE49DC /* b2.pdf */; };
		FF3B6D2818FF22D100CE49DC /* b2Snudd.pdf in Resources */ = {isa = PBXBuildFile; fileRef = FF3B6CA118FF22D100CE49DC /* b2Snudd.pdf */; };
		FF3B6D2918FF22D100CE49DC /* b3.pdf in Resources */ = {isa = PBXBuildFile; fileRef = FF3B6CA218FF22D100CE49DC /* b3.pdf */; };
		FF3B6D2A18FF22D100CE49DC /* b3Snudd.pdf in Resources */ = {isa = PBXBuildFile; fileRef = FF3B6CA318FF22D100CE49DC /* b3Snudd.pdf */; };
		FF3B6D2B18FF22D100CE49DC /* P1.pdf in Resources */ = {isa = PBXBuildFile; fileRef = FF3B6CA518FF22D100CE49DC /* P1.pdf */; };
		FF3B6D2C18FF22D100CE49DC /* P2.pdf in Resources */ = {isa = PBXBuildFile; fileRef = FF3B6CA618FF22D100CE49DC /* P2.pdf */; };
		FF3B6D2D18FF22D100CE49DC /* P3.pdf in Resources */ = {isa = PBXBuildFile; fileRef = FF3B6CA718FF22D100CE49DC /* P3.pdf */; };
		FF3B6D2E18FF22D100CE49DC /* P4.pdf in Resources */ = {isa = PBXBuildFile; fileRef = FF3B6CA818FF22D100CE49DC /* P4.pdf */; };
		FF3B6D2F18FF22D100CE49DC /* P5.pdf in Resources */ = {isa = PBXBuildFile; fileRef = FF3B6CA918FF22D100CE49DC /* P5.pdf */; };
		FF3B6D3018FF22D100CE49DC /* P6.pdf in Resources */ = {isa = PBXBuildFile; fileRef = FF3B6CAA18FF22D100CE49DC /* P6.pdf */; };
		FF3B6D3118FF22D100CE49DC /* E1.pdf in Resources */ = {isa = PBXBuildFile; fileRef = FF3B6CAC18FF22D100CE49DC /* E1.pdf */; };
		FF3B6D3218FF22D100CE49DC /* E1Snudd.pdf in Resources */ = {isa = PBXBuildFile; fileRef = FF3B6CAD18FF22D100CE49DC /* E1Snudd.pdf */; };
		FF3B6D3318FF22D100CE49DC /* E2.pdf in Resources */ = {isa = PBXBuildFile; fileRef = FF3B6CAE18FF22D100CE49DC /* E2.pdf */; };
		FF3B6D3418FF22D100CE49DC /* E3.pdf in Resources */ = {isa = PBXBuildFile; fileRef = FF3B6CAF18FF22D100CE49DC /* E3.pdf */; };
		FF3B6D3518FF22D100CE49DC /* E4.pdf in Resources */ = {isa = PBXBuildFile; fileRef = FF3B6CB018FF22D100CE49DC /* E4.pdf */; };
		FF3B6D4018FF22D100CE49DC /* f1.pdf in Resources */ = {isa = PBXBuildFile; fileRef = FF3B6CBD18FF22D100CE49DC /* f1.pdf */; };
		FF3B6D4118FF22D100CE49DC /* f2.pdf in Resources */ = {isa = PBXBuildFile; fileRef = FF3B6CBE18FF22D100CE49DC /* f2.pdf */; };
		FF3B6D4218FF22D100CE49DC /* f3.pdf in Resources */ = {isa = PBXBuildFile; fileRef = FF3B6CBF18FF22D100CE49DC /* f3.pdf */; };
		FF3B6D4318FF22D100CE49DC /* R1.pdf in Resources */ = {isa = PBXBuildFile; fileRef = FF3B6CC118FF22D100CE49DC /* R1.pdf */; };
		FF3B6D4418FF22D100CE49DC /* R1Snudd.pdf in Resources */ = {isa = PBXBuildFile; fileRef = FF3B6CC218FF22D100CE49DC /* R1Snudd.pdf */; };
		FF3B6D4518FF22D100CE49DC /* R2.pdf in Resources */ = {isa = PBXBuildFile; fileRef = FF3B6CC318FF22D100CE49DC /* R2.pdf */; };
		FF3B6D4618FF22D100CE49DC /* R2Snudd.pdf in Resources */ = {isa = PBXBuildFile; fileRef = FF3B6CC418FF22D100CE49DC /* R2Snudd.pdf */; };
		FF3B6D4718FF22D100CE49DC /* R3.pdf in Resources */ = {isa = PBXBuildFile; fileRef = FF3B6CC518FF22D100CE49DC /* R3.pdf */; };
		FF3B6D4A18FF22D100CE49DC /* Ek1.pdf in Resources */ = {isa = PBXBuildFile; fileRef = FF3B6CCA18FF22D100CE49DC /* Ek1.pdf */; };
		FF3B6D4B18FF22D100CE49DC /* Ek2.pdf in Resources */ = {isa = PBXBuildFile; fileRef = FF3B6CCB18FF22D100CE49DC /* Ek2.pdf */; };
		FF3B6D4C18FF22D100CE49DC /* Ek3.pdf in Resources */ = {isa = PBXBuildFile; fileRef = FF3B6CCC18FF22D100CE49DC /* Ek3.pdf */; };
		FF3B6D4D18FF22D100CE49DC /* Fs1.pdf in Resources */ = {isa = PBXBuildFile; fileRef = FF3B6CCE18FF22D100CE49DC /* Fs1.pdf */; };
		FF3B6D4E18FF22D100CE49DC /* Fs2.pdf in Resources */ = {isa = PBXBuildFile; fileRef = FF3B6CCF18FF22D100CE49DC /* Fs2.pdf */; };
		FF3B6D4F18FF22D100CE49DC /* Fs3.pdf in Resources */ = {isa = PBXBuildFile; fileRef = FF3B6CD018FF22D100CE49DC /* Fs3.pdf */; };
		FF3B6D5018FF22D100CE49DC /* L1.pdf in Resources */ = {isa = PBXBuildFile; fileRef = FF3B6CD218FF22D100CE49DC /* L1.pdf */; };
		FF3B6D5118FF22D100CE49DC /* L2.pdf in Resources */ = {isa = PBXBuildFile; fileRef = FF3B6CD318FF22D100CE49DC /* L2.pdf */; };
		FF3B6D5218FF22D100CE49DC /* L3.pdf in Resources */ = {isa = PBXBuildFile; fileRef = FF3B6CD418FF22D100CE49DC /* L3.pdf */; };
		FF3B6D5318FF22D100CE49DC /* m1.pdf in Resources */ = {isa = PBXBuildFile; fileRef = FF3B6CD618FF22D100CE49DC /* m1.pdf */; };
		FF3B6D5418FF22D100CE49DC /* m1Snudd.pdf in Resources */ = {isa = PBXBuildFile; fileRef = FF3B6CD718FF22D100CE49DC /* m1Snudd.pdf */; };
		FF3B6D5518FF22D100CE49DC /* m2.pdf in Resources */ = {isa = PBXBuildFile; fileRef = FF3B6CD818FF22D100CE49DC /* m2.pdf */; };
		FF3B6D5618FF22D100CE49DC /* m2Snudd.pdf in Resources */ = {isa = PBXBuildFile; fileRef = FF3B6CD918FF22D100CE49DC /* m2Snudd.pdf */; };
		FF3B6D5718FF22D100CE49DC /* m3.pdf in Resources */ = {isa = PBXBuildFile; fileRef = FF3B6CDA18FF22D100CE49DC /* m3.pdf */; };
		FF3B6D5818FF22D100CE49DC /* m3Snudd.pdf in Resources */ = {isa = PBXBuildFile; fileRef = FF3B6CDB18FF22D100CE49DC /* m3Snudd.pdf */; };
		FF3B6D5918FF22D100CE49DC /* m4.pdf in Resources */ = {isa = PBXBuildFile; fileRef = FF3B6CDC18FF22D100CE49DC /* m4.pdf */; };
		FF3B6D5A18FF22D100CE49DC /* m4Snudd.pdf in Resources */ = {isa = PBXBuildFile; fileRef = FF3B6CDD18FF22D100CE49DC /* m4Snudd.pdf */; };
		FF3B6D5B18FF22D100CE49DC /* m5.pdf in Resources */ = {isa = PBXBuildFile; fileRef = FF3B6CDE18FF22D100CE49DC /* m5.pdf */; };
		FF3B6D5C18FF22D100CE49DC /* m5Snudd.pdf in Resources */ = {isa = PBXBuildFile; fileRef = FF3B6CDF18FF22D100CE49DC /* m5Snudd.pdf */; };
		FF3B6D5D18FF22D100CE49DC /* Ep1.pdf in Resources */ = {isa = PBXBuildFile; fileRef = FF3B6CE118FF22D100CE49DC /* Ep1.pdf */; };
		FF3B6D5E18FF22D100CE49DC /* Ep2.pdf in Resources */ = {isa = PBXBuildFile; fileRef = FF3B6CE218FF22D100CE49DC /* Ep2.pdf */; };
		FF3B6D5F18FF22D100CE49DC /* Re1.pdf in Resources */ = {isa = PBXBuildFile; fileRef = FF3B6CE418FF22D100CE49DC /* Re1.pdf */; };
		FF3B6D6018FF22D100CE49DC /* Re2.pdf in Resources */ = {isa = PBXBuildFile; fileRef = FF3B6CE518FF22D100CE49DC /* Re2.pdf */; };
		FF3B6D6118FF22D100CE49DC /* Us1.pdf in Resources */ = {isa = PBXBuildFile; fileRef = FF3B6CE718FF22D100CE49DC /* Us1.pdf */; };
		FF3B6D6318FF22D100CE49DC /* Us3.pdf in Resources */ = {isa = PBXBuildFile; fileRef = FF3B6CE918FF22D100CE49DC /* Us3.pdf */; };
		FF3B6D6418FF22D100CE49DC /* Us3Snudd.pdf in Resources */ = {isa = PBXBuildFile; fileRef = FF3B6CEA18FF22D100CE49DC /* Us3Snudd.pdf */; };
		FF3B6D6518FF22D100CE49DC /* s1.pdf in Resources */ = {isa = PBXBuildFile; fileRef = FF3B6CEC18FF22D100CE49DC /* s1.pdf */; };
		FF3B6D6618FF22D100CE49DC /* s1Snudd.pdf in Resources */ = {isa = PBXBuildFile; fileRef = FF3B6CED18FF22D100CE49DC /* s1Snudd.pdf */; };
		FF3B6D6718FF22D100CE49DC /* s2.pdf in Resources */ = {isa = PBXBuildFile; fileRef = FF3B6CEE18FF22D100CE49DC /* s2.pdf */; };
		FF3B6D6818FF22D100CE49DC /* s3.pdf in Resources */ = {isa = PBXBuildFile; fileRef = FF3B6CEF18FF22D100CE49DC /* s3.pdf */; };
		FF3B6D6A18FF22D100CE49DC /* s4Snudd.pdf in Resources */ = {isa = PBXBuildFile; fileRef = FF3B6CF118FF22D100CE49DC /* s4Snudd.pdf */; };
		FF3B6D6B18FF22D100CE49DC /* Is1.pdf in Resources */ = {isa = PBXBuildFile; fileRef = FF3B6CF318FF22D100CE49DC /* Is1.pdf */; };
		FF3B6D6C18FF22D100CE49DC /* Is2.pdf in Resources */ = {isa = PBXBuildFile; fileRef = FF3B6CF418FF22D100CE49DC /* Is2.pdf */; };
		FF3B6D6D18FF22D100CE49DC /* Is3.pdf in Resources */ = {isa = PBXBuildFile; fileRef = FF3B6CF518FF22D100CE49DC /* Is3.pdf */; };
		FF3B6D6E18FF22D100CE49DC /* Is3Snudd.pdf in Resources */ = {isa = PBXBuildFile; fileRef = FF3B6CF618FF22D100CE49DC /* Is3Snudd.pdf */; };
		FF3B6D6F18FF22D100CE49DC /* Tm1.pdf in Resources */ = {isa = PBXBuildFile; fileRef = FF3B6CF818FF22D100CE49DC /* Tm1.pdf */; };
		FF3B6D7018FF22D100CE49DC /* Tm2.pdf in Resources */ = {isa = PBXBuildFile; fileRef = FF3B6CF918FF22D100CE49DC /* Tm2.pdf */; };
		FF3B6D7118FF22D100CE49DC /* Tm2Snudd.pdf in Resources */ = {isa = PBXBuildFile; fileRef = FF3B6CFA18FF22D100CE49DC /* Tm2Snudd.pdf */; };
		FF3B6D7218FF22D100CE49DC /* Tm3.pdf in Resources */ = {isa = PBXBuildFile; fileRef = FF3B6CFB18FF22D100CE49DC /* Tm3.pdf */; };
		FF3B6D7318FF22D100CE49DC /* rho1.pdf in Resources */ = {isa = PBXBuildFile; fileRef = FF3B6CFD18FF22D100CE49DC /* rho1.pdf */; };
		FF3B6D7418FF22D100CE49DC /* t1.pdf in Resources */ = {isa = PBXBuildFile; fileRef = FF3B6CFF18FF22D100CE49DC /* t1.pdf */; };
		FF3B6D7518FF22D100CE49DC /* t1Snudd.pdf in Resources */ = {isa = PBXBuildFile; fileRef = FF3B6D0018FF22D100CE49DC /* t1Snudd.pdf */; };
		FF3B6D7618FF22D100CE49DC /* t2.pdf in Resources */ = {isa = PBXBuildFile; fileRef = FF3B6D0118FF22D100CE49DC /* t2.pdf */; };
		FF3B6D7718FF22D100CE49DC /* t2Snudd.pdf in Resources */ = {isa = PBXBuildFile; fileRef = FF3B6D0218FF22D100CE49DC /* t2Snudd.pdf */; };
		FF3B6D7818FF22D100CE49DC /* t3.pdf in Resources */ = {isa = PBXBuildFile; fileRef = FF3B6D0318FF22D100CE49DC /* t3.pdf */; };
		FF3B6D7918FF22D100CE49DC /* t3Snudd.pdf in Resources */ = {isa = PBXBuildFile; fileRef = FF3B6D0418FF22D100CE49DC /* t3Snudd.pdf */; };
		FF3B6D7A18FF22D100CE49DC /* t4.pdf in Resources */ = {isa = PBXBuildFile; fileRef = FF3B6D0518FF22D100CE49DC /* t4.pdf */; };
		FF3B6D7B18FF22D100CE49DC /* t4Snudd.pdf in Resources */ = {isa = PBXBuildFile; fileRef = FF3B6D0618FF22D100CE49DC /* t4Snudd.pdf */; };
		FF3B6D7C18FF22D100CE49DC /* t5.pdf in Resources */ = {isa = PBXBuildFile; fileRef = FF3B6D0718FF22D100CE49DC /* t5.pdf */; };
		FF3B6D7D18FF22D100CE49DC /* t5Snudd.pdf in Resources */ = {isa = PBXBuildFile; fileRef = FF3B6D0818FF22D100CE49DC /* t5Snudd.pdf */; };
		FF3B6D7E18FF22D100CE49DC /* t6.pdf in Resources */ = {isa = PBXBuildFile; fileRef = FF3B6D0918FF22D100CE49DC /* t6.pdf */; };
		FF3B6D7F18FF22D100CE49DC /* t6Snudd.pdf in Resources */ = {isa = PBXBuildFile; fileRef = FF3B6D0A18FF22D100CE49DC /* t6Snudd.pdf */; };
		FF3B6D8018FF22D100CE49DC /* t7.pdf in Resources */ = {isa = PBXBuildFile; fileRef = FF3B6D0B18FF22D100CE49DC /* t7.pdf */; };
		FF3B6D8118FF22D100CE49DC /* pp1.pdf in Resources */ = {isa = PBXBuildFile; fileRef = FF3B6D0D18FF22D100CE49DC /* pp1.pdf */; };
		FF3B6D8218FF22D100CE49DC /* U1.pdf in Resources */ = {isa = PBXBuildFile; fileRef = FF3B6D0F18FF22D100CE49DC /* U1.pdf */; };
		FF3B6D8318FF22D100CE49DC /* U2.pdf in Resources */ = {isa = PBXBuildFile; fileRef = FF3B6D1018FF22D100CE49DC /* U2.pdf */; };
		FF3B6D8418FF22D100CE49DC /* Vm1.pdf in Resources */ = {isa = PBXBuildFile; fileRef = FF3B6D1218FF22D100CE49DC /* Vm1.pdf */; };
		FF3B6D8518FF22D100CE49DC /* Vm2.pdf in Resources */ = {isa = PBXBuildFile; fileRef = FF3B6D1318FF22D100CE49DC /* Vm2.pdf */; };
		FF3B6D8618FF22D100CE49DC /* Vm3.pdf in Resources */ = {isa = PBXBuildFile; fileRef = FF3B6D1418FF22D100CE49DC /* Vm3.pdf */; };
		FFAC90EA18FFDB4F001B1D79 /* b4.pdf in Resources */ = {isa = PBXBuildFile; fileRef = FFAC90E718FFDB4F001B1D79 /* b4.pdf */; };
		FFAC90EB18FFDB4F001B1D79 /* b4Snudd.pdf in Resources */ = {isa = PBXBuildFile; fileRef = FFAC90E818FFDB4F001B1D79 /* b4Snudd.pdf */; };
		FFAC90EC18FFDB4F001B1D79 /* b5.pdf in Resources */ = {isa = PBXBuildFile; fileRef = FFAC90E918FFDB4F001B1D79 /* b5.pdf */; };
		FFBA779A19003CD300230E10 /* E5.pdf in Resources */ = {isa = PBXBuildFile; fileRef = FFBA779719003CD300230E10 /* E5.pdf */; };
		FFBA779B19003CD300230E10 /* E6.pdf in Resources */ = {isa = PBXBuildFile; fileRef = FFBA779819003CD300230E10 /* E6.pdf */; };
		FFBA779C19003CD300230E10 /* E7.pdf in Resources */ = {isa = PBXBuildFile; fileRef = FFBA779919003CD300230E10 /* E7.pdf */; };
		FFBA779E1900468200230E10 /* Tm1Snudd.pdf in Resources */ = {isa = PBXBuildFile; fileRef = FFBA779D1900468200230E10 /* Tm1Snudd.pdf */; };
		FFBA77A11900469400230E10 /* b6.pdf in Resources */ = {isa = PBXBuildFile; fileRef = FFBA779F1900469400230E10 /* b6.pdf */; };
		FFBA77A21900469400230E10 /* b6Snudd.pdf in Resources */ = {isa = PBXBuildFile; fileRef = FFBA77A01900469400230E10 /* b6Snudd.pdf */; };
		FFBA77A5190132C200230E10 /* f4.pdf in Resources */ = {isa = PBXBuildFile; fileRef = FFBA77A3190132C200230E10 /* f4.pdf */; };
		FFBA77A6190132C200230E10 /* f4Snudd.pdf in Resources */ = {isa = PBXBuildFile; fileRef = FFBA77A4190132C200230E10 /* f4Snudd.pdf */; };
		FFBA77B419013F5A00230E10 /* v1.pdf in Resources */ = {isa = PBXBuildFile; fileRef = FFBA77A819013F5A00230E10 /* v1.pdf */; };
		FFBA77B519013F5A00230E10 /* v10.pdf in Resources */ = {isa = PBXBuildFile; fileRef = FFBA77A919013F5A00230E10 /* v10.pdf */; };
		FFBA77B619013F5A00230E10 /* v11.pdf in Resources */ = {isa = PBXBuildFile; fileRef = FFBA77AA19013F5A00230E10 /* v11.pdf */; };
		FFBA77B719013F5A00230E10 /* v2.pdf in Resources */ = {isa = PBXBuildFile; fileRef = FFBA77AB19013F5A00230E10 /* v2.pdf */; };
		FFBA77B819013F5A00230E10 /* v3.pdf in Resources */ = {isa = PBXBuildFile; fileRef = FFBA77AC19013F5A00230E10 /* v3.pdf */; };
		FFBA77B919013F5A00230E10 /* v4.pdf in Resources */ = {isa = PBXBuildFile; fileRef = FFBA77AD19013F5A00230E10 /* v4.pdf */; };
		FFBA77BA19013F5A00230E10 /* v4Snudd.pdf in Resources */ = {isa = PBXBuildFile; fileRef = FFBA77AE19013F5A00230E10 /* v4Snudd.pdf */; };
		FFBA77BB19013F5A00230E10 /* v5.pdf in Resources */ = {isa = PBXBuildFile; fileRef = FFBA77AF19013F5A00230E10 /* v5.pdf */; };
		FFBA77BC19013F5A00230E10 /* v6.pdf in Resources */ = {isa = PBXBuildFile; fileRef = FFBA77B019013F5A00230E10 /* v6.pdf */; };
		FFBA77BD19013F5A00230E10 /* v7.pdf in Resources */ = {isa = PBXBuildFile; fileRef = FFBA77B119013F5A00230E10 /* v7.pdf */; };
		FFBA77BE19013F5A00230E10 /* v8.pdf in Resources */ = {isa = PBXBuildFile; fileRef = FFBA77B219013F5A00230E10 /* v8.pdf */; };
		FFBA77BF19013F5A00230E10 /* v9.pdf in Resources */ = {isa = PBXBuildFile; fileRef = FFBA77B319013F5A00230E10 /* v9.pdf */; };
		FFBA77C11901424000230E10 /* v7Snudd.pdf in Resources */ = {isa = PBXBuildFile; fileRef = FFBA77C01901424000230E10 /* v7Snudd.pdf */; };
		FFBA77C51901ACF500230E10 /* Us2.pdf in Resources */ = {isa = PBXBuildFile; fileRef = FFBA77C41901ACF500230E10 /* Us2.pdf */; };
		FFBA77C71901B3CA00230E10 /* P7.pdf in Resources */ = {isa = PBXBuildFile; fileRef = FFBA77C61901B3CA00230E10 /* P7.pdf */; };
/* End PBXBuildFile section */

/* Begin PBXContainerItemProxy section */
		08FA782D18A28E4900097C6E /* PBXContainerItemProxy */ = {
			isa = PBXContainerItemProxy;
			containerPortal = 08FA77FF18A28E4800097C6E /* Project object */;
			proxyType = 1;
			remoteGlobalIDString = 08FA780618A28E4800097C6E;
			remoteInfo = Fysikkformler;
		};
/* End PBXContainerItemProxy section */

/* Begin PBXFileReference section */
		0815C0A018D6F48300DF9630 /* MenuCell.h */ = {isa = PBXFileReference; fileEncoding = 4; lastKnownFileType = sourcecode.c.h; path = MenuCell.h; sourceTree = "<group>"; };
		0815C0A118D6F48300DF9630 /* MenuCell.m */ = {isa = PBXFileReference; fileEncoding = 4; lastKnownFileType = sourcecode.c.objc; path = MenuCell.m; sourceTree = "<group>"; };
		08395E7818A9641400CDCDFC /* Icon-120.png */ = {isa = PBXFileReference; lastKnownFileType = image.png; path = "Icon-120.png"; sourceTree = "<group>"; };
		08395E7918A9641400CDCDFC /* Icon-144.png */ = {isa = PBXFileReference; lastKnownFileType = image.png; path = "Icon-144.png"; sourceTree = "<group>"; };
		08395E7A18A9641400CDCDFC /* Icon-152.png */ = {isa = PBXFileReference; lastKnownFileType = image.png; path = "Icon-152.png"; sourceTree = "<group>"; };
		08395E7B18A9641400CDCDFC /* Icon-72.png */ = {isa = PBXFileReference; lastKnownFileType = image.png; path = "Icon-72.png"; sourceTree = "<group>"; };
		08395E7C18A9641400CDCDFC /* Icon-76.png */ = {isa = PBXFileReference; lastKnownFileType = image.png; path = "Icon-76.png"; sourceTree = "<group>"; };
		08395E7D18A9641400CDCDFC /* Icon-Med-40.png */ = {isa = PBXFileReference; lastKnownFileType = image.png; path = "Icon-Med-40.png"; sourceTree = "<group>"; };
		08395E7E18A9641400CDCDFC /* Icon-Med-40@2x.png */ = {isa = PBXFileReference; lastKnownFileType = image.png; path = "Icon-Med-40@2x.png"; sourceTree = "<group>"; };
		08395E7F18A9641400CDCDFC /* Icon-Small-50.png */ = {isa = PBXFileReference; lastKnownFileType = image.png; path = "Icon-Small-50.png"; sourceTree = "<group>"; };
		08395E8018A9641400CDCDFC /* Icon-Small-50@2x.png */ = {isa = PBXFileReference; lastKnownFileType = image.png; path = "Icon-Small-50@2x.png"; sourceTree = "<group>"; };
		08395E8118A9641400CDCDFC /* Icon-Small.png */ = {isa = PBXFileReference; lastKnownFileType = image.png; path = "Icon-Small.png"; sourceTree = "<group>"; };
		08395E8218A9641400CDCDFC /* Icon-Small@2x.png */ = {isa = PBXFileReference; lastKnownFileType = image.png; path = "Icon-Small@2x.png"; sourceTree = "<group>"; };
		08395E8318A9641400CDCDFC /* Icon.png */ = {isa = PBXFileReference; lastKnownFileType = image.png; path = Icon.png; sourceTree = "<group>"; };
		08395E8418A9641400CDCDFC /* Icon@2x.png */ = {isa = PBXFileReference; lastKnownFileType = image.png; path = "Icon@2x.png"; sourceTree = "<group>"; };
		083DBB5918F7E3A200C7C732 /* 6-480h.png */ = {isa = PBXFileReference; lastKnownFileType = image.png; path = "6-480h.png"; sourceTree = "<group>"; };
		083DBB5A18F7E3A200C7C732 /* 6-480h@2x.png */ = {isa = PBXFileReference; lastKnownFileType = image.png; path = "6-480h@2x.png"; sourceTree = "<group>"; };
		083DBB5B18F7E3A200C7C732 /* 6-568h@2x.png */ = {isa = PBXFileReference; lastKnownFileType = image.png; path = "6-568h@2x.png"; sourceTree = "<group>"; };
		083DBB5F18F7FEA800C7C732 /* ImageIO.framework */ = {isa = PBXFileReference; lastKnownFileType = wrapper.framework; name = ImageIO.framework; path = System/Library/Frameworks/ImageIO.framework; sourceTree = SDKROOT; };
		085FDF4918D7066200F3465A /* Singleton.h */ = {isa = PBXFileReference; fileEncoding = 4; lastKnownFileType = sourcecode.c.h; path = Singleton.h; sourceTree = "<group>"; };
		085FDF4A18D7066200F3465A /* Singleton.m */ = {isa = PBXFileReference; fileEncoding = 4; lastKnownFileType = sourcecode.c.objc; path = Singleton.m; sourceTree = "<group>"; };
		085FDF4D18D7173900F3465A /* 480h@2x.png */ = {isa = PBXFileReference; lastKnownFileType = image.png; path = "480h@2x.png"; sourceTree = "<group>"; };
		085FDF4E18D7173900F3465A /* 568h@2x.png */ = {isa = PBXFileReference; lastKnownFileType = image.png; path = "568h@2x.png"; sourceTree = "<group>"; };
		085FDF5118D717A600F3465A /* Images.xcassets */ = {isa = PBXFileReference; lastKnownFileType = folder.assetcatalog; path = Images.xcassets; sourceTree = "<group>"; };
		0865993918E9B8DC004500FD /* formulas.json */ = {isa = PBXFileReference; fileEncoding = 4; lastKnownFileType = text.json; path = formulas.json; sourceTree = "<group>"; };
		08AD07CB18D6F5810037DC80 /* MenuCell.xib */ = {isa = PBXFileReference; fileEncoding = 4; lastKnownFileType = file.xib; path = MenuCell.xib; sourceTree = "<group>"; };
		08FA780718A28E4800097C6E /* Fysikkformler.app */ = {isa = PBXFileReference; explicitFileType = wrapper.application; includeInIndex = 0; path = Fysikkformler.app; sourceTree = BUILT_PRODUCTS_DIR; };
		08FA780A18A28E4800097C6E /* Foundation.framework */ = {isa = PBXFileReference; lastKnownFileType = wrapper.framework; name = Foundation.framework; path = System/Library/Frameworks/Foundation.framework; sourceTree = SDKROOT; };
		08FA780C18A28E4800097C6E /* CoreGraphics.framework */ = {isa = PBXFileReference; lastKnownFileType = wrapper.framework; name = CoreGraphics.framework; path = System/Library/Frameworks/CoreGraphics.framework; sourceTree = SDKROOT; };
		08FA780E18A28E4800097C6E /* UIKit.framework */ = {isa = PBXFileReference; lastKnownFileType = wrapper.framework; name = UIKit.framework; path = System/Library/Frameworks/UIKit.framework; sourceTree = SDKROOT; };
		08FA782818A28E4900097C6E /* FysikkformlerTests.xctest */ = {isa = PBXFileReference; explicitFileType = wrapper.cfbundle; includeInIndex = 0; path = FysikkformlerTests.xctest; sourceTree = BUILT_PRODUCTS_DIR; };
		08FA782918A28E4900097C6E /* XCTest.framework */ = {isa = PBXFileReference; lastKnownFileType = wrapper.framework; name = XCTest.framework; path = Library/Frameworks/XCTest.framework; sourceTree = DEVELOPER_DIR; };
		08FA783118A28E4900097C6E /* FysikkformlerTests-Info.plist */ = {isa = PBXFileReference; lastKnownFileType = text.plist.xml; path = "FysikkformlerTests-Info.plist"; sourceTree = "<group>"; };
		08FA783318A28E4900097C6E /* en */ = {isa = PBXFileReference; lastKnownFileType = text.plist.strings; name = en; path = en.lproj/InfoPlist.strings; sourceTree = "<group>"; };
		08FA783518A28E4900097C6E /* FysikkformlerTests.m */ = {isa = PBXFileReference; lastKnownFileType = sourcecode.c.objc; path = FysikkformlerTests.m; sourceTree = "<group>"; };
		08FA784318A28F6C00097C6E /* QuartzCore.framework */ = {isa = PBXFileReference; lastKnownFileType = wrapper.framework; name = QuartzCore.framework; path = System/Library/Frameworks/QuartzCore.framework; sourceTree = SDKROOT; };
		08FA784618A28FC300097C6E /* AppDelegate.h */ = {isa = PBXFileReference; fileEncoding = 4; lastKnownFileType = sourcecode.c.h; path = AppDelegate.h; sourceTree = "<group>"; };
		08FA784718A28FC300097C6E /* AppDelegate.m */ = {isa = PBXFileReference; fileEncoding = 4; lastKnownFileType = sourcecode.c.objc; path = AppDelegate.m; sourceTree = "<group>"; };
		08FA784818A28FC300097C6E /* Fysikkformler-Info.plist */ = {isa = PBXFileReference; fileEncoding = 4; lastKnownFileType = text.plist.xml; path = "Fysikkformler-Info.plist"; sourceTree = "<group>"; };
		08FA784918A28FC300097C6E /* Fysikkformler-Prefix.pch */ = {isa = PBXFileReference; fileEncoding = 4; lastKnownFileType = sourcecode.c.h; path = "Fysikkformler-Prefix.pch"; sourceTree = "<group>"; };
		08FA784A18A28FC300097C6E /* InfoPlist.strings */ = {isa = PBXFileReference; fileEncoding = 4; lastKnownFileType = text.plist.strings; path = InfoPlist.strings; sourceTree = "<group>"; };
		08FA784B18A28FC300097C6E /* main.m */ = {isa = PBXFileReference; fileEncoding = 4; lastKnownFileType = sourcecode.c.objc; path = main.m; sourceTree = "<group>"; };
		08FA785318A2938300097C6E /* Formel.h */ = {isa = PBXFileReference; fileEncoding = 4; lastKnownFileType = sourcecode.c.h; path = Formel.h; sourceTree = "<group>"; };
		08FA785418A2938300097C6E /* Formel.m */ = {isa = PBXFileReference; fileEncoding = 4; lastKnownFileType = sourcecode.c.objc; path = Formel.m; sourceTree = "<group>"; };
		08FA785618A2938300097C6E /* FormelCell.xib */ = {isa = PBXFileReference; fileEncoding = 4; lastKnownFileType = file.xib; path = FormelCell.xib; sourceTree = "<group>"; };
		08FA785718A2938300097C6E /* iPhone.storyboard */ = {isa = PBXFileReference; fileEncoding = 4; lastKnownFileType = file.storyboard; path = iPhone.storyboard; sourceTree = "<group>"; };
		08FA785918A2938300097C6E /* FormelCell.h */ = {isa = PBXFileReference; fileEncoding = 4; lastKnownFileType = sourcecode.c.h; path = FormelCell.h; sourceTree = "<group>"; };
		08FA785A18A2938300097C6E /* FormelCell.m */ = {isa = PBXFileReference; fileEncoding = 4; lastKnownFileType = sourcecode.c.objc; path = FormelCell.m; sourceTree = "<group>"; };
		08FA785B18A2938300097C6E /* FormelViewController.h */ = {isa = PBXFileReference; fileEncoding = 4; lastKnownFileType = sourcecode.c.h; path = FormelViewController.h; sourceTree = "<group>"; };
		08FA785C18A2938300097C6E /* FormelViewController.m */ = {isa = PBXFileReference; fileEncoding = 4; lastKnownFileType = sourcecode.c.objc; path = FormelViewController.m; sourceTree = "<group>"; };
		08FA785D18A2938300097C6E /* InfoViewViewController.h */ = {isa = PBXFileReference; fileEncoding = 4; lastKnownFileType = sourcecode.c.h; path = InfoViewViewController.h; sourceTree = "<group>"; };
		08FA785E18A2938300097C6E /* InfoViewViewController.m */ = {isa = PBXFileReference; fileEncoding = 4; lastKnownFileType = sourcecode.c.objc; path = InfoViewViewController.m; sourceTree = "<group>"; };
		08FA785F18A2938300097C6E /* StartViewController.h */ = {isa = PBXFileReference; fileEncoding = 4; lastKnownFileType = sourcecode.c.h; path = StartViewController.h; sourceTree = "<group>"; };
		08FA786018A2938300097C6E /* StartViewController.m */ = {isa = PBXFileReference; fileEncoding = 4; lastKnownFileType = sourcecode.c.objc; path = StartViewController.m; sourceTree = "<group>"; };
		08FA786318A2938300097C6E /* LICENSE.txt */ = {isa = PBXFileReference; fileEncoding = 4; lastKnownFileType = text; path = LICENSE.txt; sourceTree = "<group>"; };
		08FA786418A2938300097C6E /* NSData+MD5.h */ = {isa = PBXFileReference; fileEncoding = 4; lastKnownFileType = sourcecode.c.h; path = "NSData+MD5.h"; sourceTree = "<group>"; };
		08FA786518A2938300097C6E /* NSData+MD5.m */ = {isa = PBXFileReference; fileEncoding = 4; lastKnownFileType = sourcecode.c.objc; path = "NSData+MD5.m"; sourceTree = "<group>"; };
		08FA786618A2938300097C6E /* NSString+MD5.h */ = {isa = PBXFileReference; fileEncoding = 4; lastKnownFileType = sourcecode.c.h; path = "NSString+MD5.h"; sourceTree = "<group>"; };
		08FA786718A2938300097C6E /* NSString+MD5.m */ = {isa = PBXFileReference; fileEncoding = 4; lastKnownFileType = sourcecode.c.objc; path = "NSString+MD5.m"; sourceTree = "<group>"; };
		08FA786818A2938300097C6E /* PDFView.h */ = {isa = PBXFileReference; fileEncoding = 4; lastKnownFileType = sourcecode.c.h; path = PDFView.h; sourceTree = "<group>"; };
		08FA786918A2938300097C6E /* PDFView.m */ = {isa = PBXFileReference; fileEncoding = 4; lastKnownFileType = sourcecode.c.objc; path = PDFView.m; sourceTree = "<group>"; };
		08FA786A18A2938300097C6E /* UIImage+PDF.h */ = {isa = PBXFileReference; fileEncoding = 4; lastKnownFileType = sourcecode.c.h; path = "UIImage+PDF.h"; sourceTree = "<group>"; };
		08FA786B18A2938300097C6E /* UIImage+PDF.m */ = {isa = PBXFileReference; fileEncoding = 4; lastKnownFileType = sourcecode.c.objc; path = "UIImage+PDF.m"; sourceTree = "<group>"; };
		08FA786C18A2938300097C6E /* UIView+Image.h */ = {isa = PBXFileReference; fileEncoding = 4; lastKnownFileType = sourcecode.c.h; path = "UIView+Image.h"; sourceTree = "<group>"; };
		08FA786D18A2938300097C6E /* UIView+Image.m */ = {isa = PBXFileReference; fileEncoding = 4; lastKnownFileType = sourcecode.c.objc; path = "UIView+Image.m"; sourceTree = "<group>"; };
		08FA78C618A2938400097C6E /* atomcloud-grey.png */ = {isa = PBXFileReference; lastKnownFileType = image.png; path = "atomcloud-grey.png"; sourceTree = "<group>"; };
		FF2C494D190512CB00ECF147 /* s4.pdf */ = {isa = PBXFileReference; lastKnownFileType = image.pdf; path = s4.pdf; sourceTree = "<group>"; };
		FF3B6C8C18FF22D100CE49DC /* a1.pdf */ = {isa = PBXFileReference; lastKnownFileType = image.pdf; path = a1.pdf; sourceTree = "<group>"; };
		FF3B6C8D18FF22D100CE49DC /* a1Snudd.pdf */ = {isa = PBXFileReference; lastKnownFileType = image.pdf; path = a1Snudd.pdf; sourceTree = "<group>"; };
		FF3B6C8E18FF22D100CE49DC /* a2.pdf */ = {isa = PBXFileReference; lastKnownFileType = image.pdf; path = a2.pdf; sourceTree = "<group>"; };
		FF3B6C8F18FF22D100CE49DC /* a2Snudd.pdf */ = {isa = PBXFileReference; lastKnownFileType = image.pdf; path = a2Snudd.pdf; sourceTree = "<group>"; };
		FF3B6C9018FF22D100CE49DC /* a3.pdf */ = {isa = PBXFileReference; lastKnownFileType = image.pdf; path = a3.pdf; sourceTree = "<group>"; };
		FF3B6C9118FF22D100CE49DC /* a3Snudd.pdf */ = {isa = PBXFileReference; lastKnownFileType = image.pdf; path = a3Snudd.pdf; sourceTree = "<group>"; };
		FF3B6C9218FF22D100CE49DC /* a4.pdf */ = {isa = PBXFileReference; lastKnownFileType = image.pdf; path = a4.pdf; sourceTree = "<group>"; };
		FF3B6C9318FF22D100CE49DC /* a4Snudd.pdf */ = {isa = PBXFileReference; lastKnownFileType = image.pdf; path = a4Snudd.pdf; sourceTree = "<group>"; };
		FF3B6C9418FF22D100CE49DC /* a5.pdf */ = {isa = PBXFileReference; lastKnownFileType = image.pdf; path = a5.pdf; sourceTree = "<group>"; };
		FF3B6C9618FF22D100CE49DC /* W1.pdf */ = {isa = PBXFileReference; lastKnownFileType = image.pdf; path = W1.pdf; sourceTree = "<group>"; };
		FF3B6C9718FF22D100CE49DC /* W2.pdf */ = {isa = PBXFileReference; lastKnownFileType = image.pdf; path = W2.pdf; sourceTree = "<group>"; };
		FF3B6C9818FF22D100CE49DC /* W3.pdf */ = {isa = PBXFileReference; lastKnownFileType = image.pdf; path = W3.pdf; sourceTree = "<group>"; };
		FF3B6C9918FF22D100CE49DC /* W3Snudd.pdf */ = {isa = PBXFileReference; lastKnownFileType = image.pdf; path = W3Snudd.pdf; sourceTree = "<group>"; };
		FF3B6C9A18FF22D100CE49DC /* W4.pdf */ = {isa = PBXFileReference; lastKnownFileType = image.pdf; path = W4.pdf; sourceTree = "<group>"; };
		FF3B6C9B18FF22D100CE49DC /* W5.pdf */ = {isa = PBXFileReference; lastKnownFileType = image.pdf; path = W5.pdf; sourceTree = "<group>"; };
		FF3B6C9C18FF22D100CE49DC /* W6.pdf */ = {isa = PBXFileReference; lastKnownFileType = image.pdf; path = W6.pdf; sourceTree = "<group>"; };
		FF3B6C9E18FF22D100CE49DC /* b1.pdf */ = {isa = PBXFileReference; lastKnownFileType = image.pdf; path = b1.pdf; sourceTree = "<group>"; };
		FF3B6C9F18FF22D100CE49DC /* b1Snudd.pdf */ = {isa = PBXFileReference; lastKnownFileType = image.pdf; path = b1Snudd.pdf; sourceTree = "<group>"; };
		FF3B6CA018FF22D100CE49DC /* b2.pdf */ = {isa = PBXFileReference; lastKnownFileType = image.pdf; path = b2.pdf; sourceTree = "<group>"; };
		FF3B6CA118FF22D100CE49DC /* b2Snudd.pdf */ = {isa = PBXFileReference; lastKnownFileType = image.pdf; path = b2Snudd.pdf; sourceTree = "<group>"; };
		FF3B6CA218FF22D100CE49DC /* b3.pdf */ = {isa = PBXFileReference; lastKnownFileType = image.pdf; path = b3.pdf; sourceTree = "<group>"; };
		FF3B6CA318FF22D100CE49DC /* b3Snudd.pdf */ = {isa = PBXFileReference; lastKnownFileType = image.pdf; path = b3Snudd.pdf; sourceTree = "<group>"; };
		FF3B6CA518FF22D100CE49DC /* P1.pdf */ = {isa = PBXFileReference; lastKnownFileType = image.pdf; path = P1.pdf; sourceTree = "<group>"; };
		FF3B6CA618FF22D100CE49DC /* P2.pdf */ = {isa = PBXFileReference; lastKnownFileType = image.pdf; path = P2.pdf; sourceTree = "<group>"; };
		FF3B6CA718FF22D100CE49DC /* P3.pdf */ = {isa = PBXFileReference; lastKnownFileType = image.pdf; path = P3.pdf; sourceTree = "<group>"; };
		FF3B6CA818FF22D100CE49DC /* P4.pdf */ = {isa = PBXFileReference; lastKnownFileType = image.pdf; path = P4.pdf; sourceTree = "<group>"; };
		FF3B6CA918FF22D100CE49DC /* P5.pdf */ = {isa = PBXFileReference; lastKnownFileType = image.pdf; path = P5.pdf; sourceTree = "<group>"; };
		FF3B6CAA18FF22D100CE49DC /* P6.pdf */ = {isa = PBXFileReference; lastKnownFileType = image.pdf; path = P6.pdf; sourceTree = "<group>"; };
		FF3B6CAC18FF22D100CE49DC /* E1.pdf */ = {isa = PBXFileReference; lastKnownFileType = image.pdf; path = E1.pdf; sourceTree = "<group>"; };
		FF3B6CAD18FF22D100CE49DC /* E1Snudd.pdf */ = {isa = PBXFileReference; lastKnownFileType = image.pdf; path = E1Snudd.pdf; sourceTree = "<group>"; };
		FF3B6CAE18FF22D100CE49DC /* E2.pdf */ = {isa = PBXFileReference; lastKnownFileType = image.pdf; path = E2.pdf; sourceTree = "<group>"; };
		FF3B6CAF18FF22D100CE49DC /* E3.pdf */ = {isa = PBXFileReference; lastKnownFileType = image.pdf; path = E3.pdf; sourceTree = "<group>"; };
		FF3B6CB018FF22D100CE49DC /* E4.pdf */ = {isa = PBXFileReference; lastKnownFileType = image.pdf; path = E4.pdf; sourceTree = "<group>"; };
		FF3B6CBD18FF22D100CE49DC /* f1.pdf */ = {isa = PBXFileReference; lastKnownFileType = image.pdf; path = f1.pdf; sourceTree = "<group>"; };
		FF3B6CBE18FF22D100CE49DC /* f2.pdf */ = {isa = PBXFileReference; lastKnownFileType = image.pdf; path = f2.pdf; sourceTree = "<group>"; };
		FF3B6CBF18FF22D100CE49DC /* f3.pdf */ = {isa = PBXFileReference; lastKnownFileType = image.pdf; path = f3.pdf; sourceTree = "<group>"; };
		FF3B6CC118FF22D100CE49DC /* R1.pdf */ = {isa = PBXFileReference; lastKnownFileType = image.pdf; path = R1.pdf; sourceTree = "<group>"; };
		FF3B6CC218FF22D100CE49DC /* R1Snudd.pdf */ = {isa = PBXFileReference; lastKnownFileType = image.pdf; path = R1Snudd.pdf; sourceTree = "<group>"; };
		FF3B6CC318FF22D100CE49DC /* R2.pdf */ = {isa = PBXFileReference; lastKnownFileType = image.pdf; path = R2.pdf; sourceTree = "<group>"; };
		FF3B6CC418FF22D100CE49DC /* R2Snudd.pdf */ = {isa = PBXFileReference; lastKnownFileType = image.pdf; path = R2Snudd.pdf; sourceTree = "<group>"; };
		FF3B6CC518FF22D100CE49DC /* R3.pdf */ = {isa = PBXFileReference; lastKnownFileType = image.pdf; path = R3.pdf; sourceTree = "<group>"; };
		FF3B6CCA18FF22D100CE49DC /* Ek1.pdf */ = {isa = PBXFileReference; lastKnownFileType = image.pdf; path = Ek1.pdf; sourceTree = "<group>"; };
		FF3B6CCB18FF22D100CE49DC /* Ek2.pdf */ = {isa = PBXFileReference; lastKnownFileType = image.pdf; path = Ek2.pdf; sourceTree = "<group>"; };
		FF3B6CCC18FF22D100CE49DC /* Ek3.pdf */ = {isa = PBXFileReference; lastKnownFileType = image.pdf; path = Ek3.pdf; sourceTree = "<group>"; };
		FF3B6CCE18FF22D100CE49DC /* Fs1.pdf */ = {isa = PBXFileReference; lastKnownFileType = image.pdf; path = Fs1.pdf; sourceTree = "<group>"; };
		FF3B6CCF18FF22D100CE49DC /* Fs2.pdf */ = {isa = PBXFileReference; lastKnownFileType = image.pdf; path = Fs2.pdf; sourceTree = "<group>"; };
		FF3B6CD018FF22D100CE49DC /* Fs3.pdf */ = {isa = PBXFileReference; lastKnownFileType = image.pdf; path = Fs3.pdf; sourceTree = "<group>"; };
		FF3B6CD218FF22D100CE49DC /* L1.pdf */ = {isa = PBXFileReference; lastKnownFileType = image.pdf; path = L1.pdf; sourceTree = "<group>"; };
		FF3B6CD318FF22D100CE49DC /* L2.pdf */ = {isa = PBXFileReference; lastKnownFileType = image.pdf; path = L2.pdf; sourceTree = "<group>"; };
		FF3B6CD418FF22D100CE49DC /* L3.pdf */ = {isa = PBXFileReference; lastKnownFileType = image.pdf; path = L3.pdf; sourceTree = "<group>"; };
		FF3B6CD618FF22D100CE49DC /* m1.pdf */ = {isa = PBXFileReference; lastKnownFileType = image.pdf; path = m1.pdf; sourceTree = "<group>"; };
		FF3B6CD718FF22D100CE49DC /* m1Snudd.pdf */ = {isa = PBXFileReference; lastKnownFileType = image.pdf; path = m1Snudd.pdf; sourceTree = "<group>"; };
		FF3B6CD818FF22D100CE49DC /* m2.pdf */ = {isa = PBXFileReference; lastKnownFileType = image.pdf; path = m2.pdf; sourceTree = "<group>"; };
		FF3B6CD918FF22D100CE49DC /* m2Snudd.pdf */ = {isa = PBXFileReference; lastKnownFileType = image.pdf; path = m2Snudd.pdf; sourceTree = "<group>"; };
		FF3B6CDA18FF22D100CE49DC /* m3.pdf */ = {isa = PBXFileReference; lastKnownFileType = image.pdf; path = m3.pdf; sourceTree = "<group>"; };
		FF3B6CDB18FF22D100CE49DC /* m3Snudd.pdf */ = {isa = PBXFileReference; lastKnownFileType = image.pdf; path = m3Snudd.pdf; sourceTree = "<group>"; };
		FF3B6CDC18FF22D100CE49DC /* m4.pdf */ = {isa = PBXFileReference; lastKnownFileType = image.pdf; path = m4.pdf; sourceTree = "<group>"; };
		FF3B6CDD18FF22D100CE49DC /* m4Snudd.pdf */ = {isa = PBXFileReference; lastKnownFileType = image.pdf; path = m4Snudd.pdf; sourceTree = "<group>"; };
		FF3B6CDE18FF22D100CE49DC /* m5.pdf */ = {isa = PBXFileReference; lastKnownFileType = image.pdf; path = m5.pdf; sourceTree = "<group>"; };
		FF3B6CDF18FF22D100CE49DC /* m5Snudd.pdf */ = {isa = PBXFileReference; lastKnownFileType = image.pdf; path = m5Snudd.pdf; sourceTree = "<group>"; };
		FF3B6CE118FF22D100CE49DC /* Ep1.pdf */ = {isa = PBXFileReference; lastKnownFileType = image.pdf; path = Ep1.pdf; sourceTree = "<group>"; };
		FF3B6CE218FF22D100CE49DC /* Ep2.pdf */ = {isa = PBXFileReference; lastKnownFileType = image.pdf; path = Ep2.pdf; sourceTree = "<group>"; };
		FF3B6CE418FF22D100CE49DC /* Re1.pdf */ = {isa = PBXFileReference; lastKnownFileType = image.pdf; path = Re1.pdf; sourceTree = "<group>"; };
		FF3B6CE518FF22D100CE49DC /* Re2.pdf */ = {isa = PBXFileReference; lastKnownFileType = image.pdf; path = Re2.pdf; sourceTree = "<group>"; };
		FF3B6CE718FF22D100CE49DC /* Us1.pdf */ = {isa = PBXFileReference; lastKnownFileType = image.pdf; path = Us1.pdf; sourceTree = "<group>"; };
		FF3B6CE918FF22D100CE49DC /* Us3.pdf */ = {isa = PBXFileReference; lastKnownFileType = image.pdf; path = Us3.pdf; sourceTree = "<group>"; };
		FF3B6CEA18FF22D100CE49DC /* Us3Snudd.pdf */ = {isa = PBXFileReference; lastKnownFileType = image.pdf; path = Us3Snudd.pdf; sourceTree = "<group>"; };
		FF3B6CEC18FF22D100CE49DC /* s1.pdf */ = {isa = PBXFileReference; lastKnownFileType = image.pdf; path = s1.pdf; sourceTree = "<group>"; };
		FF3B6CED18FF22D100CE49DC /* s1Snudd.pdf */ = {isa = PBXFileReference; lastKnownFileType = image.pdf; path = s1Snudd.pdf; sourceTree = "<group>"; };
		FF3B6CEE18FF22D100CE49DC /* s2.pdf */ = {isa = PBXFileReference; lastKnownFileType = image.pdf; path = s2.pdf; sourceTree = "<group>"; };
		FF3B6CEF18FF22D100CE49DC /* s3.pdf */ = {isa = PBXFileReference; lastKnownFileType = image.pdf; path = s3.pdf; sourceTree = "<group>"; };
		FF3B6CF118FF22D100CE49DC /* s4Snudd.pdf */ = {isa = PBXFileReference; lastKnownFileType = image.pdf; path = s4Snudd.pdf; sourceTree = "<group>"; };
		FF3B6CF318FF22D100CE49DC /* Is1.pdf */ = {isa = PBXFileReference; lastKnownFileType = image.pdf; path = Is1.pdf; sourceTree = "<group>"; };
		FF3B6CF418FF22D100CE49DC /* Is2.pdf */ = {isa = PBXFileReference; lastKnownFileType = image.pdf; path = Is2.pdf; sourceTree = "<group>"; };
		FF3B6CF518FF22D100CE49DC /* Is3.pdf */ = {isa = PBXFileReference; lastKnownFileType = image.pdf; path = Is3.pdf; sourceTree = "<group>"; };
		FF3B6CF618FF22D100CE49DC /* Is3Snudd.pdf */ = {isa = PBXFileReference; lastKnownFileType = image.pdf; path = Is3Snudd.pdf; sourceTree = "<group>"; };
		FF3B6CF818FF22D100CE49DC /* Tm1.pdf */ = {isa = PBXFileReference; lastKnownFileType = image.pdf; path = Tm1.pdf; sourceTree = "<group>"; };
		FF3B6CF918FF22D100CE49DC /* Tm2.pdf */ = {isa = PBXFileReference; lastKnownFileType = image.pdf; path = Tm2.pdf; sourceTree = "<group>"; };
		FF3B6CFA18FF22D100CE49DC /* Tm2Snudd.pdf */ = {isa = PBXFileReference; lastKnownFileType = image.pdf; path = Tm2Snudd.pdf; sourceTree = "<group>"; };
		FF3B6CFB18FF22D100CE49DC /* Tm3.pdf */ = {isa = PBXFileReference; lastKnownFileType = image.pdf; path = Tm3.pdf; sourceTree = "<group>"; };
		FF3B6CFD18FF22D100CE49DC /* rho1.pdf */ = {isa = PBXFileReference; lastKnownFileType = image.pdf; path = rho1.pdf; sourceTree = "<group>"; };
		FF3B6CFF18FF22D100CE49DC /* t1.pdf */ = {isa = PBXFileReference; lastKnownFileType = image.pdf; path = t1.pdf; sourceTree = "<group>"; };
		FF3B6D0018FF22D100CE49DC /* t1Snudd.pdf */ = {isa = PBXFileReference; lastKnownFileType = image.pdf; path = t1Snudd.pdf; sourceTree = "<group>"; };
		FF3B6D0118FF22D100CE49DC /* t2.pdf */ = {isa = PBXFileReference; lastKnownFileType = image.pdf; path = t2.pdf; sourceTree = "<group>"; };
		FF3B6D0218FF22D100CE49DC /* t2Snudd.pdf */ = {isa = PBXFileReference; lastKnownFileType = image.pdf; path = t2Snudd.pdf; sourceTree = "<group>"; };
		FF3B6D0318FF22D100CE49DC /* t3.pdf */ = {isa = PBXFileReference; lastKnownFileType = image.pdf; path = t3.pdf; sourceTree = "<group>"; };
		FF3B6D0418FF22D100CE49DC /* t3Snudd.pdf */ = {isa = PBXFileReference; lastKnownFileType = image.pdf; path = t3Snudd.pdf; sourceTree = "<group>"; };
		FF3B6D0518FF22D100CE49DC /* t4.pdf */ = {isa = PBXFileReference; lastKnownFileType = image.pdf; path = t4.pdf; sourceTree = "<group>"; };
		FF3B6D0618FF22D100CE49DC /* t4Snudd.pdf */ = {isa = PBXFileReference; lastKnownFileType = image.pdf; path = t4Snudd.pdf; sourceTree = "<group>"; };
		FF3B6D0718FF22D100CE49DC /* t5.pdf */ = {isa = PBXFileReference; lastKnownFileType = image.pdf; path = t5.pdf; sourceTree = "<group>"; };
		FF3B6D0818FF22D100CE49DC /* t5Snudd.pdf */ = {isa = PBXFileReference; lastKnownFileType = image.pdf; path = t5Snudd.pdf; sourceTree = "<group>"; };
		FF3B6D0918FF22D100CE49DC /* t6.pdf */ = {isa = PBXFileReference; lastKnownFileType = image.pdf; path = t6.pdf; sourceTree = "<group>"; };
		FF3B6D0A18FF22D100CE49DC /* t6Snudd.pdf */ = {isa = PBXFileReference; lastKnownFileType = image.pdf; path = t6Snudd.pdf; sourceTree = "<group>"; };
		FF3B6D0B18FF22D100CE49DC /* t7.pdf */ = {isa = PBXFileReference; lastKnownFileType = image.pdf; path = t7.pdf; sourceTree = "<group>"; };
		FF3B6D0D18FF22D100CE49DC /* pp1.pdf */ = {isa = PBXFileReference; lastKnownFileType = image.pdf; path = pp1.pdf; sourceTree = "<group>"; };
		FF3B6D0F18FF22D100CE49DC /* U1.pdf */ = {isa = PBXFileReference; lastKnownFileType = image.pdf; path = U1.pdf; sourceTree = "<group>"; };
		FF3B6D1018FF22D100CE49DC /* U2.pdf */ = {isa = PBXFileReference; lastKnownFileType = image.pdf; path = U2.pdf; sourceTree = "<group>"; };
		FF3B6D1218FF22D100CE49DC /* Vm1.pdf */ = {isa = PBXFileReference; lastKnownFileType = image.pdf; path = Vm1.pdf; sourceTree = "<group>"; };
		FF3B6D1318FF22D100CE49DC /* Vm2.pdf */ = {isa = PBXFileReference; lastKnownFileType = image.pdf; path = Vm2.pdf; sourceTree = "<group>"; };
		FF3B6D1418FF22D100CE49DC /* Vm3.pdf */ = {isa = PBXFileReference; lastKnownFileType = image.pdf; path = Vm3.pdf; sourceTree = "<group>"; };
		FFAC90E718FFDB4F001B1D79 /* b4.pdf */ = {isa = PBXFileReference; lastKnownFileType = image.pdf; path = b4.pdf; sourceTree = "<group>"; };
		FFAC90E818FFDB4F001B1D79 /* b4Snudd.pdf */ = {isa = PBXFileReference; lastKnownFileType = image.pdf; path = b4Snudd.pdf; sourceTree = "<group>"; };
		FFAC90E918FFDB4F001B1D79 /* b5.pdf */ = {isa = PBXFileReference; lastKnownFileType = image.pdf; path = b5.pdf; sourceTree = "<group>"; };
		FFBA779719003CD300230E10 /* E5.pdf */ = {isa = PBXFileReference; lastKnownFileType = image.pdf; path = E5.pdf; sourceTree = "<group>"; };
		FFBA779819003CD300230E10 /* E6.pdf */ = {isa = PBXFileReference; lastKnownFileType = image.pdf; path = E6.pdf; sourceTree = "<group>"; };
		FFBA779919003CD300230E10 /* E7.pdf */ = {isa = PBXFileReference; lastKnownFileType = image.pdf; path = E7.pdf; sourceTree = "<group>"; };
		FFBA779D1900468200230E10 /* Tm1Snudd.pdf */ = {isa = PBXFileReference; lastKnownFileType = image.pdf; path = Tm1Snudd.pdf; sourceTree = "<group>"; };
		FFBA779F1900469400230E10 /* b6.pdf */ = {isa = PBXFileReference; lastKnownFileType = image.pdf; path = b6.pdf; sourceTree = "<group>"; };
		FFBA77A01900469400230E10 /* b6Snudd.pdf */ = {isa = PBXFileReference; lastKnownFileType = image.pdf; path = b6Snudd.pdf; sourceTree = "<group>"; };
		FFBA77A3190132C200230E10 /* f4.pdf */ = {isa = PBXFileReference; lastKnownFileType = image.pdf; path = f4.pdf; sourceTree = "<group>"; };
		FFBA77A4190132C200230E10 /* f4Snudd.pdf */ = {isa = PBXFileReference; lastKnownFileType = image.pdf; path = f4Snudd.pdf; sourceTree = "<group>"; };
		FFBA77A819013F5A00230E10 /* v1.pdf */ = {isa = PBXFileReference; lastKnownFileType = image.pdf; path = v1.pdf; sourceTree = "<group>"; };
		FFBA77A919013F5A00230E10 /* v10.pdf */ = {isa = PBXFileReference; lastKnownFileType = image.pdf; path = v10.pdf; sourceTree = "<group>"; };
		FFBA77AA19013F5A00230E10 /* v11.pdf */ = {isa = PBXFileReference; lastKnownFileType = image.pdf; path = v11.pdf; sourceTree = "<group>"; };
		FFBA77AB19013F5A00230E10 /* v2.pdf */ = {isa = PBXFileReference; lastKnownFileType = image.pdf; path = v2.pdf; sourceTree = "<group>"; };
		FFBA77AC19013F5A00230E10 /* v3.pdf */ = {isa = PBXFileReference; lastKnownFileType = image.pdf; path = v3.pdf; sourceTree = "<group>"; };
		FFBA77AD19013F5A00230E10 /* v4.pdf */ = {isa = PBXFileReference; lastKnownFileType = image.pdf; path = v4.pdf; sourceTree = "<group>"; };
		FFBA77AE19013F5A00230E10 /* v4Snudd.pdf */ = {isa = PBXFileReference; lastKnownFileType = image.pdf; path = v4Snudd.pdf; sourceTree = "<group>"; };
		FFBA77AF19013F5A00230E10 /* v5.pdf */ = {isa = PBXFileReference; lastKnownFileType = image.pdf; path = v5.pdf; sourceTree = "<group>"; };
		FFBA77B019013F5A00230E10 /* v6.pdf */ = {isa = PBXFileReference; lastKnownFileType = image.pdf; path = v6.pdf; sourceTree = "<group>"; };
		FFBA77B119013F5A00230E10 /* v7.pdf */ = {isa = PBXFileReference; lastKnownFileType = image.pdf; path = v7.pdf; sourceTree = "<group>"; };
		FFBA77B219013F5A00230E10 /* v8.pdf */ = {isa = PBXFileReference; lastKnownFileType = image.pdf; path = v8.pdf; sourceTree = "<group>"; };
		FFBA77B319013F5A00230E10 /* v9.pdf */ = {isa = PBXFileReference; lastKnownFileType = image.pdf; path = v9.pdf; sourceTree = "<group>"; };
		FFBA77C01901424000230E10 /* v7Snudd.pdf */ = {isa = PBXFileReference; lastKnownFileType = image.pdf; path = v7Snudd.pdf; sourceTree = "<group>"; };
		FFBA77C41901ACF500230E10 /* Us2.pdf */ = {isa = PBXFileReference; lastKnownFileType = image.pdf; path = Us2.pdf; sourceTree = "<group>"; };
		FFBA77C61901B3CA00230E10 /* P7.pdf */ = {isa = PBXFileReference; lastKnownFileType = image.pdf; path = P7.pdf; sourceTree = "<group>"; };
/* End PBXFileReference section */

/* Begin PBXFrameworksBuildPhase section */
		08FA780418A28E4800097C6E /* Frameworks */ = {
			isa = PBXFrameworksBuildPhase;
			buildActionMask = 2147483647;
			files = (
				083DBB6018F7FEA800C7C732 /* ImageIO.framework in Frameworks */,
				08FA784418A28F6C00097C6E /* QuartzCore.framework in Frameworks */,
				08FA780D18A28E4800097C6E /* CoreGraphics.framework in Frameworks */,
				08FA780F18A28E4800097C6E /* UIKit.framework in Frameworks */,
				08FA780B18A28E4800097C6E /* Foundation.framework in Frameworks */,
			);
			runOnlyForDeploymentPostprocessing = 0;
		};
		08FA782518A28E4900097C6E /* Frameworks */ = {
			isa = PBXFrameworksBuildPhase;
			buildActionMask = 2147483647;
			files = (
				08FA782A18A28E4900097C6E /* XCTest.framework in Frameworks */,
				08FA782C18A28E4900097C6E /* UIKit.framework in Frameworks */,
				08FA782B18A28E4900097C6E /* Foundation.framework in Frameworks */,
			);
			runOnlyForDeploymentPostprocessing = 0;
		};
/* End PBXFrameworksBuildPhase section */

/* Begin PBXGroup section */
		0815C0A318D6F48A00DF9630 /* Cells */ = {
			isa = PBXGroup;
			children = (
				08FA785918A2938300097C6E /* FormelCell.h */,
				08FA785A18A2938300097C6E /* FormelCell.m */,
				0815C0A018D6F48300DF9630 /* MenuCell.h */,
				0815C0A118D6F48300DF9630 /* MenuCell.m */,
			);
			name = Cells;
			sourceTree = "<group>";
		};
		08395E7718A9641400CDCDFC /* Ikoner */ = {
			isa = PBXGroup;
			children = (
				08395E7818A9641400CDCDFC /* Icon-120.png */,
				08395E7918A9641400CDCDFC /* Icon-144.png */,
				08395E7A18A9641400CDCDFC /* Icon-152.png */,
				08395E7B18A9641400CDCDFC /* Icon-72.png */,
				08395E7C18A9641400CDCDFC /* Icon-76.png */,
				08395E7D18A9641400CDCDFC /* Icon-Med-40.png */,
				08395E7E18A9641400CDCDFC /* Icon-Med-40@2x.png */,
				08395E7F18A9641400CDCDFC /* Icon-Small-50.png */,
				08395E8018A9641400CDCDFC /* Icon-Small-50@2x.png */,
				08395E8118A9641400CDCDFC /* Icon-Small.png */,
				08395E8218A9641400CDCDFC /* Icon-Small@2x.png */,
				08395E8318A9641400CDCDFC /* Icon.png */,
				08395E8418A9641400CDCDFC /* Icon@2x.png */,
			);
			path = Ikoner;
			sourceTree = "<group>";
		};
		083DBB6118F9380C00C7C732 /* FormelPDF */ = {
			isa = PBXGroup;
			children = (
				FFBA77A719013F5A00230E10 /* Fart */,
				FF3B6C8B18FF22D100CE49DC /* Akselerasjon */,
				FF3B6C9518FF22D100CE49DC /* Arbeid */,
				FF3B6C9D18FF22D100CE49DC /* Bølgelengde */,
				FF3B6CA418FF22D100CE49DC /* Effekt */,
				FF3B6CAB18FF22D100CE49DC /* Energi */,
				FF3B6CBC18FF22D100CE49DC /* Frekvens */,
				FF3B6CC018FF22D100CE49DC /* Friksjon */,
				FF3B6CC918FF22D100CE49DC /* Kinetisk energi */,
				FF3B6CCD18FF22D100CE49DC /* Krefter */,
				FF3B6CD118FF22D100CE49DC /* Ladning */,
				FF3B6CD518FF22D100CE49DC /* Masse */,
				FF3B6CE018FF22D100CE49DC /* Potensiell energi */,
				FF3B6CE318FF22D100CE49DC /* Resistans */,
				FF3B6CE618FF22D100CE49DC /* Spenning */,
				FF3B6CEB18FF22D100CE49DC /* Strekning */,
				FF3B6D0E18FF22D100CE49DC /* Utstrålingstetthet */,
				FF3B6CF218FF22D100CE49DC /* Strøm */,
				FF3B6CF718FF22D100CE49DC /* Temperatur */,
				FF3B6CFC18FF22D100CE49DC /* Tetthet */,
				FF3B6CFE18FF22D100CE49DC /* Tid */,
				FF3B6D0C18FF22D100CE49DC /* Trykk */,
				FF3B6D1118FF22D100CE49DC /* Varme */,
			);
			path = FormelPDF;
			sourceTree = "<group>";
		};
		085FDF4C18D7173900F3465A /* Launch */ = {
			isa = PBXGroup;
			children = (
				083DBB5918F7E3A200C7C732 /* 6-480h.png */,
				083DBB5A18F7E3A200C7C732 /* 6-480h@2x.png */,
				083DBB5B18F7E3A200C7C732 /* 6-568h@2x.png */,
				085FDF4D18D7173900F3465A /* 480h@2x.png */,
				085FDF4E18D7173900F3465A /* 568h@2x.png */,
			);
			path = Launch;
			sourceTree = "<group>";
		};
		08FA77FE18A28E4800097C6E = {
			isa = PBXGroup;
			children = (
				08FA781018A28E4800097C6E /* Fysikkformler */,
				08FA782F18A28E4900097C6E /* FysikkformlerTests */,
				08FA780918A28E4800097C6E /* Frameworks */,
				08FA780818A28E4800097C6E /* Products */,
			);
			sourceTree = "<group>";
		};
		08FA780818A28E4800097C6E /* Products */ = {
			isa = PBXGroup;
			children = (
				08FA780718A28E4800097C6E /* Fysikkformler.app */,
				08FA782818A28E4900097C6E /* FysikkformlerTests.xctest */,
			);
			name = Products;
			sourceTree = "<group>";
		};
		08FA780918A28E4800097C6E /* Frameworks */ = {
			isa = PBXGroup;
			children = (
				083DBB5F18F7FEA800C7C732 /* ImageIO.framework */,
				08FA784318A28F6C00097C6E /* QuartzCore.framework */,
				08FA780A18A28E4800097C6E /* Foundation.framework */,
				08FA780C18A28E4800097C6E /* CoreGraphics.framework */,
				08FA780E18A28E4800097C6E /* UIKit.framework */,
				08FA782918A28E4900097C6E /* XCTest.framework */,
			);
			name = Frameworks;
			sourceTree = "<group>";
		};
		08FA781018A28E4800097C6E /* Fysikkformler */ = {
			isa = PBXGroup;
			children = (
				FF0AA66918AAD2B800234245 /* Formulas */,
				08FA785218A2938300097C6E /* Objects */,
				08FA785518A2938300097C6E /* User Interfaces */,
				08FA785818A2938300097C6E /* View Controllers */,
				08FA786118A2938300097C6E /* Repos */,
				08FA78C518A2938400097C6E /* Assets */,
				085FDF5118D717A600F3465A /* Images.xcassets */,
				08FA784518A28FC300097C6E /* Supporting Files */,
			);
			path = Fysikkformler;
			sourceTree = "<group>";
		};
		08FA782F18A28E4900097C6E /* FysikkformlerTests */ = {
			isa = PBXGroup;
			children = (
				08FA783518A28E4900097C6E /* FysikkformlerTests.m */,
				08FA783018A28E4900097C6E /* Supporting Files */,
			);
			path = FysikkformlerTests;
			sourceTree = "<group>";
		};
		08FA783018A28E4900097C6E /* Supporting Files */ = {
			isa = PBXGroup;
			children = (
				08FA783118A28E4900097C6E /* FysikkformlerTests-Info.plist */,
				08FA783218A28E4900097C6E /* InfoPlist.strings */,
			);
			name = "Supporting Files";
			sourceTree = "<group>";
		};
		08FA784518A28FC300097C6E /* Supporting Files */ = {
			isa = PBXGroup;
			children = (
				08FA784618A28FC300097C6E /* AppDelegate.h */,
				08FA784718A28FC300097C6E /* AppDelegate.m */,
				08FA784818A28FC300097C6E /* Fysikkformler-Info.plist */,
				08FA784918A28FC300097C6E /* Fysikkformler-Prefix.pch */,
				08FA784A18A28FC300097C6E /* InfoPlist.strings */,
				08FA784B18A28FC300097C6E /* main.m */,
			);
			name = "Supporting Files";
			path = "Assisting Files";
			sourceTree = "<group>";
		};
		08FA785218A2938300097C6E /* Objects */ = {
			isa = PBXGroup;
			children = (
				08FA785318A2938300097C6E /* Formel.h */,
				08FA785418A2938300097C6E /* Formel.m */,
				085FDF4918D7066200F3465A /* Singleton.h */,
				085FDF4A18D7066200F3465A /* Singleton.m */,
			);
			path = Objects;
			sourceTree = "<group>";
		};
		08FA785518A2938300097C6E /* User Interfaces */ = {
			isa = PBXGroup;
			children = (
				08FA785618A2938300097C6E /* FormelCell.xib */,
				08FA785718A2938300097C6E /* iPhone.storyboard */,
				08AD07CB18D6F5810037DC80 /* MenuCell.xib */,
			);
			path = "User Interfaces";
			sourceTree = "<group>";
		};
		08FA785818A2938300097C6E /* View Controllers */ = {
			isa = PBXGroup;
			children = (
				0815C0A318D6F48A00DF9630 /* Cells */,
				08FA785B18A2938300097C6E /* FormelViewController.h */,
				08FA785C18A2938300097C6E /* FormelViewController.m */,
				08FA785D18A2938300097C6E /* InfoViewViewController.h */,
				08FA785E18A2938300097C6E /* InfoViewViewController.m */,
				08FA785F18A2938300097C6E /* StartViewController.h */,
				08FA786018A2938300097C6E /* StartViewController.m */,
			);
			path = "View Controllers";
			sourceTree = "<group>";
		};
		08FA786118A2938300097C6E /* Repos */ = {
			isa = PBXGroup;
			children = (
				08FA786218A2938300097C6E /* UIImage+PDF */,
			);
			path = Repos;
			sourceTree = "<group>";
		};
		08FA786218A2938300097C6E /* UIImage+PDF */ = {
			isa = PBXGroup;
			children = (
				08FA786318A2938300097C6E /* LICENSE.txt */,
				08FA786418A2938300097C6E /* NSData+MD5.h */,
				08FA786518A2938300097C6E /* NSData+MD5.m */,
				08FA786618A2938300097C6E /* NSString+MD5.h */,
				08FA786718A2938300097C6E /* NSString+MD5.m */,
				08FA786818A2938300097C6E /* PDFView.h */,
				08FA786918A2938300097C6E /* PDFView.m */,
				08FA786A18A2938300097C6E /* UIImage+PDF.h */,
				08FA786B18A2938300097C6E /* UIImage+PDF.m */,
				08FA786C18A2938300097C6E /* UIView+Image.h */,
				08FA786D18A2938300097C6E /* UIView+Image.m */,
			);
			path = "UIImage+PDF";
			sourceTree = "<group>";
		};
		08FA78C518A2938400097C6E /* Assets */ = {
			isa = PBXGroup;
			children = (
				085FDF4C18D7173900F3465A /* Launch */,
				08395E7718A9641400CDCDFC /* Ikoner */,
				08FA78C618A2938400097C6E /* atomcloud-grey.png */,
			);
			path = Assets;
			sourceTree = "<group>";
		};
		FF0AA66918AAD2B800234245 /* Formulas */ = {
			isa = PBXGroup;
			children = (
				083DBB6118F9380C00C7C732 /* FormelPDF */,
				0865993918E9B8DC004500FD /* formulas.json */,
			);
			path = Formulas;
			sourceTree = "<group>";
		};
		FF3B6C8B18FF22D100CE49DC /* Akselerasjon */ = {
			isa = PBXGroup;
			children = (
				FF3B6C8C18FF22D100CE49DC /* a1.pdf */,
				FF3B6C8D18FF22D100CE49DC /* a1Snudd.pdf */,
				FF3B6C8E18FF22D100CE49DC /* a2.pdf */,
				FF3B6C8F18FF22D100CE49DC /* a2Snudd.pdf */,
				FF3B6C9018FF22D100CE49DC /* a3.pdf */,
				FF3B6C9118FF22D100CE49DC /* a3Snudd.pdf */,
				FF3B6C9218FF22D100CE49DC /* a4.pdf */,
				FF3B6C9318FF22D100CE49DC /* a4Snudd.pdf */,
				FF3B6C9418FF22D100CE49DC /* a5.pdf */,
			);
			path = Akselerasjon;
			sourceTree = "<group>";
		};
		FF3B6C9518FF22D100CE49DC /* Arbeid */ = {
			isa = PBXGroup;
			children = (
				FF3B6C9618FF22D100CE49DC /* W1.pdf */,
				FF3B6C9718FF22D100CE49DC /* W2.pdf */,
				FF3B6C9818FF22D100CE49DC /* W3.pdf */,
				FF3B6C9918FF22D100CE49DC /* W3Snudd.pdf */,
				FF3B6C9A18FF22D100CE49DC /* W4.pdf */,
				FF3B6C9B18FF22D100CE49DC /* W5.pdf */,
				FF3B6C9C18FF22D100CE49DC /* W6.pdf */,
			);
			path = Arbeid;
			sourceTree = "<group>";
		};
		FF3B6C9D18FF22D100CE49DC /* Bølgelengde */ = {
			isa = PBXGroup;
			children = (
				FF3B6C9E18FF22D100CE49DC /* b1.pdf */,
				FF3B6C9F18FF22D100CE49DC /* b1Snudd.pdf */,
				FF3B6CA018FF22D100CE49DC /* b2.pdf */,
				FF3B6CA118FF22D100CE49DC /* b2Snudd.pdf */,
				FF3B6CA218FF22D100CE49DC /* b3.pdf */,
				FF3B6CA318FF22D100CE49DC /* b3Snudd.pdf */,
				FFAC90E718FFDB4F001B1D79 /* b4.pdf */,
				FFAC90E818FFDB4F001B1D79 /* b4Snudd.pdf */,
				FFBA779F1900469400230E10 /* b6.pdf */,
				FFBA77A01900469400230E10 /* b6Snudd.pdf */,
				FFAC90E918FFDB4F001B1D79 /* b5.pdf */,
			);
			path = "Bølgelengde";
			sourceTree = "<group>";
		};
		FF3B6CA418FF22D100CE49DC /* Effekt */ = {
			isa = PBXGroup;
			children = (
				FF3B6CA518FF22D100CE49DC /* P1.pdf */,
				FF3B6CA618FF22D100CE49DC /* P2.pdf */,
				FF3B6CA718FF22D100CE49DC /* P3.pdf */,
				FF3B6CA818FF22D100CE49DC /* P4.pdf */,
				FF3B6CA918FF22D100CE49DC /* P5.pdf */,
				FF3B6CAA18FF22D100CE49DC /* P6.pdf */,
				FFBA77C61901B3CA00230E10 /* P7.pdf */,
			);
			path = Effekt;
			sourceTree = "<group>";
		};
		FF3B6CAB18FF22D100CE49DC /* Energi */ = {
			isa = PBXGroup;
			children = (
				FF3B6CAC18FF22D100CE49DC /* E1.pdf */,
				FF3B6CAD18FF22D100CE49DC /* E1Snudd.pdf */,
				FF3B6CAE18FF22D100CE49DC /* E2.pdf */,
				FF3B6CAF18FF22D100CE49DC /* E3.pdf */,
				FF3B6CB018FF22D100CE49DC /* E4.pdf */,
				FFBA779719003CD300230E10 /* E5.pdf */,
				FFBA779819003CD300230E10 /* E6.pdf */,
				FFBA779919003CD300230E10 /* E7.pdf */,
			);
			path = Energi;
			sourceTree = "<group>";
		};
		FF3B6CBC18FF22D100CE49DC /* Frekvens */ = {
			isa = PBXGroup;
			children = (
				FF3B6CBD18FF22D100CE49DC /* f1.pdf */,
				FF3B6CBE18FF22D100CE49DC /* f2.pdf */,
				FF3B6CBF18FF22D100CE49DC /* f3.pdf */,
				FFBA77A3190132C200230E10 /* f4.pdf */,
				FFBA77A4190132C200230E10 /* f4Snudd.pdf */,
			);
			path = Frekvens;
			sourceTree = "<group>";
		};
		FF3B6CC018FF22D100CE49DC /* Friksjon */ = {
			isa = PBXGroup;
			children = (
				FF3B6CC118FF22D100CE49DC /* R1.pdf */,
				FF3B6CC218FF22D100CE49DC /* R1Snudd.pdf */,
				FF3B6CC318FF22D100CE49DC /* R2.pdf */,
				FF3B6CC418FF22D100CE49DC /* R2Snudd.pdf */,
				FF3B6CC518FF22D100CE49DC /* R3.pdf */,
			);
			path = Friksjon;
			sourceTree = "<group>";
		};
		FF3B6CC918FF22D100CE49DC /* Kinetisk energi */ = {
			isa = PBXGroup;
			children = (
				FF3B6CCA18FF22D100CE49DC /* Ek1.pdf */,
				FF3B6CCB18FF22D100CE49DC /* Ek2.pdf */,
				FF3B6CCC18FF22D100CE49DC /* Ek3.pdf */,
			);
			path = "Kinetisk energi";
			sourceTree = "<group>";
		};
		FF3B6CCD18FF22D100CE49DC /* Krefter */ = {
			isa = PBXGroup;
			children = (
				FF3B6CCE18FF22D100CE49DC /* Fs1.pdf */,
				FF3B6CCF18FF22D100CE49DC /* Fs2.pdf */,
				FF3B6CD018FF22D100CE49DC /* Fs3.pdf */,
			);
			path = Krefter;
			sourceTree = "<group>";
		};
		FF3B6CD118FF22D100CE49DC /* Ladning */ = {
			isa = PBXGroup;
			children = (
				FF3B6CD218FF22D100CE49DC /* L1.pdf */,
				FF3B6CD318FF22D100CE49DC /* L2.pdf */,
				FF3B6CD418FF22D100CE49DC /* L3.pdf */,
			);
			path = Ladning;
			sourceTree = "<group>";
		};
		FF3B6CD518FF22D100CE49DC /* Masse */ = {
			isa = PBXGroup;
			children = (
				FF3B6CD618FF22D100CE49DC /* m1.pdf */,
				FF3B6CD718FF22D100CE49DC /* m1Snudd.pdf */,
				FF3B6CD818FF22D100CE49DC /* m2.pdf */,
				FF3B6CD918FF22D100CE49DC /* m2Snudd.pdf */,
				FF3B6CDA18FF22D100CE49DC /* m3.pdf */,
				FF3B6CDB18FF22D100CE49DC /* m3Snudd.pdf */,
				FF3B6CDC18FF22D100CE49DC /* m4.pdf */,
				FF3B6CDD18FF22D100CE49DC /* m4Snudd.pdf */,
				FF3B6CDE18FF22D100CE49DC /* m5.pdf */,
				FF3B6CDF18FF22D100CE49DC /* m5Snudd.pdf */,
			);
			path = Masse;
			sourceTree = "<group>";
		};
		FF3B6CE018FF22D100CE49DC /* Potensiell energi */ = {
			isa = PBXGroup;
			children = (
				FF3B6CE118FF22D100CE49DC /* Ep1.pdf */,
				FF3B6CE218FF22D100CE49DC /* Ep2.pdf */,
			);
			path = "Potensiell energi";
			sourceTree = "<group>";
		};
		FF3B6CE318FF22D100CE49DC /* Resistans */ = {
			isa = PBXGroup;
			children = (
				FF3B6CE418FF22D100CE49DC /* Re1.pdf */,
				FF3B6CE518FF22D100CE49DC /* Re2.pdf */,
			);
			path = Resistans;
			sourceTree = "<group>";
		};
		FF3B6CE618FF22D100CE49DC /* Spenning */ = {
			isa = PBXGroup;
			children = (
				FF3B6CE718FF22D100CE49DC /* Us1.pdf */,
				FFBA77C41901ACF500230E10 /* Us2.pdf */,
				FF3B6CE918FF22D100CE49DC /* Us3.pdf */,
				FF3B6CEA18FF22D100CE49DC /* Us3Snudd.pdf */,
			);
			path = Spenning;
			sourceTree = "<group>";
		};
		FF3B6CEB18FF22D100CE49DC /* Strekning */ = {
			isa = PBXGroup;
			children = (
				FF3B6CEC18FF22D100CE49DC /* s1.pdf */,
				FF3B6CED18FF22D100CE49DC /* s1Snudd.pdf */,
				FF3B6CEE18FF22D100CE49DC /* s2.pdf */,
				FF3B6CEF18FF22D100CE49DC /* s3.pdf */,
				FF2C494D190512CB00ECF147 /* s4.pdf */,
				FF3B6CF118FF22D100CE49DC /* s4Snudd.pdf */,
			);
			path = Strekning;
			sourceTree = "<group>";
		};
		FF3B6CF218FF22D100CE49DC /* Strøm */ = {
			isa = PBXGroup;
			children = (
				FF3B6CF318FF22D100CE49DC /* Is1.pdf */,
				FF3B6CF418FF22D100CE49DC /* Is2.pdf */,
				FF3B6CF518FF22D100CE49DC /* Is3.pdf */,
				FF3B6CF618FF22D100CE49DC /* Is3Snudd.pdf */,
			);
			path = "Strøm";
			sourceTree = "<group>";
		};
		FF3B6CF718FF22D100CE49DC /* Temperatur */ = {
			isa = PBXGroup;
			children = (
				FF3B6CF818FF22D100CE49DC /* Tm1.pdf */,
				FFBA779D1900468200230E10 /* Tm1Snudd.pdf */,
				FF3B6CF918FF22D100CE49DC /* Tm2.pdf */,
				FF3B6CFA18FF22D100CE49DC /* Tm2Snudd.pdf */,
				FF3B6CFB18FF22D100CE49DC /* Tm3.pdf */,
			);
			path = Temperatur;
			sourceTree = "<group>";
		};
		FF3B6CFC18FF22D100CE49DC /* Tetthet */ = {
			isa = PBXGroup;
			children = (
				FF3B6CFD18FF22D100CE49DC /* rho1.pdf */,
			);
			path = Tetthet;
			sourceTree = "<group>";
		};
		FF3B6CFE18FF22D100CE49DC /* Tid */ = {
			isa = PBXGroup;
			children = (
				FF3B6CFF18FF22D100CE49DC /* t1.pdf */,
				FF3B6D0018FF22D100CE49DC /* t1Snudd.pdf */,
				FF3B6D0118FF22D100CE49DC /* t2.pdf */,
				FF3B6D0218FF22D100CE49DC /* t2Snudd.pdf */,
				FF3B6D0318FF22D100CE49DC /* t3.pdf */,
				FF3B6D0418FF22D100CE49DC /* t3Snudd.pdf */,
				FF3B6D0518FF22D100CE49DC /* t4.pdf */,
				FF3B6D0618FF22D100CE49DC /* t4Snudd.pdf */,
				FF3B6D0718FF22D100CE49DC /* t5.pdf */,
				FF3B6D0818FF22D100CE49DC /* t5Snudd.pdf */,
				FF3B6D0918FF22D100CE49DC /* t6.pdf */,
				FF3B6D0A18FF22D100CE49DC /* t6Snudd.pdf */,
				FF3B6D0B18FF22D100CE49DC /* t7.pdf */,
			);
			path = Tid;
			sourceTree = "<group>";
		};
		FF3B6D0C18FF22D100CE49DC /* Trykk */ = {
			isa = PBXGroup;
			children = (
				FF3B6D0D18FF22D100CE49DC /* pp1.pdf */,
			);
			path = Trykk;
			sourceTree = "<group>";
		};
		FF3B6D0E18FF22D100CE49DC /* Utstrålingstetthet */ = {
			isa = PBXGroup;
			children = (
				FF3B6D0F18FF22D100CE49DC /* U1.pdf */,
				FF3B6D1018FF22D100CE49DC /* U2.pdf */,
			);
			path = "Utstrålingstetthet";
			sourceTree = "<group>";
		};
		FF3B6D1118FF22D100CE49DC /* Varme */ = {
			isa = PBXGroup;
			children = (
				FF3B6D1218FF22D100CE49DC /* Vm1.pdf */,
				FF3B6D1318FF22D100CE49DC /* Vm2.pdf */,
				FF3B6D1418FF22D100CE49DC /* Vm3.pdf */,
			);
			path = Varme;
			sourceTree = "<group>";
		};
		FFBA77A719013F5A00230E10 /* Fart */ = {
			isa = PBXGroup;
			children = (
				FFBA77A819013F5A00230E10 /* v1.pdf */,
				FFBA77A919013F5A00230E10 /* v10.pdf */,
				FFBA77AA19013F5A00230E10 /* v11.pdf */,
				FFBA77AB19013F5A00230E10 /* v2.pdf */,
				FFBA77AC19013F5A00230E10 /* v3.pdf */,
				FFBA77AD19013F5A00230E10 /* v4.pdf */,
				FFBA77AE19013F5A00230E10 /* v4Snudd.pdf */,
				FFBA77AF19013F5A00230E10 /* v5.pdf */,
				FFBA77B019013F5A00230E10 /* v6.pdf */,
				FFBA77B119013F5A00230E10 /* v7.pdf */,
				FFBA77C01901424000230E10 /* v7Snudd.pdf */,
				FFBA77B219013F5A00230E10 /* v8.pdf */,
				FFBA77B319013F5A00230E10 /* v9.pdf */,
			);
			path = Fart;
			sourceTree = "<group>";
		};
/* End PBXGroup section */

/* Begin PBXNativeTarget section */
		08FA780618A28E4800097C6E /* Fysikkformler */ = {
			isa = PBXNativeTarget;
			buildConfigurationList = 08FA783918A28E4900097C6E /* Build configuration list for PBXNativeTarget "Fysikkformler" */;
			buildPhases = (
				08FA780318A28E4800097C6E /* Sources */,
				08FA780418A28E4800097C6E /* Frameworks */,
				08FA780518A28E4800097C6E /* Resources */,
			);
			buildRules = (
			);
			dependencies = (
			);
			name = Fysikkformler;
			productName = Fysikkformler;
			productReference = 08FA780718A28E4800097C6E /* Fysikkformler.app */;
			productType = "com.apple.product-type.application";
		};
		08FA782718A28E4900097C6E /* FysikkformlerTests */ = {
			isa = PBXNativeTarget;
			buildConfigurationList = 08FA783C18A28E4900097C6E /* Build configuration list for PBXNativeTarget "FysikkformlerTests" */;
			buildPhases = (
				08FA782418A28E4900097C6E /* Sources */,
				08FA782518A28E4900097C6E /* Frameworks */,
				08FA782618A28E4900097C6E /* Resources */,
			);
			buildRules = (
			);
			dependencies = (
				08FA782E18A28E4900097C6E /* PBXTargetDependency */,
			);
			name = FysikkformlerTests;
			productName = FysikkformlerTests;
			productReference = 08FA782818A28E4900097C6E /* FysikkformlerTests.xctest */;
			productType = "com.apple.product-type.bundle.unit-test";
		};
/* End PBXNativeTarget section */

/* Begin PBXProject section */
		08FA77FF18A28E4800097C6E /* Project object */ = {
			isa = PBXProject;
			attributes = {
				LastUpgradeCheck = 0510;
				ORGANIZATIONNAME = "Oscar Apeland";
				TargetAttributes = {
					08FA780618A28E4800097C6E = {
						DevelopmentTeam = V3S3PN2CV8;
						SystemCapabilities = {
							com.apple.InAppPurchase = {
								enabled = 0;
							};
							com.apple.iOS = {
								enabled = 0;
							};
						};
					};
					08FA782718A28E4900097C6E = {
						TestTargetID = 08FA780618A28E4800097C6E;
					};
				};
			};
			buildConfigurationList = 08FA780218A28E4800097C6E /* Build configuration list for PBXProject "Fysikkformler" */;
			compatibilityVersion = "Xcode 3.2";
			developmentRegion = English;
			hasScannedForEncodings = 0;
			knownRegions = (
				en,
				Base,
			);
			mainGroup = 08FA77FE18A28E4800097C6E;
			productRefGroup = 08FA780818A28E4800097C6E /* Products */;
			projectDirPath = "";
			projectRoot = "";
			targets = (
				08FA780618A28E4800097C6E /* Fysikkformler */,
				08FA782718A28E4900097C6E /* FysikkformlerTests */,
			);
		};
/* End PBXProject section */

/* Begin PBXResourcesBuildPhase section */
		08FA780518A28E4800097C6E /* Resources */ = {
			isa = PBXResourcesBuildPhase;
			buildActionMask = 2147483647;
			files = (
				FFBA77BE19013F5A00230E10 /* v8.pdf in Resources */,
				FF3B6D8518FF22D100CE49DC /* Vm2.pdf in Resources */,
				FFBA77C71901B3CA00230E10 /* P7.pdf in Resources */,
				FF3B6D1C18FF22D100CE49DC /* a4Snudd.pdf in Resources */,
				FF3B6D5E18FF22D100CE49DC /* Ep2.pdf in Resources */,
				FF3B6D5718FF22D100CE49DC /* m3.pdf in Resources */,
				08FA792818A2938400097C6E /* atomcloud-grey.png in Resources */,
				FF3B6D6E18FF22D100CE49DC /* Is3Snudd.pdf in Resources */,
				FFBA77BC19013F5A00230E10 /* v6.pdf in Resources */,
				FF3B6D6418FF22D100CE49DC /* Us3Snudd.pdf in Resources */,
				FF3B6D1918FF22D100CE49DC /* a3.pdf in Resources */,
				FF3B6D5918FF22D100CE49DC /* m4.pdf in Resources */,
				FF3B6D7918FF22D100CE49DC /* t3Snudd.pdf in Resources */,
				08395E8D18A9641400CDCDFC /* Icon-Small-50@2x.png in Resources */,
				083DBB5D18F7E3A200C7C732 /* 6-480h@2x.png in Resources */,
				FFBA77B519013F5A00230E10 /* v10.pdf in Resources */,
				FFBA77B719013F5A00230E10 /* v2.pdf in Resources */,
				FFAC90EC18FFDB4F001B1D79 /* b5.pdf in Resources */,
				08395E8918A9641400CDCDFC /* Icon-76.png in Resources */,
				FF3B6D2A18FF22D100CE49DC /* b3Snudd.pdf in Resources */,
				FF3B6D8018FF22D100CE49DC /* t7.pdf in Resources */,
				FFBA77A11900469400230E10 /* b6.pdf in Resources */,
				FF3B6D3218FF22D100CE49DC /* E1Snudd.pdf in Resources */,
				FF3B6D7D18FF22D100CE49DC /* t5Snudd.pdf in Resources */,
				FF3B6D1A18FF22D100CE49DC /* a3Snudd.pdf in Resources */,
				085FDF4F18D7173900F3465A /* 480h@2x.png in Resources */,
				FFBA77B819013F5A00230E10 /* v3.pdf in Resources */,
				FF3B6D2618FF22D100CE49DC /* b1Snudd.pdf in Resources */,
				FF3B6D4618FF22D100CE49DC /* R2Snudd.pdf in Resources */,
				FF3B6D7F18FF22D100CE49DC /* t6Snudd.pdf in Resources */,
				FF3B6D3118FF22D100CE49DC /* E1.pdf in Resources */,
				FF3B6D7A18FF22D100CE49DC /* t4.pdf in Resources */,
				FF3B6D2818FF22D100CE49DC /* b2Snudd.pdf in Resources */,
				08FA78DC18A2938400097C6E /* LICENSE.txt in Resources */,
				FF3B6D3018FF22D100CE49DC /* P6.pdf in Resources */,
				FF3B6D2B18FF22D100CE49DC /* P1.pdf in Resources */,
				FF3B6D7218FF22D100CE49DC /* Tm3.pdf in Resources */,
				FF3B6D8418FF22D100CE49DC /* Vm1.pdf in Resources */,
				085FDF5218D717A600F3465A /* Images.xcassets in Resources */,
				FF3B6D2918FF22D100CE49DC /* b3.pdf in Resources */,
				08FA78D618A2938400097C6E /* FormelCell.xib in Resources */,
				FF3B6D4B18FF22D100CE49DC /* Ek2.pdf in Resources */,
				FF3B6D7E18FF22D100CE49DC /* t6.pdf in Resources */,
				FF3B6D7818FF22D100CE49DC /* t3.pdf in Resources */,
				FF3B6D4D18FF22D100CE49DC /* Fs1.pdf in Resources */,
				FF3B6D5118FF22D100CE49DC /* L2.pdf in Resources */,
				0865993A18E9B8DC004500FD /* formulas.json in Resources */,
				FF3B6D2F18FF22D100CE49DC /* P5.pdf in Resources */,
				FF3B6D4018FF22D100CE49DC /* f1.pdf in Resources */,
				FF3B6D1718FF22D100CE49DC /* a2.pdf in Resources */,
				FFBA77BF19013F5A00230E10 /* v9.pdf in Resources */,
				FF3B6D8618FF22D100CE49DC /* Vm3.pdf in Resources */,
				FF3B6D2118FF22D100CE49DC /* W3Snudd.pdf in Resources */,
				FFBA77A5190132C200230E10 /* f4.pdf in Resources */,
				FF3B6D6C18FF22D100CE49DC /* Is2.pdf in Resources */,
				FF3B6D4C18FF22D100CE49DC /* Ek3.pdf in Resources */,
				08395E8B18A9641400CDCDFC /* Icon-Med-40@2x.png in Resources */,
				FF3B6D5B18FF22D100CE49DC /* m5.pdf in Resources */,
				FF3B6D5F18FF22D100CE49DC /* Re1.pdf in Resources */,
				FF3B6D7418FF22D100CE49DC /* t1.pdf in Resources */,
				FF3B6D4518FF22D100CE49DC /* R2.pdf in Resources */,
				FF3B6D2C18FF22D100CE49DC /* P2.pdf in Resources */,
				FF3B6D6618FF22D100CE49DC /* s1Snudd.pdf in Resources */,
				FF3B6D4218FF22D100CE49DC /* f3.pdf in Resources */,
				FFAC90EA18FFDB4F001B1D79 /* b4.pdf in Resources */,
				FFBA77B619013F5A00230E10 /* v11.pdf in Resources */,
				FFAC90EB18FFDB4F001B1D79 /* b4Snudd.pdf in Resources */,
				08395E8A18A9641400CDCDFC /* Icon-Med-40.png in Resources */,
				FF3B6D1818FF22D100CE49DC /* a2Snudd.pdf in Resources */,
				FF3B6D4E18FF22D100CE49DC /* Fs2.pdf in Resources */,
				FF3B6D1F18FF22D100CE49DC /* W2.pdf in Resources */,
				FFBA77B419013F5A00230E10 /* v1.pdf in Resources */,
				FF3B6D6318FF22D100CE49DC /* Us3.pdf in Resources */,
				FF3B6D2D18FF22D100CE49DC /* P3.pdf in Resources */,
				08395E9018A9641400CDCDFC /* Icon.png in Resources */,
				FF3B6D2E18FF22D100CE49DC /* P4.pdf in Resources */,
				FF3B6D7C18FF22D100CE49DC /* t5.pdf in Resources */,
				FFBA77C11901424000230E10 /* v7Snudd.pdf in Resources */,
				FF3B6D5A18FF22D100CE49DC /* m4Snudd.pdf in Resources */,
				FF3B6D6B18FF22D100CE49DC /* Is1.pdf in Resources */,
				FFBA779E1900468200230E10 /* Tm1Snudd.pdf in Resources */,
				FFBA77C51901ACF500230E10 /* Us2.pdf in Resources */,
				FF3B6D7618FF22D100CE49DC /* t2.pdf in Resources */,
				FF3B6D2018FF22D100CE49DC /* W3.pdf in Resources */,
				FF3B6D3318FF22D100CE49DC /* E2.pdf in Resources */,
				FF3B6D3518FF22D100CE49DC /* E4.pdf in Resources */,
				08395E8E18A9641400CDCDFC /* Icon-Small.png in Resources */,
				FF3B6D6518FF22D100CE49DC /* s1.pdf in Resources */,
				FF3B6D4718FF22D100CE49DC /* R3.pdf in Resources */,
				FF3B6D4A18FF22D100CE49DC /* Ek1.pdf in Resources */,
				FFBA77A21900469400230E10 /* b6Snudd.pdf in Resources */,
				FF3B6D1E18FF22D100CE49DC /* W1.pdf in Resources */,
				FF3B6D8118FF22D100CE49DC /* pp1.pdf in Resources */,
				08395E8718A9641400CDCDFC /* Icon-152.png in Resources */,
				08395E8C18A9641400CDCDFC /* Icon-Small-50.png in Resources */,
				FF3B6D2718FF22D100CE49DC /* b2.pdf in Resources */,
				FF3B6D8318FF22D100CE49DC /* U2.pdf in Resources */,
				08395E8518A9641400CDCDFC /* Icon-120.png in Resources */,
				FF3B6D2418FF22D100CE49DC /* W6.pdf in Resources */,
				FFBA77B919013F5A00230E10 /* v4.pdf in Resources */,
				FF3B6D2218FF22D100CE49DC /* W4.pdf in Resources */,
				08395E8618A9641400CDCDFC /* Icon-144.png in Resources */,
				FF3B6D5418FF22D100CE49DC /* m1Snudd.pdf in Resources */,
				FFBA77BA19013F5A00230E10 /* v4Snudd.pdf in Resources */,
				FF3B6D7318FF22D100CE49DC /* rho1.pdf in Resources */,
				083DBB5E18F7E3A200C7C732 /* 6-568h@2x.png in Resources */,
				FFBA77BB19013F5A00230E10 /* v5.pdf in Resources */,
				FF3B6D2518FF22D100CE49DC /* b1.pdf in Resources */,
				083DBB5C18F7E3A200C7C732 /* 6-480h.png in Resources */,
				FF3B6D7518FF22D100CE49DC /* t1Snudd.pdf in Resources */,
				FFBA779A19003CD300230E10 /* E5.pdf in Resources */,
				FF3B6D5618FF22D100CE49DC /* m2Snudd.pdf in Resources */,
				FFBA77BD19013F5A00230E10 /* v7.pdf in Resources */,
				FF3B6D1618FF22D100CE49DC /* a1Snudd.pdf in Resources */,
				FF3B6D1D18FF22D100CE49DC /* a5.pdf in Resources */,
				08395E8818A9641400CDCDFC /* Icon-72.png in Resources */,
				FF3B6D6F18FF22D100CE49DC /* Tm1.pdf in Resources */,
				FF3B6D6018FF22D100CE49DC /* Re2.pdf in Resources */,
				FF2C494E190512CB00ECF147 /* s4.pdf in Resources */,
				FF3B6D6118FF22D100CE49DC /* Us1.pdf in Resources */,
				FF3B6D2318FF22D100CE49DC /* W5.pdf in Resources */,
				085FDF5018D7173900F3465A /* 568h@2x.png in Resources */,
				FF3B6D6A18FF22D100CE49DC /* s4Snudd.pdf in Resources */,
				FF3B6D5318FF22D100CE49DC /* m1.pdf in Resources */,
				FF3B6D5C18FF22D100CE49DC /* m5Snudd.pdf in Resources */,
				FF3B6D6D18FF22D100CE49DC /* Is3.pdf in Resources */,
				FFBA77A6190132C200230E10 /* f4Snudd.pdf in Resources */,
				FF3B6D6818FF22D100CE49DC /* s3.pdf in Resources */,
				FF3B6D4118FF22D100CE49DC /* f2.pdf in Resources */,
				08FA784E18A28FC300097C6E /* InfoPlist.strings in Resources */,
				FFBA779C19003CD300230E10 /* E7.pdf in Resources */,
				FF3B6D1518FF22D100CE49DC /* a1.pdf in Resources */,
				FF3B6D5518FF22D100CE49DC /* m2.pdf in Resources */,
				FF3B6D8218FF22D100CE49DC /* U1.pdf in Resources */,
				FFBA779B19003CD300230E10 /* E6.pdf in Resources */,
				FF3B6D1B18FF22D100CE49DC /* a4.pdf in Resources */,
				08395E8F18A9641400CDCDFC /* Icon-Small@2x.png in Resources */,
				FF3B6D5818FF22D100CE49DC /* m3Snudd.pdf in Resources */,
				FF3B6D7B18FF22D100CE49DC /* t4Snudd.pdf in Resources */,
				08395E9118A9641400CDCDFC /* Icon@2x.png in Resources */,
				FF3B6D4418FF22D100CE49DC /* R1Snudd.pdf in Resources */,
				FF3B6D4318FF22D100CE49DC /* R1.pdf in Resources */,
				FF3B6D6718FF22D100CE49DC /* s2.pdf in Resources */,
				FF3B6D4F18FF22D100CE49DC /* Fs3.pdf in Resources */,
				08AD07CC18D6F5810037DC80 /* MenuCell.xib in Resources */,
				FF3B6D7018FF22D100CE49DC /* Tm2.pdf in Resources */,
				FF3B6D5018FF22D100CE49DC /* L1.pdf in Resources */,
				FF3B6D7718FF22D100CE49DC /* t2Snudd.pdf in Resources */,
				FF3B6D5218FF22D100CE49DC /* L3.pdf in Resources */,
				FF3B6D5D18FF22D100CE49DC /* Ep1.pdf in Resources */,
				FF3B6D7118FF22D100CE49DC /* Tm2Snudd.pdf in Resources */,
				FF3B6D3418FF22D100CE49DC /* E3.pdf in Resources */,
				08FA78D718A2938400097C6E /* iPhone.storyboard in Resources */,
			);
			runOnlyForDeploymentPostprocessing = 0;
		};
		08FA782618A28E4900097C6E /* Resources */ = {
			isa = PBXResourcesBuildPhase;
			buildActionMask = 2147483647;
			files = (
				08FA783418A28E4900097C6E /* InfoPlist.strings in Resources */,
			);
			runOnlyForDeploymentPostprocessing = 0;
		};
/* End PBXResourcesBuildPhase section */

/* Begin PBXSourcesBuildPhase section */
		08FA780318A28E4800097C6E /* Sources */ = {
			isa = PBXSourcesBuildPhase;
			buildActionMask = 2147483647;
			files = (
				08FA78D918A2938400097C6E /* FormelViewController.m in Sources */,
				08FA78D818A2938400097C6E /* FormelCell.m in Sources */,
				08FA784F18A28FC300097C6E /* main.m in Sources */,
				08FA78E018A2938400097C6E /* UIImage+PDF.m in Sources */,
				08FA78E118A2938400097C6E /* UIView+Image.m in Sources */,
				08FA78DE18A2938400097C6E /* NSString+MD5.m in Sources */,
				08FA78DD18A2938400097C6E /* NSData+MD5.m in Sources */,
				085FDF4B18D7066200F3465A /* Singleton.m in Sources */,
				08FA78DF18A2938400097C6E /* PDFView.m in Sources */,
				0815C0A218D6F48300DF9630 /* MenuCell.m in Sources */,
				08FA78DB18A2938400097C6E /* StartViewController.m in Sources */,
				08FA78DA18A2938400097C6E /* InfoViewViewController.m in Sources */,
				08FA78D518A2938400097C6E /* Formel.m in Sources */,
				08FA784C18A28FC300097C6E /* AppDelegate.m in Sources */,
			);
			runOnlyForDeploymentPostprocessing = 0;
		};
		08FA782418A28E4900097C6E /* Sources */ = {
			isa = PBXSourcesBuildPhase;
			buildActionMask = 2147483647;
			files = (
				08FA783618A28E4900097C6E /* FysikkformlerTests.m in Sources */,
			);
			runOnlyForDeploymentPostprocessing = 0;
		};
/* End PBXSourcesBuildPhase section */

/* Begin PBXTargetDependency section */
		08FA782E18A28E4900097C6E /* PBXTargetDependency */ = {
			isa = PBXTargetDependency;
			target = 08FA780618A28E4800097C6E /* Fysikkformler */;
			targetProxy = 08FA782D18A28E4900097C6E /* PBXContainerItemProxy */;
		};
/* End PBXTargetDependency section */

/* Begin PBXVariantGroup section */
		08FA783218A28E4900097C6E /* InfoPlist.strings */ = {
			isa = PBXVariantGroup;
			children = (
				08FA783318A28E4900097C6E /* en */,
			);
			name = InfoPlist.strings;
			sourceTree = "<group>";
		};
/* End PBXVariantGroup section */

/* Begin XCBuildConfiguration section */
		08FA783718A28E4900097C6E /* Debug */ = {
			isa = XCBuildConfiguration;
			buildSettings = {
				ALWAYS_SEARCH_USER_PATHS = NO;
				CLANG_CXX_LANGUAGE_STANDARD = "gnu++0x";
				CLANG_CXX_LIBRARY = "libc++";
				CLANG_ENABLE_MODULES = YES;
				CLANG_ENABLE_OBJC_ARC = YES;
				CLANG_WARN_BOOL_CONVERSION = YES;
				CLANG_WARN_CONSTANT_CONVERSION = YES;
				CLANG_WARN_DIRECT_OBJC_ISA_USAGE = YES_ERROR;
				CLANG_WARN_EMPTY_BODY = YES;
				CLANG_WARN_ENUM_CONVERSION = YES;
				CLANG_WARN_INT_CONVERSION = YES;
				CLANG_WARN_OBJC_ROOT_CLASS = YES_ERROR;
				CLANG_WARN__DUPLICATE_METHOD_MATCH = YES;
				"CODE_SIGN_IDENTITY[sdk=iphoneos*]" = "iPhone Developer";
				COPY_PHASE_STRIP = NO;
				GCC_C_LANGUAGE_STANDARD = gnu99;
				GCC_DYNAMIC_NO_PIC = NO;
				GCC_OPTIMIZATION_LEVEL = 0;
				GCC_PREPROCESSOR_DEFINITIONS = (
					"DEBUG=1",
					"$(inherited)",
				);
				GCC_SYMBOLS_PRIVATE_EXTERN = NO;
				GCC_WARN_64_TO_32_BIT_CONVERSION = YES;
				GCC_WARN_ABOUT_RETURN_TYPE = YES_ERROR;
				GCC_WARN_UNDECLARED_SELECTOR = YES;
				GCC_WARN_UNINITIALIZED_AUTOS = YES;
				GCC_WARN_UNUSED_FUNCTION = YES;
				GCC_WARN_UNUSED_VARIABLE = YES;
				IPHONEOS_DEPLOYMENT_TARGET = 7.0;
				ONLY_ACTIVE_ARCH = YES;
				SDKROOT = iphoneos;
			};
			name = Debug;
		};
		08FA783818A28E4900097C6E /* Release */ = {
			isa = XCBuildConfiguration;
			buildSettings = {
				ALWAYS_SEARCH_USER_PATHS = NO;
				CLANG_CXX_LANGUAGE_STANDARD = "gnu++0x";
				CLANG_CXX_LIBRARY = "libc++";
				CLANG_ENABLE_MODULES = YES;
				CLANG_ENABLE_OBJC_ARC = YES;
				CLANG_WARN_BOOL_CONVERSION = YES;
				CLANG_WARN_CONSTANT_CONVERSION = YES;
				CLANG_WARN_DIRECT_OBJC_ISA_USAGE = YES_ERROR;
				CLANG_WARN_EMPTY_BODY = YES;
				CLANG_WARN_ENUM_CONVERSION = YES;
				CLANG_WARN_INT_CONVERSION = YES;
				CLANG_WARN_OBJC_ROOT_CLASS = YES_ERROR;
				CLANG_WARN__DUPLICATE_METHOD_MATCH = YES;
				"CODE_SIGN_IDENTITY[sdk=iphoneos*]" = "iPhone Developer";
				COPY_PHASE_STRIP = YES;
				ENABLE_NS_ASSERTIONS = NO;
				GCC_C_LANGUAGE_STANDARD = gnu99;
				GCC_WARN_64_TO_32_BIT_CONVERSION = YES;
				GCC_WARN_ABOUT_RETURN_TYPE = YES_ERROR;
				GCC_WARN_UNDECLARED_SELECTOR = YES;
				GCC_WARN_UNINITIALIZED_AUTOS = YES;
				GCC_WARN_UNUSED_FUNCTION = YES;
				GCC_WARN_UNUSED_VARIABLE = YES;
				IPHONEOS_DEPLOYMENT_TARGET = 7.0;
				SDKROOT = iphoneos;
				VALIDATE_PRODUCT = YES;
			};
			name = Release;
		};
		08FA783A18A28E4900097C6E /* Debug */ = {
			isa = XCBuildConfiguration;
			buildSettings = {
				ASSETCATALOG_COMPILER_APPICON_NAME = AppIcon;
				ASSETCATALOG_COMPILER_LAUNCHIMAGE_NAME = LaunchImage;
				CODE_SIGN_IDENTITY = "iPhone Developer";
				"CODE_SIGN_IDENTITY[sdk=iphoneos*]" = "iPhone Developer";
				GCC_PRECOMPILE_PREFIX_HEADER = YES;
				GCC_PREFIX_HEADER = "Fysikkformler/Assisting Files/Fysikkformler-Prefix.pch";
				INFOPLIST_FILE = "$(SRCROOT)/Fysikkformler/Assisting Files/Fysikkformler-Info.plist";
				IPHONEOS_DEPLOYMENT_TARGET = 6.1;
				PRODUCT_NAME = "$(TARGET_NAME)";
				PROVISIONING_PROFILE = "";
				WRAPPER_EXTENSION = app;
			};
			name = Debug;
		};
		08FA783B18A28E4900097C6E /* Release */ = {
			isa = XCBuildConfiguration;
			buildSettings = {
				ASSETCATALOG_COMPILER_APPICON_NAME = AppIcon;
				ASSETCATALOG_COMPILER_LAUNCHIMAGE_NAME = LaunchImage;
				CODE_SIGN_IDENTITY = "iPhone Developer";
				"CODE_SIGN_IDENTITY[sdk=iphoneos*]" = "iPhone Developer";
				GCC_PRECOMPILE_PREFIX_HEADER = YES;
				GCC_PREFIX_HEADER = "Fysikkformler/Assisting Files/Fysikkformler-Prefix.pch";
				INFOPLIST_FILE = "$(SRCROOT)/Fysikkformler/Assisting Files/Fysikkformler-Info.plist";
				IPHONEOS_DEPLOYMENT_TARGET = 6.1;
				PRODUCT_NAME = "$(TARGET_NAME)";
				PROVISIONING_PROFILE = "";
				WRAPPER_EXTENSION = app;
			};
			name = Release;
		};
		08FA783D18A28E4900097C6E /* Debug */ = {
			isa = XCBuildConfiguration;
			buildSettings = {
				BUNDLE_LOADER = "$(BUILT_PRODUCTS_DIR)/Fysikkformler.app/Fysikkformler";
				FRAMEWORK_SEARCH_PATHS = (
					"$(SDKROOT)/Developer/Library/Frameworks",
					"$(inherited)",
					"$(DEVELOPER_FRAMEWORKS_DIR)",
				);
				GCC_PRECOMPILE_PREFIX_HEADER = YES;
				GCC_PREFIX_HEADER = "Fysikkformler/Fysikkformler-Prefix.pch";
				GCC_PREPROCESSOR_DEFINITIONS = (
					"DEBUG=1",
					"$(inherited)",
				);
				INFOPLIST_FILE = "FysikkformlerTests/FysikkformlerTests-Info.plist";
				PRODUCT_NAME = "$(TARGET_NAME)";
				TEST_HOST = "$(BUNDLE_LOADER)";
				WRAPPER_EXTENSION = xctest;
			};
			name = Debug;
		};
		08FA783E18A28E4900097C6E /* Release */ = {
			isa = XCBuildConfiguration;
			buildSettings = {
				BUNDLE_LOADER = "$(BUILT_PRODUCTS_DIR)/Fysikkformler.app/Fysikkformler";
				FRAMEWORK_SEARCH_PATHS = (
					"$(SDKROOT)/Developer/Library/Frameworks",
					"$(inherited)",
					"$(DEVELOPER_FRAMEWORKS_DIR)",
				);
				GCC_PRECOMPILE_PREFIX_HEADER = YES;
				GCC_PREFIX_HEADER = "Fysikkformler/Fysikkformler-Prefix.pch";
				INFOPLIST_FILE = "FysikkformlerTests/FysikkformlerTests-Info.plist";
				PRODUCT_NAME = "$(TARGET_NAME)";
				TEST_HOST = "$(BUNDLE_LOADER)";
				WRAPPER_EXTENSION = xctest;
			};
			name = Release;
		};
/* End XCBuildConfiguration section */

/* Begin XCConfigurationList section */
		08FA780218A28E4800097C6E /* Build configuration list for PBXProject "Fysikkformler" */ = {
			isa = XCConfigurationList;
			buildConfigurations = (
				08FA783718A28E4900097C6E /* Debug */,
				08FA783818A28E4900097C6E /* Release */,
			);
			defaultConfigurationIsVisible = 0;
			defaultConfigurationName = Release;
		};
		08FA783918A28E4900097C6E /* Build configuration list for PBXNativeTarget "Fysikkformler" */ = {
			isa = XCConfigurationList;
			buildConfigurations = (
				08FA783A18A28E4900097C6E /* Debug */,
				08FA783B18A28E4900097C6E /* Release */,
			);
			defaultConfigurationIsVisible = 0;
			defaultConfigurationName = Release;
		};
		08FA783C18A28E4900097C6E /* Build configuration list for PBXNativeTarget "FysikkformlerTests" */ = {
			isa = XCConfigurationList;
			buildConfigurations = (
				08FA783D18A28E4900097C6E /* Debug */,
				08FA783E18A28E4900097C6E /* Release */,
			);
			defaultConfigurationIsVisible = 0;
			defaultConfigurationName = Release;
		};
/* End XCConfigurationList section */
	};
	rootObject = 08FA77FF18A28E4800097C6E /* Project object */;
}
