// !$*UTF8*$!
{
	archiveVersion = 1;
	classes = {
	};
	objectVersion = 46;
	objects = {

/* Begin PBXBuildFile section */
		0815C0A218D6F48300DF9630 /* MenuCell.m in Sources */ = {isa = PBXBuildFile; fileRef = 0815C0A118D6F48300DF9630 /* MenuCell.m */; };
		08395E8518A9641400CDCDFC /* Icon-120.png in Resources */ = {isa = PBXBuildFile; fileRef = 08395E7818A9641400CDCDFC /* Icon-120.png */; };
		08395E8618A9641400CDCDFC /* Icon-144.png in Resources */ = {isa = PBXBuildFile; fileRef = 08395E7918A9641400CDCDFC /* Icon-144.png */; };
		08395E8718A9641400CDCDFC /* Icon-152.png in Resources */ = {isa = PBXBuildFile; fileRef = 08395E7A18A9641400CDCDFC /* Icon-152.png */; };
		08395E8818A9641400CDCDFC /* Icon-72.png in Resources */ = {isa = PBXBuildFile; fileRef = 08395E7B18A9641400CDCDFC /* Icon-72.png */; };
		08395E8918A9641400CDCDFC /* Icon-76.png in Resources */ = {isa = PBXBuildFile; fileRef = 08395E7C18A9641400CDCDFC /* Icon-76.png */; };
		08395E8A18A9641400CDCDFC /* Icon-Med-40.png in Resources */ = {isa = PBXBuildFile; fileRef = 08395E7D18A9641400CDCDFC /* Icon-Med-40.png */; };
		08395E8B18A9641400CDCDFC /* Icon-Med-40@2x.png in Resources */ = {isa = PBXBuildFile; fileRef = 08395E7E18A9641400CDCDFC /* Icon-Med-40@2x.png */; };
		08395E8C18A9641400CDCDFC /* Icon-Small-50.png in Resources */ = {isa = PBXBuildFile; fileRef = 08395E7F18A9641400CDCDFC /* Icon-Small-50.png */; };
		08395E8D18A9641400CDCDFC /* Icon-Small-50@2x.png in Resources */ = {isa = PBXBuildFile; fileRef = 08395E8018A9641400CDCDFC /* Icon-Small-50@2x.png */; };
		08395E8E18A9641400CDCDFC /* Icon-Small.png in Resources */ = {isa = PBXBuildFile; fileRef = 08395E8118A9641400CDCDFC /* Icon-Small.png */; };
		08395E8F18A9641400CDCDFC /* Icon-Small@2x.png in Resources */ = {isa = PBXBuildFile; fileRef = 08395E8218A9641400CDCDFC /* Icon-Small@2x.png */; };
		08395E9018A9641400CDCDFC /* Icon.png in Resources */ = {isa = PBXBuildFile; fileRef = 08395E8318A9641400CDCDFC /* Icon.png */; };
		08395E9118A9641400CDCDFC /* Icon@2x.png in Resources */ = {isa = PBXBuildFile; fileRef = 08395E8418A9641400CDCDFC /* Icon@2x.png */; };
		085FDF4B18D7066200F3465A /* Singleton.m in Sources */ = {isa = PBXBuildFile; fileRef = 085FDF4A18D7066200F3465A /* Singleton.m */; };
		085FDF4F18D7173900F3465A /* 480h@2x.png in Resources */ = {isa = PBXBuildFile; fileRef = 085FDF4D18D7173900F3465A /* 480h@2x.png */; };
		085FDF5018D7173900F3465A /* 568h@2x.png in Resources */ = {isa = PBXBuildFile; fileRef = 085FDF4E18D7173900F3465A /* 568h@2x.png */; };
		085FDF5218D717A600F3465A /* Images.xcassets in Resources */ = {isa = PBXBuildFile; fileRef = 085FDF5118D717A600F3465A /* Images.xcassets */; };
		0865993A18E9B8DC004500FD /* formulas.json in Resources */ = {isa = PBXBuildFile; fileRef = 0865993918E9B8DC004500FD /* formulas.json */; };
		08A70A3418F565D80061691A /* W1.pdf in Resources */ = {isa = PBXBuildFile; fileRef = 08A709BB18F565D80061691A /* W1.pdf */; };
		08A70A3518F565D80061691A /* W2.pdf in Resources */ = {isa = PBXBuildFile; fileRef = 08A709BC18F565D80061691A /* W2.pdf */; };
		08A70A3618F565D80061691A /* W3.pdf in Resources */ = {isa = PBXBuildFile; fileRef = 08A709BD18F565D80061691A /* W3.pdf */; };
		08A70A3718F565D80061691A /* W3Snudd.pdf in Resources */ = {isa = PBXBuildFile; fileRef = 08A709BE18F565D80061691A /* W3Snudd.pdf */; };
		08A70A3818F565D80061691A /* W4.pdf in Resources */ = {isa = PBXBuildFile; fileRef = 08A709BF18F565D80061691A /* W4.pdf */; };
		08A70A3918F565D80061691A /* W5.pdf in Resources */ = {isa = PBXBuildFile; fileRef = 08A709C018F565D80061691A /* W5.pdf */; };
		08A70A3A18F565D80061691A /* W6.pdf in Resources */ = {isa = PBXBuildFile; fileRef = 08A709C118F565D80061691A /* W6.pdf */; };
		08A70A3B18F565D80061691A /* b1.pdf in Resources */ = {isa = PBXBuildFile; fileRef = 08A709C318F565D80061691A /* b1.pdf */; };
		08A70A3C18F565D80061691A /* b1Snudd.pdf in Resources */ = {isa = PBXBuildFile; fileRef = 08A709C418F565D80061691A /* b1Snudd.pdf */; };
		08A70A3D18F565D80061691A /* b2.pdf in Resources */ = {isa = PBXBuildFile; fileRef = 08A709C518F565D80061691A /* b2.pdf */; };
		08A70A3E18F565D80061691A /* b2Snudd.pdf in Resources */ = {isa = PBXBuildFile; fileRef = 08A709C618F565D80061691A /* b2Snudd.pdf */; };
		08A70A3F18F565D80061691A /* b3.pdf in Resources */ = {isa = PBXBuildFile; fileRef = 08A709C718F565D80061691A /* b3.pdf */; };
		08A70A4018F565D80061691A /* b3Snudd.pdf in Resources */ = {isa = PBXBuildFile; fileRef = 08A709C818F565D80061691A /* b3Snudd.pdf */; };
		08A70A4118F565D80061691A /* P1.pdf in Resources */ = {isa = PBXBuildFile; fileRef = 08A709CA18F565D80061691A /* P1.pdf */; };
		08A70A4218F565D80061691A /* P2.pdf in Resources */ = {isa = PBXBuildFile; fileRef = 08A709CB18F565D80061691A /* P2.pdf */; };
		08A70A4318F565D80061691A /* P3.pdf in Resources */ = {isa = PBXBuildFile; fileRef = 08A709CC18F565D80061691A /* P3.pdf */; };
		08A70A4418F565D80061691A /* P4.pdf in Resources */ = {isa = PBXBuildFile; fileRef = 08A709CD18F565D80061691A /* P4.pdf */; };
		08A70A4518F565D80061691A /* P5.pdf in Resources */ = {isa = PBXBuildFile; fileRef = 08A709CE18F565D80061691A /* P5.pdf */; };
		08A70A4618F565D80061691A /* E1.pdf in Resources */ = {isa = PBXBuildFile; fileRef = 08A709D018F565D80061691A /* E1.pdf */; };
		08A70A4718F565D80061691A /* E1Snudd.pdf in Resources */ = {isa = PBXBuildFile; fileRef = 08A709D118F565D80061691A /* E1Snudd.pdf */; };
		08A70A4818F565D80061691A /* E2.pdf in Resources */ = {isa = PBXBuildFile; fileRef = 08A709D218F565D80061691A /* E2.pdf */; };
		08A70A4918F565D80061691A /* E3.pdf in Resources */ = {isa = PBXBuildFile; fileRef = 08A709D318F565D80061691A /* E3.pdf */; };
		08A70A4A18F565D80061691A /* E4.pdf in Resources */ = {isa = PBXBuildFile; fileRef = 08A709D418F565D80061691A /* E4.pdf */; };
		08A70A4B18F565D80061691A /* v1.pdf in Resources */ = {isa = PBXBuildFile; fileRef = 08A709D618F565D80061691A /* v1.pdf */; };
		08A70A4C18F565D80061691A /* v10.pdf in Resources */ = {isa = PBXBuildFile; fileRef = 08A709D718F565D80061691A /* v10.pdf */; };
		08A70A4D18F565D80061691A /* v2.pdf in Resources */ = {isa = PBXBuildFile; fileRef = 08A709D818F565D80061691A /* v2.pdf */; };
		08A70A4E18F565D80061691A /* v3.pdf in Resources */ = {isa = PBXBuildFile; fileRef = 08A709D918F565D80061691A /* v3.pdf */; };
		08A70A4F18F565D80061691A /* v4.pdf in Resources */ = {isa = PBXBuildFile; fileRef = 08A709DA18F565D80061691A /* v4.pdf */; };
		08A70A5018F565D80061691A /* v5.pdf in Resources */ = {isa = PBXBuildFile; fileRef = 08A709DB18F565D80061691A /* v5.pdf */; };
		08A70A5118F565D80061691A /* v6.pdf in Resources */ = {isa = PBXBuildFile; fileRef = 08A709DC18F565D80061691A /* v6.pdf */; };
		08A70A5218F565D80061691A /* v7.pdf in Resources */ = {isa = PBXBuildFile; fileRef = 08A709DD18F565D80061691A /* v7.pdf */; };
		08A70A5318F565D80061691A /* v8.pdf in Resources */ = {isa = PBXBuildFile; fileRef = 08A709DE18F565D80061691A /* v8.pdf */; };
		08A70A5418F565D80061691A /* v9.pdf in Resources */ = {isa = PBXBuildFile; fileRef = 08A709DF18F565D80061691A /* v9.pdf */; };
		08A70A5518F565D80061691A /* f1.pdf in Resources */ = {isa = PBXBuildFile; fileRef = 08A709E118F565D80061691A /* f1.pdf */; };
		08A70A5618F565D80061691A /* f2.pdf in Resources */ = {isa = PBXBuildFile; fileRef = 08A709E218F565D80061691A /* f2.pdf */; };
		08A70A5718F565D80061691A /* f3.pdf in Resources */ = {isa = PBXBuildFile; fileRef = 08A709E318F565D80061691A /* f3.pdf */; };
		08A70A5818F565D80061691A /* R1.pdf in Resources */ = {isa = PBXBuildFile; fileRef = 08A709E518F565D80061691A /* R1.pdf */; };
		08A70A5918F565D80061691A /* R1Snudd.pdf in Resources */ = {isa = PBXBuildFile; fileRef = 08A709E618F565D80061691A /* R1Snudd.pdf */; };
		08A70A5A18F565D80061691A /* R2.pdf in Resources */ = {isa = PBXBuildFile; fileRef = 08A709E718F565D80061691A /* R2.pdf */; };
		08A70A5B18F565D80061691A /* R2Snudd.pdf in Resources */ = {isa = PBXBuildFile; fileRef = 08A709E818F565D80061691A /* R2Snudd.pdf */; };
		08A70A5C18F565D80061691A /* R3.pdf in Resources */ = {isa = PBXBuildFile; fileRef = 08A709E918F565D80061691A /* R3.pdf */; };
		08A70A5D18F565D80061691A /* I1.pdf in Resources */ = {isa = PBXBuildFile; fileRef = 08A709EB18F565D80061691A /* I1.pdf */; };
		08A70A5E18F565D80061691A /* I2.pdf in Resources */ = {isa = PBXBuildFile; fileRef = 08A709EC18F565D80061691A /* I2.pdf */; };
		08A70A5F18F565D80061691A /* Ek1.pdf in Resources */ = {isa = PBXBuildFile; fileRef = 08A709EE18F565D80061691A /* Ek1.pdf */; };
		08A70A6018F565D80061691A /* Ek2.pdf in Resources */ = {isa = PBXBuildFile; fileRef = 08A709EF18F565D80061691A /* Ek2.pdf */; };
		08A70A6118F565D80061691A /* Ek3.pdf in Resources */ = {isa = PBXBuildFile; fileRef = 08A709F018F565D80061691A /* Ek3.pdf */; };
		08A70A6218F565D80061691A /* L1.pdf in Resources */ = {isa = PBXBuildFile; fileRef = 08A709F218F565D80061691A /* L1.pdf */; };
		08A70A6318F565D80061691A /* L2.pdf in Resources */ = {isa = PBXBuildFile; fileRef = 08A709F318F565D80061691A /* L2.pdf */; };
		08A70A6418F565D80061691A /* L3.pdf in Resources */ = {isa = PBXBuildFile; fileRef = 08A709F418F565D80061691A /* L3.pdf */; };
		08A70A6518F565D80061691A /* m1.pdf in Resources */ = {isa = PBXBuildFile; fileRef = 08A709F618F565D80061691A /* m1.pdf */; };
		08A70A6618F565D80061691A /* m1Snudd.pdf in Resources */ = {isa = PBXBuildFile; fileRef = 08A709F718F565D80061691A /* m1Snudd.pdf */; };
		08A70A6718F565D80061691A /* m2.pdf in Resources */ = {isa = PBXBuildFile; fileRef = 08A709F818F565D80061691A /* m2.pdf */; };
		08A70A6818F565D80061691A /* m2Snudd.pdf in Resources */ = {isa = PBXBuildFile; fileRef = 08A709F918F565D80061691A /* m2Snudd.pdf */; };
		08A70A6918F565D80061691A /* m3.pdf in Resources */ = {isa = PBXBuildFile; fileRef = 08A709FA18F565D80061691A /* m3.pdf */; };
		08A70A6A18F565D80061691A /* m3Snudd.pdf in Resources */ = {isa = PBXBuildFile; fileRef = 08A709FB18F565D80061691A /* m3Snudd.pdf */; };
		08A70A6B18F565D80061691A /* m4.pdf in Resources */ = {isa = PBXBuildFile; fileRef = 08A709FC18F565D80061691A /* m4.pdf */; };
		08A70A6C18F565D80061691A /* m4Snudd.pdf in Resources */ = {isa = PBXBuildFile; fileRef = 08A709FD18F565D80061691A /* m4Snudd.pdf */; };
		08A70A6D18F565D80061691A /* Ep1.pdf in Resources */ = {isa = PBXBuildFile; fileRef = 08A709FF18F565D80061691A /* Ep1.pdf */; };
		08A70A6E18F565D80061691A /* Ep2.pdf in Resources */ = {isa = PBXBuildFile; fileRef = 08A70A0018F565D80061691A /* Ep2.pdf */; };
		08A70A6F18F565D80061691A /* Re1.pdf in Resources */ = {isa = PBXBuildFile; fileRef = 08A70A0218F565D80061691A /* Re1.pdf */; };
		08A70A7018F565D80061691A /* Re2.pdf in Resources */ = {isa = PBXBuildFile; fileRef = 08A70A0318F565D80061691A /* Re2.pdf */; };
		08A70A7118F565D80061691A /* Us1.pdf in Resources */ = {isa = PBXBuildFile; fileRef = 08A70A0518F565D80061691A /* Us1.pdf */; };
		08A70A7218F565D80061691A /* Us2.pdf in Resources */ = {isa = PBXBuildFile; fileRef = 08A70A0618F565D80061691A /* Us2.pdf */; };
		08A70A7318F565D80061691A /* Us3.pdf in Resources */ = {isa = PBXBuildFile; fileRef = 08A70A0718F565D80061691A /* Us3.pdf */; };
		08A70A7418F565D80061691A /* s1.pdf in Resources */ = {isa = PBXBuildFile; fileRef = 08A70A0918F565D80061691A /* s1.pdf */; };
		08A70A7518F565D80061691A /* s1Snudd.pdf in Resources */ = {isa = PBXBuildFile; fileRef = 08A70A0A18F565D80061691A /* s1Snudd.pdf */; };
		08A70A7618F565D80061691A /* s2.pdf in Resources */ = {isa = PBXBuildFile; fileRef = 08A70A0B18F565D80061691A /* s2.pdf */; };
		08A70A7718F565D80061691A /* s3.pdf in Resources */ = {isa = PBXBuildFile; fileRef = 08A70A0C18F565D80061691A /* s3.pdf */; };
		08A70A7818F565D80061691A /* s4.pdf in Resources */ = {isa = PBXBuildFile; fileRef = 08A70A0D18F565D80061691A /* s4.pdf */; };
		08A70A7918F565D80061691A /* s4Snudd.pdf in Resources */ = {isa = PBXBuildFile; fileRef = 08A70A0E18F565D80061691A /* s4Snudd.pdf */; };
		08A70A7A18F565D80061691A /* Is1.pdf in Resources */ = {isa = PBXBuildFile; fileRef = 08A70A1018F565D80061691A /* Is1.pdf */; };
		08A70A7B18F565D80061691A /* Is1Snudd.pdf in Resources */ = {isa = PBXBuildFile; fileRef = 08A70A1118F565D80061691A /* Is1Snudd.pdf */; };
		08A70A7C18F565D80061691A /* Is2.pdf in Resources */ = {isa = PBXBuildFile; fileRef = 08A70A1218F565D80061691A /* Is2.pdf */; };
		08A70A7D18F565D80061691A /* Is3.pdf in Resources */ = {isa = PBXBuildFile; fileRef = 08A70A1318F565D80061691A /* Is3.pdf */; };
		08A70A7E18F565D80061691A /* Is3Snudd.pdf in Resources */ = {isa = PBXBuildFile; fileRef = 08A70A1418F565D80061691A /* Is3Snudd.pdf */; };
		08A70A7F18F565D80061691A /* T1.pdf in Resources */ = {isa = PBXBuildFile; fileRef = 08A70A1618F565D80061691A /* T1.pdf */; };
		08A70A8018F565D80061691A /* T2.pdf in Resources */ = {isa = PBXBuildFile; fileRef = 08A70A1718F565D80061691A /* T2.pdf */; };
		08A70A8118F565D80061691A /* T2Snudd.pdf in Resources */ = {isa = PBXBuildFile; fileRef = 08A70A1818F565D80061691A /* T2Snudd.pdf */; };
		08A70A8218F565D80061691A /* T3.pdf in Resources */ = {isa = PBXBuildFile; fileRef = 08A70A1918F565D80061691A /* T3.pdf */; };
		08A70A8318F565D80061691A /* rho1.pdf in Resources */ = {isa = PBXBuildFile; fileRef = 08A70A1B18F565D80061691A /* rho1.pdf */; };
		08A70A8418F565D80061691A /* t1.pdf in Resources */ = {isa = PBXBuildFile; fileRef = 08A70A1D18F565D80061691A /* t1.pdf */; };
		08A70A8518F565D80061691A /* t1Snudd.pdf in Resources */ = {isa = PBXBuildFile; fileRef = 08A70A1E18F565D80061691A /* t1Snudd.pdf */; };
		08A70A8618F565D80061691A /* t2.pdf in Resources */ = {isa = PBXBuildFile; fileRef = 08A70A1F18F565D80061691A /* t2.pdf */; };
		08A70A8718F565D80061691A /* t2Snudd.pdf in Resources */ = {isa = PBXBuildFile; fileRef = 08A70A2018F565D80061691A /* t2Snudd.pdf */; };
		08A70A8818F565D80061691A /* t3.pdf in Resources */ = {isa = PBXBuildFile; fileRef = 08A70A2118F565D80061691A /* t3.pdf */; };
		08A70A8918F565D80061691A /* t3Snudd.pdf in Resources */ = {isa = PBXBuildFile; fileRef = 08A70A2218F565D80061691A /* t3Snudd.pdf */; };
		08A70A8A18F565D80061691A /* t4.pdf in Resources */ = {isa = PBXBuildFile; fileRef = 08A70A2318F565D80061691A /* t4.pdf */; };
		08A70A8B18F565D80061691A /* t5.pdf in Resources */ = {isa = PBXBuildFile; fileRef = 08A70A2418F565D80061691A /* t5.pdf */; };
		08A70A8C18F565D80061691A /* t6.pdf in Resources */ = {isa = PBXBuildFile; fileRef = 08A70A2518F565D80061691A /* t6.pdf */; };
		08A70A8D18F565D80061691A /* p.pdf in Resources */ = {isa = PBXBuildFile; fileRef = 08A70A2718F565D80061691A /* p.pdf */; };
		08A70A8E18F565D80061691A /* U1.pdf in Resources */ = {isa = PBXBuildFile; fileRef = 08A70A2918F565D80061691A /* U1.pdf */; };
		08A70A8F18F565D80061691A /* U2.pdf in Resources */ = {isa = PBXBuildFile; fileRef = 08A70A2A18F565D80061691A /* U2.pdf */; };
		08AD07CC18D6F5810037DC80 /* MenuCell.xib in Resources */ = {isa = PBXBuildFile; fileRef = 08AD07CB18D6F5810037DC80 /* MenuCell.xib */; };
		08FA780B18A28E4800097C6E /* Foundation.framework in Frameworks */ = {isa = PBXBuildFile; fileRef = 08FA780A18A28E4800097C6E /* Foundation.framework */; };
		08FA780D18A28E4800097C6E /* CoreGraphics.framework in Frameworks */ = {isa = PBXBuildFile; fileRef = 08FA780C18A28E4800097C6E /* CoreGraphics.framework */; };
		08FA780F18A28E4800097C6E /* UIKit.framework in Frameworks */ = {isa = PBXBuildFile; fileRef = 08FA780E18A28E4800097C6E /* UIKit.framework */; };
		08FA782A18A28E4900097C6E /* XCTest.framework in Frameworks */ = {isa = PBXBuildFile; fileRef = 08FA782918A28E4900097C6E /* XCTest.framework */; };
		08FA782B18A28E4900097C6E /* Foundation.framework in Frameworks */ = {isa = PBXBuildFile; fileRef = 08FA780A18A28E4800097C6E /* Foundation.framework */; };
		08FA782C18A28E4900097C6E /* UIKit.framework in Frameworks */ = {isa = PBXBuildFile; fileRef = 08FA780E18A28E4800097C6E /* UIKit.framework */; };
		08FA783418A28E4900097C6E /* InfoPlist.strings in Resources */ = {isa = PBXBuildFile; fileRef = 08FA783218A28E4900097C6E /* InfoPlist.strings */; };
		08FA783618A28E4900097C6E /* FysikkformlerTests.m in Sources */ = {isa = PBXBuildFile; fileRef = 08FA783518A28E4900097C6E /* FysikkformlerTests.m */; };
		08FA784418A28F6C00097C6E /* QuartzCore.framework in Frameworks */ = {isa = PBXBuildFile; fileRef = 08FA784318A28F6C00097C6E /* QuartzCore.framework */; };
		08FA784C18A28FC300097C6E /* AppDelegate.m in Sources */ = {isa = PBXBuildFile; fileRef = 08FA784718A28FC300097C6E /* AppDelegate.m */; };
		08FA784E18A28FC300097C6E /* InfoPlist.strings in Resources */ = {isa = PBXBuildFile; fileRef = 08FA784A18A28FC300097C6E /* InfoPlist.strings */; };
		08FA784F18A28FC300097C6E /* main.m in Sources */ = {isa = PBXBuildFile; fileRef = 08FA784B18A28FC300097C6E /* main.m */; };
		08FA78D518A2938400097C6E /* Formel.m in Sources */ = {isa = PBXBuildFile; fileRef = 08FA785418A2938300097C6E /* Formel.m */; };
		08FA78D618A2938400097C6E /* FormelCell.xib in Resources */ = {isa = PBXBuildFile; fileRef = 08FA785618A2938300097C6E /* FormelCell.xib */; };
		08FA78D718A2938400097C6E /* iPhone.storyboard in Resources */ = {isa = PBXBuildFile; fileRef = 08FA785718A2938300097C6E /* iPhone.storyboard */; };
		08FA78D818A2938400097C6E /* FormelCell.m in Sources */ = {isa = PBXBuildFile; fileRef = 08FA785A18A2938300097C6E /* FormelCell.m */; };
		08FA78D918A2938400097C6E /* FormelViewController.m in Sources */ = {isa = PBXBuildFile; fileRef = 08FA785C18A2938300097C6E /* FormelViewController.m */; };
		08FA78DA18A2938400097C6E /* InfoViewViewController.m in Sources */ = {isa = PBXBuildFile; fileRef = 08FA785E18A2938300097C6E /* InfoViewViewController.m */; };
		08FA78DB18A2938400097C6E /* StartViewController.m in Sources */ = {isa = PBXBuildFile; fileRef = 08FA786018A2938300097C6E /* StartViewController.m */; };
		08FA78DC18A2938400097C6E /* LICENSE.txt in Resources */ = {isa = PBXBuildFile; fileRef = 08FA786318A2938300097C6E /* LICENSE.txt */; };
		08FA78DD18A2938400097C6E /* NSData+MD5.m in Sources */ = {isa = PBXBuildFile; fileRef = 08FA786518A2938300097C6E /* NSData+MD5.m */; };
		08FA78DE18A2938400097C6E /* NSString+MD5.m in Sources */ = {isa = PBXBuildFile; fileRef = 08FA786718A2938300097C6E /* NSString+MD5.m */; };
		08FA78DF18A2938400097C6E /* PDFView.m in Sources */ = {isa = PBXBuildFile; fileRef = 08FA786918A2938300097C6E /* PDFView.m */; };
		08FA78E018A2938400097C6E /* UIImage+PDF.m in Sources */ = {isa = PBXBuildFile; fileRef = 08FA786B18A2938300097C6E /* UIImage+PDF.m */; };
		08FA78E118A2938400097C6E /* UIView+Image.m in Sources */ = {isa = PBXBuildFile; fileRef = 08FA786D18A2938300097C6E /* UIView+Image.m */; };
		08FA792818A2938400097C6E /* atomcloud-grey.png in Resources */ = {isa = PBXBuildFile; fileRef = 08FA78C618A2938400097C6E /* atomcloud-grey.png */; };
		FF8DD82718F56DDE00CD62C5 /* a1.pdf in Resources */ = {isa = PBXBuildFile; fileRef = FF8DD81E18F56DDE00CD62C5 /* a1.pdf */; };
		FF8DD82818F56DDE00CD62C5 /* a1Snudd.pdf in Resources */ = {isa = PBXBuildFile; fileRef = FF8DD81F18F56DDE00CD62C5 /* a1Snudd.pdf */; };
		FF8DD82918F56DDE00CD62C5 /* a2.pdf in Resources */ = {isa = PBXBuildFile; fileRef = FF8DD82018F56DDE00CD62C5 /* a2.pdf */; };
		FF8DD82A18F56DDE00CD62C5 /* a2Snudd.pdf in Resources */ = {isa = PBXBuildFile; fileRef = FF8DD82118F56DDE00CD62C5 /* a2Snudd.pdf */; };
		FF8DD82B18F56DDE00CD62C5 /* a3.pdf in Resources */ = {isa = PBXBuildFile; fileRef = FF8DD82218F56DDE00CD62C5 /* a3.pdf */; };
		FF8DD82C18F56DDE00CD62C5 /* a3Snudd.pdf in Resources */ = {isa = PBXBuildFile; fileRef = FF8DD82318F56DDE00CD62C5 /* a3Snudd.pdf */; };
		FF8DD82D18F56DDE00CD62C5 /* a4.pdf in Resources */ = {isa = PBXBuildFile; fileRef = FF8DD82418F56DDE00CD62C5 /* a4.pdf */; };
		FF8DD82E18F56DDE00CD62C5 /* a4Snudd.pdf in Resources */ = {isa = PBXBuildFile; fileRef = FF8DD82518F56DDE00CD62C5 /* a4Snudd.pdf */; };
		FF8DD82F18F56DDE00CD62C5 /* a5.pdf in Resources */ = {isa = PBXBuildFile; fileRef = FF8DD82618F56DDE00CD62C5 /* a5.pdf */; };
/* End PBXBuildFile section */

/* Begin PBXContainerItemProxy section */
		08FA782D18A28E4900097C6E /* PBXContainerItemProxy */ = {
			isa = PBXContainerItemProxy;
			containerPortal = 08FA77FF18A28E4800097C6E /* Project object */;
			proxyType = 1;
			remoteGlobalIDString = 08FA780618A28E4800097C6E;
			remoteInfo = Fysikkformler;
		};
/* End PBXContainerItemProxy section */

/* Begin PBXFileReference section */
		0815C0A018D6F48300DF9630 /* MenuCell.h */ = {isa = PBXFileReference; fileEncoding = 4; lastKnownFileType = sourcecode.c.h; path = MenuCell.h; sourceTree = "<group>"; };
		0815C0A118D6F48300DF9630 /* MenuCell.m */ = {isa = PBXFileReference; fileEncoding = 4; lastKnownFileType = sourcecode.c.objc; path = MenuCell.m; sourceTree = "<group>"; };
		08395E7818A9641400CDCDFC /* Icon-120.png */ = {isa = PBXFileReference; lastKnownFileType = image.png; path = "Icon-120.png"; sourceTree = "<group>"; };
		08395E7918A9641400CDCDFC /* Icon-144.png */ = {isa = PBXFileReference; lastKnownFileType = image.png; path = "Icon-144.png"; sourceTree = "<group>"; };
		08395E7A18A9641400CDCDFC /* Icon-152.png */ = {isa = PBXFileReference; lastKnownFileType = image.png; path = "Icon-152.png"; sourceTree = "<group>"; };
		08395E7B18A9641400CDCDFC /* Icon-72.png */ = {isa = PBXFileReference; lastKnownFileType = image.png; path = "Icon-72.png"; sourceTree = "<group>"; };
		08395E7C18A9641400CDCDFC /* Icon-76.png */ = {isa = PBXFileReference; lastKnownFileType = image.png; path = "Icon-76.png"; sourceTree = "<group>"; };
		08395E7D18A9641400CDCDFC /* Icon-Med-40.png */ = {isa = PBXFileReference; lastKnownFileType = image.png; path = "Icon-Med-40.png"; sourceTree = "<group>"; };
		08395E7E18A9641400CDCDFC /* Icon-Med-40@2x.png */ = {isa = PBXFileReference; lastKnownFileType = image.png; path = "Icon-Med-40@2x.png"; sourceTree = "<group>"; };
		08395E7F18A9641400CDCDFC /* Icon-Small-50.png */ = {isa = PBXFileReference; lastKnownFileType = image.png; path = "Icon-Small-50.png"; sourceTree = "<group>"; };
		08395E8018A9641400CDCDFC /* Icon-Small-50@2x.png */ = {isa = PBXFileReference; lastKnownFileType = image.png; path = "Icon-Small-50@2x.png"; sourceTree = "<group>"; };
		08395E8118A9641400CDCDFC /* Icon-Small.png */ = {isa = PBXFileReference; lastKnownFileType = image.png; path = "Icon-Small.png"; sourceTree = "<group>"; };
		08395E8218A9641400CDCDFC /* Icon-Small@2x.png */ = {isa = PBXFileReference; lastKnownFileType = image.png; path = "Icon-Small@2x.png"; sourceTree = "<group>"; };
		08395E8318A9641400CDCDFC /* Icon.png */ = {isa = PBXFileReference; lastKnownFileType = image.png; path = Icon.png; sourceTree = "<group>"; };
		08395E8418A9641400CDCDFC /* Icon@2x.png */ = {isa = PBXFileReference; lastKnownFileType = image.png; path = "Icon@2x.png"; sourceTree = "<group>"; };
		085FDF4918D7066200F3465A /* Singleton.h */ = {isa = PBXFileReference; fileEncoding = 4; lastKnownFileType = sourcecode.c.h; path = Singleton.h; sourceTree = "<group>"; };
		085FDF4A18D7066200F3465A /* Singleton.m */ = {isa = PBXFileReference; fileEncoding = 4; lastKnownFileType = sourcecode.c.objc; path = Singleton.m; sourceTree = "<group>"; };
		085FDF4D18D7173900F3465A /* 480h@2x.png */ = {isa = PBXFileReference; lastKnownFileType = image.png; path = "480h@2x.png"; sourceTree = "<group>"; };
		085FDF4E18D7173900F3465A /* 568h@2x.png */ = {isa = PBXFileReference; lastKnownFileType = image.png; path = "568h@2x.png"; sourceTree = "<group>"; };
		085FDF5118D717A600F3465A /* Images.xcassets */ = {isa = PBXFileReference; lastKnownFileType = folder.assetcatalog; path = Images.xcassets; sourceTree = "<group>"; };
		0865993918E9B8DC004500FD /* formulas.json */ = {isa = PBXFileReference; fileEncoding = 4; lastKnownFileType = text.json; path = formulas.json; sourceTree = "<group>"; };
		08A709BB18F565D80061691A /* W1.pdf */ = {isa = PBXFileReference; lastKnownFileType = image.pdf; path = W1.pdf; sourceTree = "<group>"; };
		08A709BC18F565D80061691A /* W2.pdf */ = {isa = PBXFileReference; lastKnownFileType = image.pdf; path = W2.pdf; sourceTree = "<group>"; };
		08A709BD18F565D80061691A /* W3.pdf */ = {isa = PBXFileReference; lastKnownFileType = image.pdf; path = W3.pdf; sourceTree = "<group>"; };
		08A709BE18F565D80061691A /* W3Snudd.pdf */ = {isa = PBXFileReference; lastKnownFileType = image.pdf; path = W3Snudd.pdf; sourceTree = "<group>"; };
		08A709BF18F565D80061691A /* W4.pdf */ = {isa = PBXFileReference; lastKnownFileType = image.pdf; path = W4.pdf; sourceTree = "<group>"; };
		08A709C018F565D80061691A /* W5.pdf */ = {isa = PBXFileReference; lastKnownFileType = image.pdf; path = W5.pdf; sourceTree = "<group>"; };
		08A709C118F565D80061691A /* W6.pdf */ = {isa = PBXFileReference; lastKnownFileType = image.pdf; path = W6.pdf; sourceTree = "<group>"; };
		08A709C318F565D80061691A /* b1.pdf */ = {isa = PBXFileReference; lastKnownFileType = image.pdf; path = b1.pdf; sourceTree = "<group>"; };
		08A709C418F565D80061691A /* b1Snudd.pdf */ = {isa = PBXFileReference; lastKnownFileType = image.pdf; path = b1Snudd.pdf; sourceTree = "<group>"; };
		08A709C518F565D80061691A /* b2.pdf */ = {isa = PBXFileReference; lastKnownFileType = image.pdf; path = b2.pdf; sourceTree = "<group>"; };
		08A709C618F565D80061691A /* b2Snudd.pdf */ = {isa = PBXFileReference; lastKnownFileType = image.pdf; path = b2Snudd.pdf; sourceTree = "<group>"; };
		08A709C718F565D80061691A /* b3.pdf */ = {isa = PBXFileReference; lastKnownFileType = image.pdf; path = b3.pdf; sourceTree = "<group>"; };
		08A709C818F565D80061691A /* b3Snudd.pdf */ = {isa = PBXFileReference; lastKnownFileType = image.pdf; path = b3Snudd.pdf; sourceTree = "<group>"; };
		08A709CA18F565D80061691A /* P1.pdf */ = {isa = PBXFileReference; lastKnownFileType = image.pdf; path = P1.pdf; sourceTree = "<group>"; };
		08A709CB18F565D80061691A /* P2.pdf */ = {isa = PBXFileReference; lastKnownFileType = image.pdf; path = P2.pdf; sourceTree = "<group>"; };
		08A709CC18F565D80061691A /* P3.pdf */ = {isa = PBXFileReference; lastKnownFileType = image.pdf; path = P3.pdf; sourceTree = "<group>"; };
		08A709CD18F565D80061691A /* P4.pdf */ = {isa = PBXFileReference; lastKnownFileType = image.pdf; path = P4.pdf; sourceTree = "<group>"; };
		08A709CE18F565D80061691A /* P5.pdf */ = {isa = PBXFileReference; lastKnownFileType = image.pdf; path = P5.pdf; sourceTree = "<group>"; };
		08A709D018F565D80061691A /* E1.pdf */ = {isa = PBXFileReference; lastKnownFileType = image.pdf; path = E1.pdf; sourceTree = "<group>"; };
		08A709D118F565D80061691A /* E1Snudd.pdf */ = {isa = PBXFileReference; lastKnownFileType = image.pdf; path = E1Snudd.pdf; sourceTree = "<group>"; };
		08A709D218F565D80061691A /* E2.pdf */ = {isa = PBXFileReference; lastKnownFileType = image.pdf; path = E2.pdf; sourceTree = "<group>"; };
		08A709D318F565D80061691A /* E3.pdf */ = {isa = PBXFileReference; lastKnownFileType = image.pdf; path = E3.pdf; sourceTree = "<group>"; };
		08A709D418F565D80061691A /* E4.pdf */ = {isa = PBXFileReference; lastKnownFileType = image.pdf; path = E4.pdf; sourceTree = "<group>"; };
		08A709D618F565D80061691A /* v1.pdf */ = {isa = PBXFileReference; lastKnownFileType = image.pdf; path = v1.pdf; sourceTree = "<group>"; };
		08A709D718F565D80061691A /* v10.pdf */ = {isa = PBXFileReference; lastKnownFileType = image.pdf; path = v10.pdf; sourceTree = "<group>"; };
		08A709D818F565D80061691A /* v2.pdf */ = {isa = PBXFileReference; lastKnownFileType = image.pdf; path = v2.pdf; sourceTree = "<group>"; };
		08A709D918F565D80061691A /* v3.pdf */ = {isa = PBXFileReference; lastKnownFileType = image.pdf; path = v3.pdf; sourceTree = "<group>"; };
		08A709DA18F565D80061691A /* v4.pdf */ = {isa = PBXFileReference; lastKnownFileType = image.pdf; path = v4.pdf; sourceTree = "<group>"; };
		08A709DB18F565D80061691A /* v5.pdf */ = {isa = PBXFileReference; lastKnownFileType = image.pdf; path = v5.pdf; sourceTree = "<group>"; };
		08A709DC18F565D80061691A /* v6.pdf */ = {isa = PBXFileReference; lastKnownFileType = image.pdf; path = v6.pdf; sourceTree = "<group>"; };
		08A709DD18F565D80061691A /* v7.pdf */ = {isa = PBXFileReference; lastKnownFileType = image.pdf; path = v7.pdf; sourceTree = "<group>"; };
		08A709DE18F565D80061691A /* v8.pdf */ = {isa = PBXFileReference; lastKnownFileType = image.pdf; path = v8.pdf; sourceTree = "<group>"; };
		08A709DF18F565D80061691A /* v9.pdf */ = {isa = PBXFileReference; lastKnownFileType = image.pdf; path = v9.pdf; sourceTree = "<group>"; };
		08A709E118F565D80061691A /* f1.pdf */ = {isa = PBXFileReference; lastKnownFileType = image.pdf; path = f1.pdf; sourceTree = "<group>"; };
		08A709E218F565D80061691A /* f2.pdf */ = {isa = PBXFileReference; lastKnownFileType = image.pdf; path = f2.pdf; sourceTree = "<group>"; };
		08A709E318F565D80061691A /* f3.pdf */ = {isa = PBXFileReference; lastKnownFileType = image.pdf; path = f3.pdf; sourceTree = "<group>"; };
		08A709E518F565D80061691A /* R1.pdf */ = {isa = PBXFileReference; lastKnownFileType = image.pdf; path = R1.pdf; sourceTree = "<group>"; };
		08A709E618F565D80061691A /* R1Snudd.pdf */ = {isa = PBXFileReference; lastKnownFileType = image.pdf; path = R1Snudd.pdf; sourceTree = "<group>"; };
		08A709E718F565D80061691A /* R2.pdf */ = {isa = PBXFileReference; lastKnownFileType = image.pdf; path = R2.pdf; sourceTree = "<group>"; };
		08A709E818F565D80061691A /* R2Snudd.pdf */ = {isa = PBXFileReference; lastKnownFileType = image.pdf; path = R2Snudd.pdf; sourceTree = "<group>"; };
		08A709E918F565D80061691A /* R3.pdf */ = {isa = PBXFileReference; lastKnownFileType = image.pdf; path = R3.pdf; sourceTree = "<group>"; };
		08A709EB18F565D80061691A /* I1.pdf */ = {isa = PBXFileReference; lastKnownFileType = image.pdf; path = I1.pdf; sourceTree = "<group>"; };
		08A709EC18F565D80061691A /* I2.pdf */ = {isa = PBXFileReference; lastKnownFileType = image.pdf; path = I2.pdf; sourceTree = "<group>"; };
		08A709EE18F565D80061691A /* Ek1.pdf */ = {isa = PBXFileReference; lastKnownFileType = image.pdf; path = Ek1.pdf; sourceTree = "<group>"; };
		08A709EF18F565D80061691A /* Ek2.pdf */ = {isa = PBXFileReference; lastKnownFileType = image.pdf; path = Ek2.pdf; sourceTree = "<group>"; };
		08A709F018F565D80061691A /* Ek3.pdf */ = {isa = PBXFileReference; lastKnownFileType = image.pdf; path = Ek3.pdf; sourceTree = "<group>"; };
		08A709F218F565D80061691A /* L1.pdf */ = {isa = PBXFileReference; lastKnownFileType = image.pdf; path = L1.pdf; sourceTree = "<group>"; };
		08A709F318F565D80061691A /* L2.pdf */ = {isa = PBXFileReference; lastKnownFileType = image.pdf; path = L2.pdf; sourceTree = "<group>"; };
		08A709F418F565D80061691A /* L3.pdf */ = {isa = PBXFileReference; lastKnownFileType = image.pdf; path = L3.pdf; sourceTree = "<group>"; };
		08A709F618F565D80061691A /* m1.pdf */ = {isa = PBXFileReference; lastKnownFileType = image.pdf; path = m1.pdf; sourceTree = "<group>"; };
		08A709F718F565D80061691A /* m1Snudd.pdf */ = {isa = PBXFileReference; lastKnownFileType = image.pdf; path = m1Snudd.pdf; sourceTree = "<group>"; };
		08A709F818F565D80061691A /* m2.pdf */ = {isa = PBXFileReference; lastKnownFileType = image.pdf; path = m2.pdf; sourceTree = "<group>"; };
		08A709F918F565D80061691A /* m2Snudd.pdf */ = {isa = PBXFileReference; lastKnownFileType = image.pdf; path = m2Snudd.pdf; sourceTree = "<group>"; };
		08A709FA18F565D80061691A /* m3.pdf */ = {isa = PBXFileReference; lastKnownFileType = image.pdf; path = m3.pdf; sourceTree = "<group>"; };
		08A709FB18F565D80061691A /* m3Snudd.pdf */ = {isa = PBXFileReference; lastKnownFileType = image.pdf; path = m3Snudd.pdf; sourceTree = "<group>"; };
		08A709FC18F565D80061691A /* m4.pdf */ = {isa = PBXFileReference; lastKnownFileType = image.pdf; path = m4.pdf; sourceTree = "<group>"; };
		08A709FD18F565D80061691A /* m4Snudd.pdf */ = {isa = PBXFileReference; lastKnownFileType = image.pdf; path = m4Snudd.pdf; sourceTree = "<group>"; };
		08A709FF18F565D80061691A /* Ep1.pdf */ = {isa = PBXFileReference; lastKnownFileType = image.pdf; path = Ep1.pdf; sourceTree = "<group>"; };
		08A70A0018F565D80061691A /* Ep2.pdf */ = {isa = PBXFileReference; lastKnownFileType = image.pdf; path = Ep2.pdf; sourceTree = "<group>"; };
		08A70A0218F565D80061691A /* Re1.pdf */ = {isa = PBXFileReference; lastKnownFileType = image.pdf; path = Re1.pdf; sourceTree = "<group>"; };
		08A70A0318F565D80061691A /* Re2.pdf */ = {isa = PBXFileReference; lastKnownFileType = image.pdf; path = Re2.pdf; sourceTree = "<group>"; };
		08A70A0518F565D80061691A /* Us1.pdf */ = {isa = PBXFileReference; lastKnownFileType = image.pdf; path = Us1.pdf; sourceTree = "<group>"; };
		08A70A0618F565D80061691A /* Us2.pdf */ = {isa = PBXFileReference; lastKnownFileType = image.pdf; path = Us2.pdf; sourceTree = "<group>"; };
		08A70A0718F565D80061691A /* Us3.pdf */ = {isa = PBXFileReference; lastKnownFileType = image.pdf; path = Us3.pdf; sourceTree = "<group>"; };
		08A70A0918F565D80061691A /* s1.pdf */ = {isa = PBXFileReference; lastKnownFileType = image.pdf; path = s1.pdf; sourceTree = "<group>"; };
		08A70A0A18F565D80061691A /* s1Snudd.pdf */ = {isa = PBXFileReference; lastKnownFileType = image.pdf; path = s1Snudd.pdf; sourceTree = "<group>"; };
		08A70A0B18F565D80061691A /* s2.pdf */ = {isa = PBXFileReference; lastKnownFileType = image.pdf; path = s2.pdf; sourceTree = "<group>"; };
		08A70A0C18F565D80061691A /* s3.pdf */ = {isa = PBXFileReference; lastKnownFileType = image.pdf; path = s3.pdf; sourceTree = "<group>"; };
		08A70A0D18F565D80061691A /* s4.pdf */ = {isa = PBXFileReference; lastKnownFileType = image.pdf; path = s4.pdf; sourceTree = "<group>"; };
		08A70A0E18F565D80061691A /* s4Snudd.pdf */ = {isa = PBXFileReference; lastKnownFileType = image.pdf; path = s4Snudd.pdf; sourceTree = "<group>"; };
		08A70A1018F565D80061691A /* Is1.pdf */ = {isa = PBXFileReference; lastKnownFileType = image.pdf; path = Is1.pdf; sourceTree = "<group>"; };
		08A70A1118F565D80061691A /* Is1Snudd.pdf */ = {isa = PBXFileReference; lastKnownFileType = image.pdf; path = Is1Snudd.pdf; sourceTree = "<group>"; };
		08A70A1218F565D80061691A /* Is2.pdf */ = {isa = PBXFileReference; lastKnownFileType = image.pdf; path = Is2.pdf; sourceTree = "<group>"; };
		08A70A1318F565D80061691A /* Is3.pdf */ = {isa = PBXFileReference; lastKnownFileType = image.pdf; path = Is3.pdf; sourceTree = "<group>"; };
		08A70A1418F565D80061691A /* Is3Snudd.pdf */ = {isa = PBXFileReference; lastKnownFileType = image.pdf; path = Is3Snudd.pdf; sourceTree = "<group>"; };
		08A70A1618F565D80061691A /* T1.pdf */ = {isa = PBXFileReference; lastKnownFileType = image.pdf; path = T1.pdf; sourceTree = "<group>"; };
		08A70A1718F565D80061691A /* T2.pdf */ = {isa = PBXFileReference; lastKnownFileType = image.pdf; path = T2.pdf; sourceTree = "<group>"; };
		08A70A1818F565D80061691A /* T2Snudd.pdf */ = {isa = PBXFileReference; lastKnownFileType = image.pdf; path = T2Snudd.pdf; sourceTree = "<group>"; };
		08A70A1918F565D80061691A /* T3.pdf */ = {isa = PBXFileReference; lastKnownFileType = image.pdf; path = T3.pdf; sourceTree = "<group>"; };
		08A70A1B18F565D80061691A /* rho1.pdf */ = {isa = PBXFileReference; lastKnownFileType = image.pdf; path = rho1.pdf; sourceTree = "<group>"; };
		08A70A1D18F565D80061691A /* t1.pdf */ = {isa = PBXFileReference; lastKnownFileType = image.pdf; path = t1.pdf; sourceTree = "<group>"; };
		08A70A1E18F565D80061691A /* t1Snudd.pdf */ = {isa = PBXFileReference; lastKnownFileType = image.pdf; path = t1Snudd.pdf; sourceTree = "<group>"; };
		08A70A1F18F565D80061691A /* t2.pdf */ = {isa = PBXFileReference; lastKnownFileType = image.pdf; path = t2.pdf; sourceTree = "<group>"; };
		08A70A2018F565D80061691A /* t2Snudd.pdf */ = {isa = PBXFileReference; lastKnownFileType = image.pdf; path = t2Snudd.pdf; sourceTree = "<group>"; };
		08A70A2118F565D80061691A /* t3.pdf */ = {isa = PBXFileReference; lastKnownFileType = image.pdf; path = t3.pdf; sourceTree = "<group>"; };
		08A70A2218F565D80061691A /* t3Snudd.pdf */ = {isa = PBXFileReference; lastKnownFileType = image.pdf; path = t3Snudd.pdf; sourceTree = "<group>"; };
		08A70A2318F565D80061691A /* t4.pdf */ = {isa = PBXFileReference; lastKnownFileType = image.pdf; path = t4.pdf; sourceTree = "<group>"; };
		08A70A2418F565D80061691A /* t5.pdf */ = {isa = PBXFileReference; lastKnownFileType = image.pdf; path = t5.pdf; sourceTree = "<group>"; };
		08A70A2518F565D80061691A /* t6.pdf */ = {isa = PBXFileReference; lastKnownFileType = image.pdf; path = t6.pdf; sourceTree = "<group>"; };
		08A70A2718F565D80061691A /* p.pdf */ = {isa = PBXFileReference; lastKnownFileType = image.pdf; path = p.pdf; sourceTree = "<group>"; };
		08A70A2918F565D80061691A /* U1.pdf */ = {isa = PBXFileReference; lastKnownFileType = image.pdf; path = U1.pdf; sourceTree = "<group>"; };
		08A70A2A18F565D80061691A /* U2.pdf */ = {isa = PBXFileReference; lastKnownFileType = image.pdf; path = U2.pdf; sourceTree = "<group>"; };
		08AD07CB18D6F5810037DC80 /* MenuCell.xib */ = {isa = PBXFileReference; fileEncoding = 4; lastKnownFileType = file.xib; path = MenuCell.xib; sourceTree = "<group>"; };
		08FA780718A28E4800097C6E /* Fysikkformler.app */ = {isa = PBXFileReference; explicitFileType = wrapper.application; includeInIndex = 0; path = Fysikkformler.app; sourceTree = BUILT_PRODUCTS_DIR; };
		08FA780A18A28E4800097C6E /* Foundation.framework */ = {isa = PBXFileReference; lastKnownFileType = wrapper.framework; name = Foundation.framework; path = System/Library/Frameworks/Foundation.framework; sourceTree = SDKROOT; };
		08FA780C18A28E4800097C6E /* CoreGraphics.framework */ = {isa = PBXFileReference; lastKnownFileType = wrapper.framework; name = CoreGraphics.framework; path = System/Library/Frameworks/CoreGraphics.framework; sourceTree = SDKROOT; };
		08FA780E18A28E4800097C6E /* UIKit.framework */ = {isa = PBXFileReference; lastKnownFileType = wrapper.framework; name = UIKit.framework; path = System/Library/Frameworks/UIKit.framework; sourceTree = SDKROOT; };
		08FA782818A28E4900097C6E /* FysikkformlerTests.xctest */ = {isa = PBXFileReference; explicitFileType = wrapper.cfbundle; includeInIndex = 0; path = FysikkformlerTests.xctest; sourceTree = BUILT_PRODUCTS_DIR; };
		08FA782918A28E4900097C6E /* XCTest.framework */ = {isa = PBXFileReference; lastKnownFileType = wrapper.framework; name = XCTest.framework; path = Library/Frameworks/XCTest.framework; sourceTree = DEVELOPER_DIR; };
		08FA783118A28E4900097C6E /* FysikkformlerTests-Info.plist */ = {isa = PBXFileReference; lastKnownFileType = text.plist.xml; path = "FysikkformlerTests-Info.plist"; sourceTree = "<group>"; };
		08FA783318A28E4900097C6E /* en */ = {isa = PBXFileReference; lastKnownFileType = text.plist.strings; name = en; path = en.lproj/InfoPlist.strings; sourceTree = "<group>"; };
		08FA783518A28E4900097C6E /* FysikkformlerTests.m */ = {isa = PBXFileReference; lastKnownFileType = sourcecode.c.objc; path = FysikkformlerTests.m; sourceTree = "<group>"; };
		08FA784318A28F6C00097C6E /* QuartzCore.framework */ = {isa = PBXFileReference; lastKnownFileType = wrapper.framework; name = QuartzCore.framework; path = System/Library/Frameworks/QuartzCore.framework; sourceTree = SDKROOT; };
		08FA784618A28FC300097C6E /* AppDelegate.h */ = {isa = PBXFileReference; fileEncoding = 4; lastKnownFileType = sourcecode.c.h; path = AppDelegate.h; sourceTree = "<group>"; };
		08FA784718A28FC300097C6E /* AppDelegate.m */ = {isa = PBXFileReference; fileEncoding = 4; lastKnownFileType = sourcecode.c.objc; path = AppDelegate.m; sourceTree = "<group>"; };
		08FA784818A28FC300097C6E /* Fysikkformler-Info.plist */ = {isa = PBXFileReference; fileEncoding = 4; lastKnownFileType = text.plist.xml; path = "Fysikkformler-Info.plist"; sourceTree = "<group>"; };
		08FA784918A28FC300097C6E /* Fysikkformler-Prefix.pch */ = {isa = PBXFileReference; fileEncoding = 4; lastKnownFileType = sourcecode.c.h; path = "Fysikkformler-Prefix.pch"; sourceTree = "<group>"; };
		08FA784A18A28FC300097C6E /* InfoPlist.strings */ = {isa = PBXFileReference; fileEncoding = 4; lastKnownFileType = text.plist.strings; path = InfoPlist.strings; sourceTree = "<group>"; };
		08FA784B18A28FC300097C6E /* main.m */ = {isa = PBXFileReference; fileEncoding = 4; lastKnownFileType = sourcecode.c.objc; path = main.m; sourceTree = "<group>"; };
		08FA785318A2938300097C6E /* Formel.h */ = {isa = PBXFileReference; fileEncoding = 4; lastKnownFileType = sourcecode.c.h; path = Formel.h; sourceTree = "<group>"; };
		08FA785418A2938300097C6E /* Formel.m */ = {isa = PBXFileReference; fileEncoding = 4; lastKnownFileType = sourcecode.c.objc; path = Formel.m; sourceTree = "<group>"; };
		08FA785618A2938300097C6E /* FormelCell.xib */ = {isa = PBXFileReference; fileEncoding = 4; lastKnownFileType = file.xib; path = FormelCell.xib; sourceTree = "<group>"; };
		08FA785718A2938300097C6E /* iPhone.storyboard */ = {isa = PBXFileReference; fileEncoding = 4; lastKnownFileType = file.storyboard; path = iPhone.storyboard; sourceTree = "<group>"; };
		08FA785918A2938300097C6E /* FormelCell.h */ = {isa = PBXFileReference; fileEncoding = 4; lastKnownFileType = sourcecode.c.h; path = FormelCell.h; sourceTree = "<group>"; };
		08FA785A18A2938300097C6E /* FormelCell.m */ = {isa = PBXFileReference; fileEncoding = 4; lastKnownFileType = sourcecode.c.objc; path = FormelCell.m; sourceTree = "<group>"; };
		08FA785B18A2938300097C6E /* FormelViewController.h */ = {isa = PBXFileReference; fileEncoding = 4; lastKnownFileType = sourcecode.c.h; path = FormelViewController.h; sourceTree = "<group>"; };
		08FA785C18A2938300097C6E /* FormelViewController.m */ = {isa = PBXFileReference; fileEncoding = 4; lastKnownFileType = sourcecode.c.objc; path = FormelViewController.m; sourceTree = "<group>"; };
		08FA785D18A2938300097C6E /* InfoViewViewController.h */ = {isa = PBXFileReference; fileEncoding = 4; lastKnownFileType = sourcecode.c.h; path = InfoViewViewController.h; sourceTree = "<group>"; };
		08FA785E18A2938300097C6E /* InfoViewViewController.m */ = {isa = PBXFileReference; fileEncoding = 4; lastKnownFileType = sourcecode.c.objc; path = InfoViewViewController.m; sourceTree = "<group>"; };
		08FA785F18A2938300097C6E /* StartViewController.h */ = {isa = PBXFileReference; fileEncoding = 4; lastKnownFileType = sourcecode.c.h; path = StartViewController.h; sourceTree = "<group>"; };
		08FA786018A2938300097C6E /* StartViewController.m */ = {isa = PBXFileReference; fileEncoding = 4; lastKnownFileType = sourcecode.c.objc; path = StartViewController.m; sourceTree = "<group>"; };
		08FA786318A2938300097C6E /* LICENSE.txt */ = {isa = PBXFileReference; fileEncoding = 4; lastKnownFileType = text; path = LICENSE.txt; sourceTree = "<group>"; };
		08FA786418A2938300097C6E /* NSData+MD5.h */ = {isa = PBXFileReference; fileEncoding = 4; lastKnownFileType = sourcecode.c.h; path = "NSData+MD5.h"; sourceTree = "<group>"; };
		08FA786518A2938300097C6E /* NSData+MD5.m */ = {isa = PBXFileReference; fileEncoding = 4; lastKnownFileType = sourcecode.c.objc; path = "NSData+MD5.m"; sourceTree = "<group>"; };
		08FA786618A2938300097C6E /* NSString+MD5.h */ = {isa = PBXFileReference; fileEncoding = 4; lastKnownFileType = sourcecode.c.h; path = "NSString+MD5.h"; sourceTree = "<group>"; };
		08FA786718A2938300097C6E /* NSString+MD5.m */ = {isa = PBXFileReference; fileEncoding = 4; lastKnownFileType = sourcecode.c.objc; path = "NSString+MD5.m"; sourceTree = "<group>"; };
		08FA786818A2938300097C6E /* PDFView.h */ = {isa = PBXFileReference; fileEncoding = 4; lastKnownFileType = sourcecode.c.h; path = PDFView.h; sourceTree = "<group>"; };
		08FA786918A2938300097C6E /* PDFView.m */ = {isa = PBXFileReference; fileEncoding = 4; lastKnownFileType = sourcecode.c.objc; path = PDFView.m; sourceTree = "<group>"; };
		08FA786A18A2938300097C6E /* UIImage+PDF.h */ = {isa = PBXFileReference; fileEncoding = 4; lastKnownFileType = sourcecode.c.h; path = "UIImage+PDF.h"; sourceTree = "<group>"; };
		08FA786B18A2938300097C6E /* UIImage+PDF.m */ = {isa = PBXFileReference; fileEncoding = 4; lastKnownFileType = sourcecode.c.objc; path = "UIImage+PDF.m"; sourceTree = "<group>"; };
		08FA786C18A2938300097C6E /* UIView+Image.h */ = {isa = PBXFileReference; fileEncoding = 4; lastKnownFileType = sourcecode.c.h; path = "UIView+Image.h"; sourceTree = "<group>"; };
		08FA786D18A2938300097C6E /* UIView+Image.m */ = {isa = PBXFileReference; fileEncoding = 4; lastKnownFileType = sourcecode.c.objc; path = "UIView+Image.m"; sourceTree = "<group>"; };
		08FA78C618A2938400097C6E /* atomcloud-grey.png */ = {isa = PBXFileReference; lastKnownFileType = image.png; path = "atomcloud-grey.png"; sourceTree = "<group>"; };
		FF8DD81E18F56DDE00CD62C5 /* a1.pdf */ = {isa = PBXFileReference; lastKnownFileType = image.pdf; path = a1.pdf; sourceTree = "<group>"; };
		FF8DD81F18F56DDE00CD62C5 /* a1Snudd.pdf */ = {isa = PBXFileReference; lastKnownFileType = image.pdf; path = a1Snudd.pdf; sourceTree = "<group>"; };
		FF8DD82018F56DDE00CD62C5 /* a2.pdf */ = {isa = PBXFileReference; lastKnownFileType = image.pdf; path = a2.pdf; sourceTree = "<group>"; };
		FF8DD82118F56DDE00CD62C5 /* a2Snudd.pdf */ = {isa = PBXFileReference; lastKnownFileType = image.pdf; path = a2Snudd.pdf; sourceTree = "<group>"; };
		FF8DD82218F56DDE00CD62C5 /* a3.pdf */ = {isa = PBXFileReference; lastKnownFileType = image.pdf; path = a3.pdf; sourceTree = "<group>"; };
		FF8DD82318F56DDE00CD62C5 /* a3Snudd.pdf */ = {isa = PBXFileReference; lastKnownFileType = image.pdf; path = a3Snudd.pdf; sourceTree = "<group>"; };
		FF8DD82418F56DDE00CD62C5 /* a4.pdf */ = {isa = PBXFileReference; lastKnownFileType = image.pdf; path = a4.pdf; sourceTree = "<group>"; };
		FF8DD82518F56DDE00CD62C5 /* a4Snudd.pdf */ = {isa = PBXFileReference; lastKnownFileType = image.pdf; path = a4Snudd.pdf; sourceTree = "<group>"; };
		FF8DD82618F56DDE00CD62C5 /* a5.pdf */ = {isa = PBXFileReference; lastKnownFileType = image.pdf; path = a5.pdf; sourceTree = "<group>"; };
/* End PBXFileReference section */

/* Begin PBXFrameworksBuildPhase section */
		08FA780418A28E4800097C6E /* Frameworks */ = {
			isa = PBXFrameworksBuildPhase;
			buildActionMask = 2147483647;
			files = (
				08FA784418A28F6C00097C6E /* QuartzCore.framework in Frameworks */,
				08FA780D18A28E4800097C6E /* CoreGraphics.framework in Frameworks */,
				08FA780F18A28E4800097C6E /* UIKit.framework in Frameworks */,
				08FA780B18A28E4800097C6E /* Foundation.framework in Frameworks */,
			);
			runOnlyForDeploymentPostprocessing = 0;
		};
		08FA782518A28E4900097C6E /* Frameworks */ = {
			isa = PBXFrameworksBuildPhase;
			buildActionMask = 2147483647;
			files = (
				08FA782A18A28E4900097C6E /* XCTest.framework in Frameworks */,
				08FA782C18A28E4900097C6E /* UIKit.framework in Frameworks */,
				08FA782B18A28E4900097C6E /* Foundation.framework in Frameworks */,
			);
			runOnlyForDeploymentPostprocessing = 0;
		};
/* End PBXFrameworksBuildPhase section */

/* Begin PBXGroup section */
		0815C0A318D6F48A00DF9630 /* Cells */ = {
			isa = PBXGroup;
			children = (
				08FA785918A2938300097C6E /* FormelCell.h */,
				08FA785A18A2938300097C6E /* FormelCell.m */,
				0815C0A018D6F48300DF9630 /* MenuCell.h */,
				0815C0A118D6F48300DF9630 /* MenuCell.m */,
			);
			name = Cells;
			sourceTree = "<group>";
		};
		08395E7718A9641400CDCDFC /* Ikoner */ = {
			isa = PBXGroup;
			children = (
				08395E7818A9641400CDCDFC /* Icon-120.png */,
				08395E7918A9641400CDCDFC /* Icon-144.png */,
				08395E7A18A9641400CDCDFC /* Icon-152.png */,
				08395E7B18A9641400CDCDFC /* Icon-72.png */,
				08395E7C18A9641400CDCDFC /* Icon-76.png */,
				08395E7D18A9641400CDCDFC /* Icon-Med-40.png */,
				08395E7E18A9641400CDCDFC /* Icon-Med-40@2x.png */,
				08395E7F18A9641400CDCDFC /* Icon-Small-50.png */,
				08395E8018A9641400CDCDFC /* Icon-Small-50@2x.png */,
				08395E8118A9641400CDCDFC /* Icon-Small.png */,
				08395E8218A9641400CDCDFC /* Icon-Small@2x.png */,
				08395E8318A9641400CDCDFC /* Icon.png */,
				08395E8418A9641400CDCDFC /* Icon@2x.png */,
			);
			path = Ikoner;
			sourceTree = "<group>";
		};
		085FDF4C18D7173900F3465A /* Launch */ = {
			isa = PBXGroup;
			children = (
				085FDF4D18D7173900F3465A /* 480h@2x.png */,
				085FDF4E18D7173900F3465A /* 568h@2x.png */,
			);
			path = Launch;
			sourceTree = "<group>";
		};
		08A709AF18F565D80061691A /* FormelPDF */ = {
			isa = PBXGroup;
			children = (
				FF8DD81D18F56DDE00CD62C5 /* Akselerasjon */,
				08A709BA18F565D80061691A /* Arbeid */,
				08A709C218F565D80061691A /* Bølgelengde */,
				08A709C918F565D80061691A /* Effekt */,
				08A709CF18F565D80061691A /* Energi */,
				08A709D518F565D80061691A /* Fart */,
				08A709E018F565D80061691A /* Frekvens */,
				08A709E418F565D80061691A /* Friksjon */,
				08A709EA18F565D80061691A /* Intensitet */,
				08A709ED18F565D80061691A /* Kinetisk energi */,
				08A709F118F565D80061691A /* Ladning */,
				08A709F518F565D80061691A /* Masse */,
				08A709FE18F565D80061691A /* Potensiell energi */,
				08A70A0118F565D80061691A /* Resistans */,
				08A70A0418F565D80061691A /* Spenning */,
				08A70A0818F565D80061691A /* Strekning */,
				08A70A0F18F565D80061691A /* Strøm */,
				08A70A1518F565D80061691A /* Temperatur */,
				08A70A1A18F565D80061691A /* Tetthet */,
				08A70A1C18F565D80061691A /* Tid */,
				08A70A2618F565D80061691A /* Trykk */,
				08A70A2818F565D80061691A /* Utstrålingstetthet */,
			);
			path = FormelPDF;
			sourceTree = "<group>";
		};
		08A709BA18F565D80061691A /* Arbeid */ = {
			isa = PBXGroup;
			children = (
				08A709BB18F565D80061691A /* W1.pdf */,
				08A709BC18F565D80061691A /* W2.pdf */,
				08A709BD18F565D80061691A /* W3.pdf */,
				08A709BE18F565D80061691A /* W3Snudd.pdf */,
				08A709BF18F565D80061691A /* W4.pdf */,
				08A709C018F565D80061691A /* W5.pdf */,
				08A709C118F565D80061691A /* W6.pdf */,
			);
			path = Arbeid;
			sourceTree = "<group>";
		};
		08A709C218F565D80061691A /* Bølgelengde */ = {
			isa = PBXGroup;
			children = (
				08A709C318F565D80061691A /* b1.pdf */,
				08A709C418F565D80061691A /* b1Snudd.pdf */,
				08A709C518F565D80061691A /* b2.pdf */,
				08A709C618F565D80061691A /* b2Snudd.pdf */,
				08A709C718F565D80061691A /* b3.pdf */,
				08A709C818F565D80061691A /* b3Snudd.pdf */,
			);
			path = "Bølgelengde";
			sourceTree = "<group>";
		};
		08A709C918F565D80061691A /* Effekt */ = {
			isa = PBXGroup;
			children = (
				08A709CA18F565D80061691A /* P1.pdf */,
				08A709CB18F565D80061691A /* P2.pdf */,
				08A709CC18F565D80061691A /* P3.pdf */,
				08A709CD18F565D80061691A /* P4.pdf */,
				08A709CE18F565D80061691A /* P5.pdf */,
			);
			path = Effekt;
			sourceTree = "<group>";
		};
		08A709CF18F565D80061691A /* Energi */ = {
			isa = PBXGroup;
			children = (
				08A709D018F565D80061691A /* E1.pdf */,
				08A709D118F565D80061691A /* E1Snudd.pdf */,
				08A709D218F565D80061691A /* E2.pdf */,
				08A709D318F565D80061691A /* E3.pdf */,
				08A709D418F565D80061691A /* E4.pdf */,
			);
			path = Energi;
			sourceTree = "<group>";
		};
		08A709D518F565D80061691A /* Fart */ = {
			isa = PBXGroup;
			children = (
				08A709D618F565D80061691A /* v1.pdf */,
				08A709D718F565D80061691A /* v10.pdf */,
				08A709D818F565D80061691A /* v2.pdf */,
				08A709D918F565D80061691A /* v3.pdf */,
				08A709DA18F565D80061691A /* v4.pdf */,
				08A709DB18F565D80061691A /* v5.pdf */,
				08A709DC18F565D80061691A /* v6.pdf */,
				08A709DD18F565D80061691A /* v7.pdf */,
				08A709DE18F565D80061691A /* v8.pdf */,
				08A709DF18F565D80061691A /* v9.pdf */,
			);
			path = Fart;
			sourceTree = "<group>";
		};
		08A709E018F565D80061691A /* Frekvens */ = {
			isa = PBXGroup;
			children = (
				08A709E118F565D80061691A /* f1.pdf */,
				08A709E218F565D80061691A /* f2.pdf */,
				08A709E318F565D80061691A /* f3.pdf */,
			);
			path = Frekvens;
			sourceTree = "<group>";
		};
		08A709E418F565D80061691A /* Friksjon */ = {
			isa = PBXGroup;
			children = (
				08A709E518F565D80061691A /* R1.pdf */,
				08A709E618F565D80061691A /* R1Snudd.pdf */,
				08A709E718F565D80061691A /* R2.pdf */,
				08A709E818F565D80061691A /* R2Snudd.pdf */,
				08A709E918F565D80061691A /* R3.pdf */,
			);
			path = Friksjon;
			sourceTree = "<group>";
		};
		08A709EA18F565D80061691A /* Intensitet */ = {
			isa = PBXGroup;
			children = (
				08A709EB18F565D80061691A /* I1.pdf */,
				08A709EC18F565D80061691A /* I2.pdf */,
			);
			path = Intensitet;
			sourceTree = "<group>";
		};
		08A709ED18F565D80061691A /* Kinetisk energi */ = {
			isa = PBXGroup;
			children = (
				08A709EE18F565D80061691A /* Ek1.pdf */,
				08A709EF18F565D80061691A /* Ek2.pdf */,
				08A709F018F565D80061691A /* Ek3.pdf */,
			);
			path = "Kinetisk energi";
			sourceTree = "<group>";
		};
		08A709F118F565D80061691A /* Ladning */ = {
			isa = PBXGroup;
			children = (
				08A709F218F565D80061691A /* L1.pdf */,
				08A709F318F565D80061691A /* L2.pdf */,
				08A709F418F565D80061691A /* L3.pdf */,
			);
			path = Ladning;
			sourceTree = "<group>";
		};
		08A709F518F565D80061691A /* Masse */ = {
			isa = PBXGroup;
			children = (
				08A709F618F565D80061691A /* m1.pdf */,
				08A709F718F565D80061691A /* m1Snudd.pdf */,
				08A709F818F565D80061691A /* m2.pdf */,
				08A709F918F565D80061691A /* m2Snudd.pdf */,
				08A709FA18F565D80061691A /* m3.pdf */,
				08A709FB18F565D80061691A /* m3Snudd.pdf */,
				08A709FC18F565D80061691A /* m4.pdf */,
				08A709FD18F565D80061691A /* m4Snudd.pdf */,
			);
			path = Masse;
			sourceTree = "<group>";
		};
		08A709FE18F565D80061691A /* Potensiell energi */ = {
			isa = PBXGroup;
			children = (
				08A709FF18F565D80061691A /* Ep1.pdf */,
				08A70A0018F565D80061691A /* Ep2.pdf */,
			);
			path = "Potensiell energi";
			sourceTree = "<group>";
		};
		08A70A0118F565D80061691A /* Resistans */ = {
			isa = PBXGroup;
			children = (
				08A70A0218F565D80061691A /* Re1.pdf */,
				08A70A0318F565D80061691A /* Re2.pdf */,
			);
			path = Resistans;
			sourceTree = "<group>";
		};
		08A70A0418F565D80061691A /* Spenning */ = {
			isa = PBXGroup;
			children = (
				08A70A0518F565D80061691A /* Us1.pdf */,
				08A70A0618F565D80061691A /* Us2.pdf */,
				08A70A0718F565D80061691A /* Us3.pdf */,
			);
			path = Spenning;
			sourceTree = "<group>";
		};
		08A70A0818F565D80061691A /* Strekning */ = {
			isa = PBXGroup;
			children = (
				08A70A0918F565D80061691A /* s1.pdf */,
				08A70A0A18F565D80061691A /* s1Snudd.pdf */,
				08A70A0B18F565D80061691A /* s2.pdf */,
				08A70A0C18F565D80061691A /* s3.pdf */,
				08A70A0D18F565D80061691A /* s4.pdf */,
				08A70A0E18F565D80061691A /* s4Snudd.pdf */,
			);
			path = Strekning;
			sourceTree = "<group>";
		};
		08A70A0F18F565D80061691A /* Strøm */ = {
			isa = PBXGroup;
			children = (
				08A70A1018F565D80061691A /* Is1.pdf */,
				08A70A1118F565D80061691A /* Is1Snudd.pdf */,
				08A70A1218F565D80061691A /* Is2.pdf */,
				08A70A1318F565D80061691A /* Is3.pdf */,
				08A70A1418F565D80061691A /* Is3Snudd.pdf */,
			);
			path = "Strøm";
			sourceTree = "<group>";
		};
		08A70A1518F565D80061691A /* Temperatur */ = {
			isa = PBXGroup;
			children = (
				08A70A1618F565D80061691A /* T1.pdf */,
				08A70A1718F565D80061691A /* T2.pdf */,
				08A70A1818F565D80061691A /* T2Snudd.pdf */,
				08A70A1918F565D80061691A /* T3.pdf */,
			);
			path = Temperatur;
			sourceTree = "<group>";
		};
		08A70A1A18F565D80061691A /* Tetthet */ = {
			isa = PBXGroup;
			children = (
				08A70A1B18F565D80061691A /* rho1.pdf */,
			);
			path = Tetthet;
			sourceTree = "<group>";
		};
		08A70A1C18F565D80061691A /* Tid */ = {
			isa = PBXGroup;
			children = (
				08A70A1D18F565D80061691A /* t1.pdf */,
				08A70A1E18F565D80061691A /* t1Snudd.pdf */,
				08A70A1F18F565D80061691A /* t2.pdf */,
				08A70A2018F565D80061691A /* t2Snudd.pdf */,
				08A70A2118F565D80061691A /* t3.pdf */,
				08A70A2218F565D80061691A /* t3Snudd.pdf */,
				08A70A2318F565D80061691A /* t4.pdf */,
				08A70A2418F565D80061691A /* t5.pdf */,
				08A70A2518F565D80061691A /* t6.pdf */,
			);
			path = Tid;
			sourceTree = "<group>";
		};
		08A70A2618F565D80061691A /* Trykk */ = {
			isa = PBXGroup;
			children = (
				08A70A2718F565D80061691A /* p.pdf */,
			);
			path = Trykk;
			sourceTree = "<group>";
		};
		08A70A2818F565D80061691A /* Utstrålingstetthet */ = {
			isa = PBXGroup;
			children = (
				08A70A2918F565D80061691A /* U1.pdf */,
				08A70A2A18F565D80061691A /* U2.pdf */,
			);
			path = "Utstrålingstetthet";
			sourceTree = "<group>";
		};
		08FA77FE18A28E4800097C6E = {
			isa = PBXGroup;
			children = (
				08FA781018A28E4800097C6E /* Fysikkformler */,
				08FA782F18A28E4900097C6E /* FysikkformlerTests */,
				08FA780918A28E4800097C6E /* Frameworks */,
				08FA780818A28E4800097C6E /* Products */,
			);
			sourceTree = "<group>";
		};
		08FA780818A28E4800097C6E /* Products */ = {
			isa = PBXGroup;
			children = (
				08FA780718A28E4800097C6E /* Fysikkformler.app */,
				08FA782818A28E4900097C6E /* FysikkformlerTests.xctest */,
			);
			name = Products;
			sourceTree = "<group>";
		};
		08FA780918A28E4800097C6E /* Frameworks */ = {
			isa = PBXGroup;
			children = (
				08FA784318A28F6C00097C6E /* QuartzCore.framework */,
				08FA780A18A28E4800097C6E /* Foundation.framework */,
				08FA780C18A28E4800097C6E /* CoreGraphics.framework */,
				08FA780E18A28E4800097C6E /* UIKit.framework */,
				08FA782918A28E4900097C6E /* XCTest.framework */,
			);
			name = Frameworks;
			sourceTree = "<group>";
		};
		08FA781018A28E4800097C6E /* Fysikkformler */ = {
			isa = PBXGroup;
			children = (
				FF0AA66918AAD2B800234245 /* Formulas */,
				08FA785218A2938300097C6E /* Objects */,
				08FA785518A2938300097C6E /* User Interfaces */,
				08FA785818A2938300097C6E /* View Controllers */,
				08FA786118A2938300097C6E /* Repos */,
				08FA78C518A2938400097C6E /* Assets */,
				085FDF5118D717A600F3465A /* Images.xcassets */,
				08FA784518A28FC300097C6E /* Supporting Files */,
			);
			path = Fysikkformler;
			sourceTree = "<group>";
		};
		08FA782F18A28E4900097C6E /* FysikkformlerTests */ = {
			isa = PBXGroup;
			children = (
				08FA783518A28E4900097C6E /* FysikkformlerTests.m */,
				08FA783018A28E4900097C6E /* Supporting Files */,
			);
			path = FysikkformlerTests;
			sourceTree = "<group>";
		};
		08FA783018A28E4900097C6E /* Supporting Files */ = {
			isa = PBXGroup;
			children = (
				08FA783118A28E4900097C6E /* FysikkformlerTests-Info.plist */,
				08FA783218A28E4900097C6E /* InfoPlist.strings */,
			);
			name = "Supporting Files";
			sourceTree = "<group>";
		};
		08FA784518A28FC300097C6E /* Supporting Files */ = {
			isa = PBXGroup;
			children = (
				08FA784618A28FC300097C6E /* AppDelegate.h */,
				08FA784718A28FC300097C6E /* AppDelegate.m */,
				08FA784818A28FC300097C6E /* Fysikkformler-Info.plist */,
				08FA784918A28FC300097C6E /* Fysikkformler-Prefix.pch */,
				08FA784A18A28FC300097C6E /* InfoPlist.strings */,
				08FA784B18A28FC300097C6E /* main.m */,
			);
			name = "Supporting Files";
			path = "Assisting Files";
			sourceTree = "<group>";
		};
		08FA785218A2938300097C6E /* Objects */ = {
			isa = PBXGroup;
			children = (
				08FA785318A2938300097C6E /* Formel.h */,
				08FA785418A2938300097C6E /* Formel.m */,
				085FDF4918D7066200F3465A /* Singleton.h */,
				085FDF4A18D7066200F3465A /* Singleton.m */,
			);
			path = Objects;
			sourceTree = "<group>";
		};
		08FA785518A2938300097C6E /* User Interfaces */ = {
			isa = PBXGroup;
			children = (
				08FA785618A2938300097C6E /* FormelCell.xib */,
				08FA785718A2938300097C6E /* iPhone.storyboard */,
				08AD07CB18D6F5810037DC80 /* MenuCell.xib */,
			);
			path = "User Interfaces";
			sourceTree = "<group>";
		};
		08FA785818A2938300097C6E /* View Controllers */ = {
			isa = PBXGroup;
			children = (
				0815C0A318D6F48A00DF9630 /* Cells */,
				08FA785B18A2938300097C6E /* FormelViewController.h */,
				08FA785C18A2938300097C6E /* FormelViewController.m */,
				08FA785D18A2938300097C6E /* InfoViewViewController.h */,
				08FA785E18A2938300097C6E /* InfoViewViewController.m */,
				08FA785F18A2938300097C6E /* StartViewController.h */,
				08FA786018A2938300097C6E /* StartViewController.m */,
			);
			path = "View Controllers";
			sourceTree = "<group>";
		};
		08FA786118A2938300097C6E /* Repos */ = {
			isa = PBXGroup;
			children = (
				08FA786218A2938300097C6E /* UIImage+PDF */,
			);
			path = Repos;
			sourceTree = "<group>";
		};
		08FA786218A2938300097C6E /* UIImage+PDF */ = {
			isa = PBXGroup;
			children = (
				08FA786318A2938300097C6E /* LICENSE.txt */,
				08FA786418A2938300097C6E /* NSData+MD5.h */,
				08FA786518A2938300097C6E /* NSData+MD5.m */,
				08FA786618A2938300097C6E /* NSString+MD5.h */,
				08FA786718A2938300097C6E /* NSString+MD5.m */,
				08FA786818A2938300097C6E /* PDFView.h */,
				08FA786918A2938300097C6E /* PDFView.m */,
				08FA786A18A2938300097C6E /* UIImage+PDF.h */,
				08FA786B18A2938300097C6E /* UIImage+PDF.m */,
				08FA786C18A2938300097C6E /* UIView+Image.h */,
				08FA786D18A2938300097C6E /* UIView+Image.m */,
			);
			path = "UIImage+PDF";
			sourceTree = "<group>";
		};
		08FA78C518A2938400097C6E /* Assets */ = {
			isa = PBXGroup;
			children = (
				085FDF4C18D7173900F3465A /* Launch */,
				08395E7718A9641400CDCDFC /* Ikoner */,
				08FA78C618A2938400097C6E /* atomcloud-grey.png */,
			);
			path = Assets;
			sourceTree = "<group>";
		};
		FF0AA66918AAD2B800234245 /* Formulas */ = {
			isa = PBXGroup;
			children = (
				08A709AF18F565D80061691A /* FormelPDF */,
				0865993918E9B8DC004500FD /* formulas.json */,
			);
			path = Formulas;
			sourceTree = "<group>";
		};
		FF8DD81D18F56DDE00CD62C5 /* Akselerasjon */ = {
			isa = PBXGroup;
			children = (
				FF8DD81E18F56DDE00CD62C5 /* a1.pdf */,
				FF8DD81F18F56DDE00CD62C5 /* a1Snudd.pdf */,
				FF8DD82018F56DDE00CD62C5 /* a2.pdf */,
				FF8DD82118F56DDE00CD62C5 /* a2Snudd.pdf */,
				FF8DD82218F56DDE00CD62C5 /* a3.pdf */,
				FF8DD82318F56DDE00CD62C5 /* a3Snudd.pdf */,
				FF8DD82418F56DDE00CD62C5 /* a4.pdf */,
				FF8DD82518F56DDE00CD62C5 /* a4Snudd.pdf */,
				FF8DD82618F56DDE00CD62C5 /* a5.pdf */,
			);
			path = Akselerasjon;
			sourceTree = "<group>";
		};
/* End PBXGroup section */

/* Begin PBXNativeTarget section */
		08FA780618A28E4800097C6E /* Fysikkformler */ = {
			isa = PBXNativeTarget;
			buildConfigurationList = 08FA783918A28E4900097C6E /* Build configuration list for PBXNativeTarget "Fysikkformler" */;
			buildPhases = (
				08FA780318A28E4800097C6E /* Sources */,
				08FA780418A28E4800097C6E /* Frameworks */,
				08FA780518A28E4800097C6E /* Resources */,
			);
			buildRules = (
			);
			dependencies = (
			);
			name = Fysikkformler;
			productName = Fysikkformler;
			productReference = 08FA780718A28E4800097C6E /* Fysikkformler.app */;
			productType = "com.apple.product-type.application";
		};
		08FA782718A28E4900097C6E /* FysikkformlerTests */ = {
			isa = PBXNativeTarget;
			buildConfigurationList = 08FA783C18A28E4900097C6E /* Build configuration list for PBXNativeTarget "FysikkformlerTests" */;
			buildPhases = (
				08FA782418A28E4900097C6E /* Sources */,
				08FA782518A28E4900097C6E /* Frameworks */,
				08FA782618A28E4900097C6E /* Resources */,
			);
			buildRules = (
			);
			dependencies = (
				08FA782E18A28E4900097C6E /* PBXTargetDependency */,
			);
			name = FysikkformlerTests;
			productName = FysikkformlerTests;
			productReference = 08FA782818A28E4900097C6E /* FysikkformlerTests.xctest */;
			productType = "com.apple.product-type.bundle.unit-test";
		};
/* End PBXNativeTarget section */

/* Begin PBXProject section */
		08FA77FF18A28E4800097C6E /* Project object */ = {
			isa = PBXProject;
			attributes = {
				LastUpgradeCheck = 0510;
				ORGANIZATIONNAME = "Oscar Apeland";
				TargetAttributes = {
					08FA780618A28E4800097C6E = {
						DevelopmentTeam = V3S3PN2CV8;
						SystemCapabilities = {
							com.apple.InAppPurchase = {
								enabled = 0;
							};
							com.apple.iOS = {
								enabled = 0;
							};
						};
					};
					08FA782718A28E4900097C6E = {
						TestTargetID = 08FA780618A28E4800097C6E;
					};
				};
			};
			buildConfigurationList = 08FA780218A28E4800097C6E /* Build configuration list for PBXProject "Fysikkformler" */;
			compatibilityVersion = "Xcode 3.2";
			developmentRegion = English;
			hasScannedForEncodings = 0;
			knownRegions = (
				en,
				Base,
			);
			mainGroup = 08FA77FE18A28E4800097C6E;
			productRefGroup = 08FA780818A28E4800097C6E /* Products */;
			projectDirPath = "";
			projectRoot = "";
			targets = (
				08FA780618A28E4800097C6E /* Fysikkformler */,
				08FA782718A28E4900097C6E /* FysikkformlerTests */,
			);
		};
/* End PBXProject section */

/* Begin PBXResourcesBuildPhase section */
		08FA780518A28E4800097C6E /* Resources */ = {
			isa = PBXResourcesBuildPhase;
			buildActionMask = 2147483647;
			files = (
				08A70A6118F565D80061691A /* Ek3.pdf in Resources */,
				08A70A5418F565D80061691A /* v9.pdf in Resources */,
				08A70A6518F565D80061691A /* m1.pdf in Resources */,
				08A70A6F18F565D80061691A /* Re1.pdf in Resources */,
				08A70A7118F565D80061691A /* Us1.pdf in Resources */,
				08A70A4818F565D80061691A /* E2.pdf in Resources */,
				08A70A3918F565D80061691A /* W5.pdf in Resources */,
				08A70A8218F565D80061691A /* T3.pdf in Resources */,
				08A70A5718F565D80061691A /* f3.pdf in Resources */,
				08A70A5A18F565D80061691A /* R2.pdf in Resources */,
				08FA792818A2938400097C6E /* atomcloud-grey.png in Resources */,
				08A70A4718F565D80061691A /* E1Snudd.pdf in Resources */,
				08A70A4618F565D80061691A /* E1.pdf in Resources */,
				08A70A4418F565D80061691A /* P4.pdf in Resources */,
				08395E8D18A9641400CDCDFC /* Icon-Small-50@2x.png in Resources */,
				08A70A7F18F565D80061691A /* T1.pdf in Resources */,
				08A70A3418F565D80061691A /* W1.pdf in Resources */,
				08A70A6A18F565D80061691A /* m3Snudd.pdf in Resources */,
				08A70A5F18F565D80061691A /* Ek1.pdf in Resources */,
				08A70A8418F565D80061691A /* t1.pdf in Resources */,
				08395E8918A9641400CDCDFC /* Icon-76.png in Resources */,
				08A70A7818F565D80061691A /* s4.pdf in Resources */,
				08A70A3718F565D80061691A /* W3Snudd.pdf in Resources */,
				085FDF4F18D7173900F3465A /* 480h@2x.png in Resources */,
				08FA78DC18A2938400097C6E /* LICENSE.txt in Resources */,
				08A70A6818F565D80061691A /* m2Snudd.pdf in Resources */,
				08A70A3A18F565D80061691A /* W6.pdf in Resources */,
				08A70A4518F565D80061691A /* P5.pdf in Resources */,
				FF8DD82F18F56DDE00CD62C5 /* a5.pdf in Resources */,
				08A70A8F18F565D80061691A /* U2.pdf in Resources */,
				FF8DD82C18F56DDE00CD62C5 /* a3Snudd.pdf in Resources */,
				08A70A8D18F565D80061691A /* p.pdf in Resources */,
				08A70A7C18F565D80061691A /* Is2.pdf in Resources */,
				FF8DD82E18F56DDE00CD62C5 /* a4Snudd.pdf in Resources */,
				08A70A5218F565D80061691A /* v7.pdf in Resources */,
				08A70A5518F565D80061691A /* f1.pdf in Resources */,
				08A70A8E18F565D80061691A /* U1.pdf in Resources */,
				08A70A8918F565D80061691A /* t3Snudd.pdf in Resources */,
				08A70A7518F565D80061691A /* s1Snudd.pdf in Resources */,
				085FDF5218D717A600F3465A /* Images.xcassets in Resources */,
				08A70A5118F565D80061691A /* v6.pdf in Resources */,
				08A70A4D18F565D80061691A /* v2.pdf in Resources */,
				08A70A5018F565D80061691A /* v5.pdf in Resources */,
				08A70A6D18F565D80061691A /* Ep1.pdf in Resources */,
				08FA78D618A2938400097C6E /* FormelCell.xib in Resources */,
				0865993A18E9B8DC004500FD /* formulas.json in Resources */,
				08A70A4018F565D80061691A /* b3Snudd.pdf in Resources */,
				FF8DD82718F56DDE00CD62C5 /* a1.pdf in Resources */,
				08A70A5318F565D80061691A /* v8.pdf in Resources */,
				FF8DD82D18F56DDE00CD62C5 /* a4.pdf in Resources */,
				08A70A3C18F565D80061691A /* b1Snudd.pdf in Resources */,
				FF8DD82A18F56DDE00CD62C5 /* a2Snudd.pdf in Resources */,
				08A70A7318F565D80061691A /* Us3.pdf in Resources */,
				FF8DD82818F56DDE00CD62C5 /* a1Snudd.pdf in Resources */,
				FF8DD82B18F56DDE00CD62C5 /* a3.pdf in Resources */,
				08A70A3F18F565D80061691A /* b3.pdf in Resources */,
				08395E8B18A9641400CDCDFC /* Icon-Med-40@2x.png in Resources */,
				08A70A8718F565D80061691A /* t2Snudd.pdf in Resources */,
				08395E8A18A9641400CDCDFC /* Icon-Med-40.png in Resources */,
				08395E9018A9641400CDCDFC /* Icon.png in Resources */,
				08A70A8B18F565D80061691A /* t5.pdf in Resources */,
				08A70A5818F565D80061691A /* R1.pdf in Resources */,
				08395E8E18A9641400CDCDFC /* Icon-Small.png in Resources */,
				08A70A5618F565D80061691A /* f2.pdf in Resources */,
				08A70A7E18F565D80061691A /* Is3Snudd.pdf in Resources */,
				08A70A6918F565D80061691A /* m3.pdf in Resources */,
				08A70A6418F565D80061691A /* L3.pdf in Resources */,
				08A70A3618F565D80061691A /* W3.pdf in Resources */,
				08A70A7918F565D80061691A /* s4Snudd.pdf in Resources */,
				08A70A7D18F565D80061691A /* Is3.pdf in Resources */,
				08395E8718A9641400CDCDFC /* Icon-152.png in Resources */,
				08A70A3B18F565D80061691A /* b1.pdf in Resources */,
				08A70A4918F565D80061691A /* E3.pdf in Resources */,
				08395E8C18A9641400CDCDFC /* Icon-Small-50.png in Resources */,
				08A70A8118F565D80061691A /* T2Snudd.pdf in Resources */,
				08A70A3818F565D80061691A /* W4.pdf in Resources */,
				08A70A7718F565D80061691A /* s3.pdf in Resources */,
				08A70A4B18F565D80061691A /* v1.pdf in Resources */,
				08395E8518A9641400CDCDFC /* Icon-120.png in Resources */,
				08A70A5D18F565D80061691A /* I1.pdf in Resources */,
				08A70A7018F565D80061691A /* Re2.pdf in Resources */,
				08A70A7218F565D80061691A /* Us2.pdf in Resources */,
				08A70A4F18F565D80061691A /* v4.pdf in Resources */,
				08A70A4C18F565D80061691A /* v10.pdf in Resources */,
				08A70A8818F565D80061691A /* t3.pdf in Resources */,
				08A70A6E18F565D80061691A /* Ep2.pdf in Resources */,
				08A70A7B18F565D80061691A /* Is1Snudd.pdf in Resources */,
				08A70A6718F565D80061691A /* m2.pdf in Resources */,
				08395E8618A9641400CDCDFC /* Icon-144.png in Resources */,
				08A70A6218F565D80061691A /* L1.pdf in Resources */,
				08A70A5B18F565D80061691A /* R2Snudd.pdf in Resources */,
				08A70A4318F565D80061691A /* P3.pdf in Resources */,
				08A70A6318F565D80061691A /* L2.pdf in Resources */,
				08A70A6018F565D80061691A /* Ek2.pdf in Resources */,
				08A70A6C18F565D80061691A /* m4Snudd.pdf in Resources */,
				08A70A8518F565D80061691A /* t1Snudd.pdf in Resources */,
				08395E8818A9641400CDCDFC /* Icon-72.png in Resources */,
				085FDF5018D7173900F3465A /* 568h@2x.png in Resources */,
				08A70A4E18F565D80061691A /* v3.pdf in Resources */,
				08A70A6B18F565D80061691A /* m4.pdf in Resources */,
				08A70A5E18F565D80061691A /* I2.pdf in Resources */,
				08FA784E18A28FC300097C6E /* InfoPlist.strings in Resources */,
				08A70A8618F565D80061691A /* t2.pdf in Resources */,
				FF8DD82918F56DDE00CD62C5 /* a2.pdf in Resources */,
				08A70A5C18F565D80061691A /* R3.pdf in Resources */,
				08A70A8018F565D80061691A /* T2.pdf in Resources */,
				08A70A8C18F565D80061691A /* t6.pdf in Resources */,
				08A70A7A18F565D80061691A /* Is1.pdf in Resources */,
				08A70A4A18F565D80061691A /* E4.pdf in Resources */,
				08A70A3518F565D80061691A /* W2.pdf in Resources */,
				08A70A6618F565D80061691A /* m1Snudd.pdf in Resources */,
				08395E8F18A9641400CDCDFC /* Icon-Small@2x.png in Resources */,
				08A70A8A18F565D80061691A /* t4.pdf in Resources */,
				08395E9118A9641400CDCDFC /* Icon@2x.png in Resources */,
				08A70A4118F565D80061691A /* P1.pdf in Resources */,
				08AD07CC18D6F5810037DC80 /* MenuCell.xib in Resources */,
				08A70A4218F565D80061691A /* P2.pdf in Resources */,
				08A70A7618F565D80061691A /* s2.pdf in Resources */,
				08A70A8318F565D80061691A /* rho1.pdf in Resources */,
				08A70A5918F565D80061691A /* R1Snudd.pdf in Resources */,
				08A70A3D18F565D80061691A /* b2.pdf in Resources */,
				08FA78D718A2938400097C6E /* iPhone.storyboard in Resources */,
				08A70A7418F565D80061691A /* s1.pdf in Resources */,
				08A70A3E18F565D80061691A /* b2Snudd.pdf in Resources */,
			);
			runOnlyForDeploymentPostprocessing = 0;
		};
		08FA782618A28E4900097C6E /* Resources */ = {
			isa = PBXResourcesBuildPhase;
			buildActionMask = 2147483647;
			files = (
				08FA783418A28E4900097C6E /* InfoPlist.strings in Resources */,
			);
			runOnlyForDeploymentPostprocessing = 0;
		};
/* End PBXResourcesBuildPhase section */

/* Begin PBXSourcesBuildPhase section */
		08FA780318A28E4800097C6E /* Sources */ = {
			isa = PBXSourcesBuildPhase;
			buildActionMask = 2147483647;
			files = (
				08FA78D918A2938400097C6E /* FormelViewController.m in Sources */,
				08FA78D818A2938400097C6E /* FormelCell.m in Sources */,
				08FA784F18A28FC300097C6E /* main.m in Sources */,
				08FA78E018A2938400097C6E /* UIImage+PDF.m in Sources */,
				08FA78E118A2938400097C6E /* UIView+Image.m in Sources */,
				08FA78DE18A2938400097C6E /* NSString+MD5.m in Sources */,
				08FA78DD18A2938400097C6E /* NSData+MD5.m in Sources */,
				085FDF4B18D7066200F3465A /* Singleton.m in Sources */,
				08FA78DF18A2938400097C6E /* PDFView.m in Sources */,
				0815C0A218D6F48300DF9630 /* MenuCell.m in Sources */,
				08FA78DB18A2938400097C6E /* StartViewController.m in Sources */,
				08FA78DA18A2938400097C6E /* InfoViewViewController.m in Sources */,
				08FA78D518A2938400097C6E /* Formel.m in Sources */,
				08FA784C18A28FC300097C6E /* AppDelegate.m in Sources */,
			);
			runOnlyForDeploymentPostprocessing = 0;
		};
		08FA782418A28E4900097C6E /* Sources */ = {
			isa = PBXSourcesBuildPhase;
			buildActionMask = 2147483647;
			files = (
				08FA783618A28E4900097C6E /* FysikkformlerTests.m in Sources */,
			);
			runOnlyForDeploymentPostprocessing = 0;
		};
/* End PBXSourcesBuildPhase section */

/* Begin PBXTargetDependency section */
		08FA782E18A28E4900097C6E /* PBXTargetDependency */ = {
			isa = PBXTargetDependency;
			target = 08FA780618A28E4800097C6E /* Fysikkformler */;
			targetProxy = 08FA782D18A28E4900097C6E /* PBXContainerItemProxy */;
		};
/* End PBXTargetDependency section */

/* Begin PBXVariantGroup section */
		08FA783218A28E4900097C6E /* InfoPlist.strings */ = {
			isa = PBXVariantGroup;
			children = (
				08FA783318A28E4900097C6E /* en */,
			);
			name = InfoPlist.strings;
			sourceTree = "<group>";
		};
/* End PBXVariantGroup section */

/* Begin XCBuildConfiguration section */
		08FA783718A28E4900097C6E /* Debug */ = {
			isa = XCBuildConfiguration;
			buildSettings = {
				ALWAYS_SEARCH_USER_PATHS = NO;
				CLANG_CXX_LANGUAGE_STANDARD = "gnu++0x";
				CLANG_CXX_LIBRARY = "libc++";
				CLANG_ENABLE_MODULES = YES;
				CLANG_ENABLE_OBJC_ARC = YES;
				CLANG_WARN_BOOL_CONVERSION = YES;
				CLANG_WARN_CONSTANT_CONVERSION = YES;
				CLANG_WARN_DIRECT_OBJC_ISA_USAGE = YES_ERROR;
				CLANG_WARN_EMPTY_BODY = YES;
				CLANG_WARN_ENUM_CONVERSION = YES;
				CLANG_WARN_INT_CONVERSION = YES;
				CLANG_WARN_OBJC_ROOT_CLASS = YES_ERROR;
				CLANG_WARN__DUPLICATE_METHOD_MATCH = YES;
				"CODE_SIGN_IDENTITY[sdk=iphoneos*]" = "iPhone Developer";
				COPY_PHASE_STRIP = NO;
				GCC_C_LANGUAGE_STANDARD = gnu99;
				GCC_DYNAMIC_NO_PIC = NO;
				GCC_OPTIMIZATION_LEVEL = 0;
				GCC_PREPROCESSOR_DEFINITIONS = (
					"DEBUG=1",
					"$(inherited)",
				);
				GCC_SYMBOLS_PRIVATE_EXTERN = NO;
				GCC_WARN_64_TO_32_BIT_CONVERSION = YES;
				GCC_WARN_ABOUT_RETURN_TYPE = YES_ERROR;
				GCC_WARN_UNDECLARED_SELECTOR = YES;
				GCC_WARN_UNINITIALIZED_AUTOS = YES;
				GCC_WARN_UNUSED_FUNCTION = YES;
				GCC_WARN_UNUSED_VARIABLE = YES;
				IPHONEOS_DEPLOYMENT_TARGET = 7.0;
				ONLY_ACTIVE_ARCH = YES;
				SDKROOT = iphoneos;
			};
			name = Debug;
		};
		08FA783818A28E4900097C6E /* Release */ = {
			isa = XCBuildConfiguration;
			buildSettings = {
				ALWAYS_SEARCH_USER_PATHS = NO;
				CLANG_CXX_LANGUAGE_STANDARD = "gnu++0x";
				CLANG_CXX_LIBRARY = "libc++";
				CLANG_ENABLE_MODULES = YES;
				CLANG_ENABLE_OBJC_ARC = YES;
				CLANG_WARN_BOOL_CONVERSION = YES;
				CLANG_WARN_CONSTANT_CONVERSION = YES;
				CLANG_WARN_DIRECT_OBJC_ISA_USAGE = YES_ERROR;
				CLANG_WARN_EMPTY_BODY = YES;
				CLANG_WARN_ENUM_CONVERSION = YES;
				CLANG_WARN_INT_CONVERSION = YES;
				CLANG_WARN_OBJC_ROOT_CLASS = YES_ERROR;
				CLANG_WARN__DUPLICATE_METHOD_MATCH = YES;
				"CODE_SIGN_IDENTITY[sdk=iphoneos*]" = "iPhone Developer";
				COPY_PHASE_STRIP = YES;
				ENABLE_NS_ASSERTIONS = NO;
				GCC_C_LANGUAGE_STANDARD = gnu99;
				GCC_WARN_64_TO_32_BIT_CONVERSION = YES;
				GCC_WARN_ABOUT_RETURN_TYPE = YES_ERROR;
				GCC_WARN_UNDECLARED_SELECTOR = YES;
				GCC_WARN_UNINITIALIZED_AUTOS = YES;
				GCC_WARN_UNUSED_FUNCTION = YES;
				GCC_WARN_UNUSED_VARIABLE = YES;
				IPHONEOS_DEPLOYMENT_TARGET = 7.0;
				SDKROOT = iphoneos;
				VALIDATE_PRODUCT = YES;
			};
			name = Release;
		};
		08FA783A18A28E4900097C6E /* Debug */ = {
			isa = XCBuildConfiguration;
			buildSettings = {
				ASSETCATALOG_COMPILER_APPICON_NAME = AppIcon;
				ASSETCATALOG_COMPILER_LAUNCHIMAGE_NAME = LaunchImage;
				CODE_SIGN_IDENTITY = "iPhone Developer";
				"CODE_SIGN_IDENTITY[sdk=iphoneos*]" = "iPhone Developer";
				GCC_PRECOMPILE_PREFIX_HEADER = YES;
				GCC_PREFIX_HEADER = "Fysikkformler/Assisting Files/Fysikkformler-Prefix.pch";
				INFOPLIST_FILE = "$(SRCROOT)/Fysikkformler/Assisting Files/Fysikkformler-Info.plist";
				PRODUCT_NAME = "$(TARGET_NAME)";
				PROVISIONING_PROFILE = "";
				WRAPPER_EXTENSION = app;
			};
			name = Debug;
		};
		08FA783B18A28E4900097C6E /* Release */ = {
			isa = XCBuildConfiguration;
			buildSettings = {
				ASSETCATALOG_COMPILER_APPICON_NAME = AppIcon;
				ASSETCATALOG_COMPILER_LAUNCHIMAGE_NAME = LaunchImage;
				CODE_SIGN_IDENTITY = "iPhone Developer";
				"CODE_SIGN_IDENTITY[sdk=iphoneos*]" = "iPhone Developer";
				GCC_PRECOMPILE_PREFIX_HEADER = YES;
				GCC_PREFIX_HEADER = "Fysikkformler/Assisting Files/Fysikkformler-Prefix.pch";
				INFOPLIST_FILE = "$(SRCROOT)/Fysikkformler/Assisting Files/Fysikkformler-Info.plist";
				PRODUCT_NAME = "$(TARGET_NAME)";
				PROVISIONING_PROFILE = "";
				WRAPPER_EXTENSION = app;
			};
			name = Release;
		};
		08FA783D18A28E4900097C6E /* Debug */ = {
			isa = XCBuildConfiguration;
			buildSettings = {
				BUNDLE_LOADER = "$(BUILT_PRODUCTS_DIR)/Fysikkformler.app/Fysikkformler";
				FRAMEWORK_SEARCH_PATHS = (
					"$(SDKROOT)/Developer/Library/Frameworks",
					"$(inherited)",
					"$(DEVELOPER_FRAMEWORKS_DIR)",
				);
				GCC_PRECOMPILE_PREFIX_HEADER = YES;
				GCC_PREFIX_HEADER = "Fysikkformler/Fysikkformler-Prefix.pch";
				GCC_PREPROCESSOR_DEFINITIONS = (
					"DEBUG=1",
					"$(inherited)",
				);
				INFOPLIST_FILE = "FysikkformlerTests/FysikkformlerTests-Info.plist";
				PRODUCT_NAME = "$(TARGET_NAME)";
				TEST_HOST = "$(BUNDLE_LOADER)";
				WRAPPER_EXTENSION = xctest;
			};
			name = Debug;
		};
		08FA783E18A28E4900097C6E /* Release */ = {
			isa = XCBuildConfiguration;
			buildSettings = {
				BUNDLE_LOADER = "$(BUILT_PRODUCTS_DIR)/Fysikkformler.app/Fysikkformler";
				FRAMEWORK_SEARCH_PATHS = (
					"$(SDKROOT)/Developer/Library/Frameworks",
					"$(inherited)",
					"$(DEVELOPER_FRAMEWORKS_DIR)",
				);
				GCC_PRECOMPILE_PREFIX_HEADER = YES;
				GCC_PREFIX_HEADER = "Fysikkformler/Fysikkformler-Prefix.pch";
				INFOPLIST_FILE = "FysikkformlerTests/FysikkformlerTests-Info.plist";
				PRODUCT_NAME = "$(TARGET_NAME)";
				TEST_HOST = "$(BUNDLE_LOADER)";
				WRAPPER_EXTENSION = xctest;
			};
			name = Release;
		};
/* End XCBuildConfiguration section */

/* Begin XCConfigurationList section */
		08FA780218A28E4800097C6E /* Build configuration list for PBXProject "Fysikkformler" */ = {
			isa = XCConfigurationList;
			buildConfigurations = (
				08FA783718A28E4900097C6E /* Debug */,
				08FA783818A28E4900097C6E /* Release */,
			);
			defaultConfigurationIsVisible = 0;
			defaultConfigurationName = Release;
		};
		08FA783918A28E4900097C6E /* Build configuration list for PBXNativeTarget "Fysikkformler" */ = {
			isa = XCConfigurationList;
			buildConfigurations = (
				08FA783A18A28E4900097C6E /* Debug */,
				08FA783B18A28E4900097C6E /* Release */,
			);
			defaultConfigurationIsVisible = 0;
			defaultConfigurationName = Release;
		};
		08FA783C18A28E4900097C6E /* Build configuration list for PBXNativeTarget "FysikkformlerTests" */ = {
			isa = XCConfigurationList;
			buildConfigurations = (
				08FA783D18A28E4900097C6E /* Debug */,
				08FA783E18A28E4900097C6E /* Release */,
			);
			defaultConfigurationIsVisible = 0;
			defaultConfigurationName = Release;
		};
/* End XCConfigurationList section */
	};
	rootObject = 08FA77FF18A28E4800097C6E /* Project object */;
}
